// !$*UTF8*$!
{
	archiveVersion = 1;
	classes = {
	};
	objectVersion = 56;
	objects = {

/* Begin PBXBuildFile section */
		5315227B2B8BC936002E31BE /* KeychainUtils.swift in Sources */ = {isa = PBXBuildFile; fileRef = 5315227A2B8BC936002E31BE /* KeychainUtils.swift */; };
		5315227D2B8CF235002E31BE /* CurrentlyPlayingSongIndicatorView.swift in Sources */ = {isa = PBXBuildFile; fileRef = 5315227C2B8CF235002E31BE /* CurrentlyPlayingSongIndicatorView.swift */; };
		534F81292BA078A70068D145 /* ArtistsListView.swift in Sources */ = {isa = PBXBuildFile; fileRef = 534F81282BA078A70068D145 /* ArtistsListView.swift */; };
		534F812B2BA082D90068D145 /* ArtistsSplitView.swift in Sources */ = {isa = PBXBuildFile; fileRef = 534F812A2BA082D90068D145 /* ArtistsSplitView.swift */; };
		534F812D2BA08B330068D145 /* AlbumsView.swift in Sources */ = {isa = PBXBuildFile; fileRef = 534F812C2BA08B330068D145 /* AlbumsView.swift */; };
		534F81312BA20FE20068D145 /* AlbumsListView.swift in Sources */ = {isa = PBXBuildFile; fileRef = 534F81302BA20FE20068D145 /* AlbumsListView.swift */; };
		534F81352BA2AAD60068D145 /* AlbumHeaderView.swift in Sources */ = {isa = PBXBuildFile; fileRef = 534F81342BA2AAD60068D145 /* AlbumHeaderView.swift */; };
		534F81372BA2EC1A0068D145 /* AlbumContextMenuItems.swift in Sources */ = {isa = PBXBuildFile; fileRef = 534F81362BA2EC1A0068D145 /* AlbumContextMenuItems.swift */; };
		534F81392BA2EF0E0068D145 /* UIAlbumUtils.swift in Sources */ = {isa = PBXBuildFile; fileRef = 534F81382BA2EF0E0068D145 /* UIAlbumUtils.swift */; };
		534F813D2BA311E00068D145 /* Container.swift in Sources */ = {isa = PBXBuildFile; fileRef = 534F813C2BA311E00068D145 /* Container.swift */; };
		534F813F2BA47F990068D145 /* SyncDataActor.swift in Sources */ = {isa = PBXBuildFile; fileRef = 534F813E2BA47F990068D145 /* SyncDataActor.swift */; };
		534F81412BA7082F0068D145 /* PlayerQueueItem.swift in Sources */ = {isa = PBXBuildFile; fileRef = 534F81402BA7082F0068D145 /* PlayerQueueItem.swift */; };
		534F81432BA824920068D145 /* KeepOfflineButton.swift in Sources */ = {isa = PBXBuildFile; fileRef = 534F81422BA824920068D145 /* KeepOfflineButton.swift */; };
		535053332B5955C900D7EAF2 /* HarmonyKit.framework in Frameworks */ = {isa = PBXBuildFile; fileRef = 535053292B5955C800D7EAF2 /* HarmonyKit.framework */; };
		5350533E2B5955C900D7EAF2 /* HarmonyKit.framework in Frameworks */ = {isa = PBXBuildFile; fileRef = 535053292B5955C800D7EAF2 /* HarmonyKit.framework */; };
		5350533F2B5955C900D7EAF2 /* HarmonyKit.framework in Embed Frameworks */ = {isa = PBXBuildFile; fileRef = 535053292B5955C800D7EAF2 /* HarmonyKit.framework */; settings = {ATTRIBUTES = (CodeSignOnCopy, RemoveHeadersOnCopy, ); }; };
		535053502B5955F900D7EAF2 /* HarmonyKit.docc in Sources */ = {isa = PBXBuildFile; fileRef = 535053472B5955F900D7EAF2 /* HarmonyKit.docc */; };
		535053512B5955F900D7EAF2 /* Song.swift in Sources */ = {isa = PBXBuildFile; fileRef = 535053492B5955F900D7EAF2 /* Song.swift */; };
		535053522B5955F900D7EAF2 /* LocalFileUtils.swift in Sources */ = {isa = PBXBuildFile; fileRef = 5350534A2B5955F900D7EAF2 /* LocalFileUtils.swift */; };
		535053532B5955F900D7EAF2 /* HarmonyKit.h in Headers */ = {isa = PBXBuildFile; fileRef = 5350534B2B5955F900D7EAF2 /* HarmonyKit.h */; };
		535053542B5955F900D7EAF2 /* Backend.swift in Sources */ = {isa = PBXBuildFile; fileRef = 5350534D2B5955F900D7EAF2 /* Backend.swift */; };
		535053552B5955F900D7EAF2 /* FilesBackend.swift in Sources */ = {isa = PBXBuildFile; fileRef = 5350534F2B5955F900D7EAF2 /* FilesBackend.swift */; };
		5350535B2B59565400D7EAF2 /* FilesBackendTests.swift in Sources */ = {isa = PBXBuildFile; fileRef = 535053582B59565400D7EAF2 /* FilesBackendTests.swift */; };
		5350535C2B59565400D7EAF2 /* FilePlayabilityTests.swift in Sources */ = {isa = PBXBuildFile; fileRef = 5350535A2B59565400D7EAF2 /* FilePlayabilityTests.swift */; };
		535053622B5975A100D7EAF2 /* Logger+Extension.swift in Sources */ = {isa = PBXBuildFile; fileRef = 535053612B5975A100D7EAF2 /* Logger+Extension.swift */; };
		535053712B5A9A7500D7EAF2 /* Free_Test_Data_1MB_MP3.mp3 in Resources */ = {isa = PBXBuildFile; fileRef = 535053702B5A9A7500D7EAF2 /* Free_Test_Data_1MB_MP3.mp3 */; };
		535053732B5AA61A00D7EAF2 /* SongsTable.swift in Sources */ = {isa = PBXBuildFile; fileRef = 535053722B5AA61A00D7EAF2 /* SongsTable.swift */; };
		535053782B5AB24500D7EAF2 /* AVAsset+Extension.swift in Sources */ = {isa = PBXBuildFile; fileRef = 535053772B5AB24500D7EAF2 /* AVAsset+Extension.swift */; };
		5350537C2B5BB1FE00D7EAF2 /* Sidebar.swift in Sources */ = {isa = PBXBuildFile; fileRef = 5350537B2B5BB1FE00D7EAF2 /* Sidebar.swift */; };
		5350537E2B5BB39000D7EAF2 /* DetailColumn.swift in Sources */ = {isa = PBXBuildFile; fileRef = 5350537D2B5BB39000D7EAF2 /* DetailColumn.swift */; };
		535053812B5BBDC000D7EAF2 /* SettingsView.swift in Sources */ = {isa = PBXBuildFile; fileRef = 535053802B5BBDC000D7EAF2 /* SettingsView.swift */; };
		535053862B5BC98B00D7EAF2 /* BackendChoiceView.swift in Sources */ = {isa = PBXBuildFile; fileRef = 535053852B5BC98B00D7EAF2 /* BackendChoiceView.swift */; };
		535053882B5BCD0200D7EAF2 /* BackendDescription.swift in Sources */ = {isa = PBXBuildFile; fileRef = 535053872B5BCD0200D7EAF2 /* BackendDescription.swift */; };
		5350538D2B5BD1A700D7EAF2 /* FilePlayability.swift in Sources */ = {isa = PBXBuildFile; fileRef = 5350538C2B5BD1A700D7EAF2 /* FilePlayability.swift */; };
		535053922B5BD41200D7EAF2 /* AvailableBackends.swift in Sources */ = {isa = PBXBuildFile; fileRef = 535053912B5BD41200D7EAF2 /* AvailableBackends.swift */; };
		535053942B5BDA7500D7EAF2 /* BackendChoiceListItemView.swift in Sources */ = {isa = PBXBuildFile; fileRef = 535053932B5BDA7500D7EAF2 /* BackendChoiceListItemView.swift */; };
		535053962B5BE96800D7EAF2 /* BackendConfigurationView.swift in Sources */ = {isa = PBXBuildFile; fileRef = 535053952B5BE96800D7EAF2 /* BackendConfigurationView.swift */; };
		535053982B5CF4C900D7EAF2 /* BackendConfigurationFieldView.swift in Sources */ = {isa = PBXBuildFile; fileRef = 535053972B5CF4C900D7EAF2 /* BackendConfigurationFieldView.swift */; };
		5350539B2B5D026F00D7EAF2 /* BackendConfigurationUtils.swift in Sources */ = {isa = PBXBuildFile; fileRef = 5350539A2B5D026F00D7EAF2 /* BackendConfigurationUtils.swift */; };
		535053A02B5D1CC700D7EAF2 /* BackendsModel.swift in Sources */ = {isa = PBXBuildFile; fileRef = 5350539F2B5D1CC700D7EAF2 /* BackendsModel.swift */; };
		535053F02B62186F00D7EAF2 /* SettingsSheet.swift in Sources */ = {isa = PBXBuildFile; fileRef = 535053EF2B62186F00D7EAF2 /* SettingsSheet.swift */; };
		535053F42B6239AC00D7EAF2 /* FilePickerRepresentable.swift in Sources */ = {isa = PBXBuildFile; fileRef = 535053F32B6239AC00D7EAF2 /* FilePickerRepresentable.swift */; };
		535053F72B625AB100D7EAF2 /* PlayerController.swift in Sources */ = {isa = PBXBuildFile; fileRef = 535053F62B625AB100D7EAF2 /* PlayerController.swift */; };
		535053FF2B62892500D7EAF2 /* AVPlayer+Extension.swift in Sources */ = {isa = PBXBuildFile; fileRef = 535053FE2B62892500D7EAF2 /* AVPlayer+Extension.swift */; };
		535054012B62D98200D7EAF2 /* PlayerQueue.swift in Sources */ = {isa = PBXBuildFile; fileRef = 535054002B62D98200D7EAF2 /* PlayerQueue.swift */; };
		535054042B6356EF00D7EAF2 /* Logger+Extension.swift in Sources */ = {isa = PBXBuildFile; fileRef = 535054032B6356EF00D7EAF2 /* Logger+Extension.swift */; };
		535054082B635A0B00D7EAF2 /* ToolbarCurrentSongView.swift in Sources */ = {isa = PBXBuildFile; fileRef = 535054072B635A0B00D7EAF2 /* ToolbarCurrentSongView.swift */; };
		5350540A2B63939C00D7EAF2 /* PlayerQueueView.swift in Sources */ = {isa = PBXBuildFile; fileRef = 535054092B63939C00D7EAF2 /* PlayerQueueView.swift */; };
		5350540F2B63A12800D7EAF2 /* PlayButton.swift in Sources */ = {isa = PBXBuildFile; fileRef = 5350540E2B63A12800D7EAF2 /* PlayButton.swift */; };
		535054112B63A1EB00D7EAF2 /* ChangeSongButton.swift in Sources */ = {isa = PBXBuildFile; fileRef = 535054102B63A1EB00D7EAF2 /* ChangeSongButton.swift */; };
		535054152B63A3AD00D7EAF2 /* ShuffleButton.swift in Sources */ = {isa = PBXBuildFile; fileRef = 535054142B63A3AD00D7EAF2 /* ShuffleButton.swift */; };
		535054172B63A3F500D7EAF2 /* RepeatButton.swift in Sources */ = {isa = PBXBuildFile; fileRef = 535054162B63A3F500D7EAF2 /* RepeatButton.swift */; };
		535054192B63A4AA00D7EAF2 /* QueueButton.swift in Sources */ = {isa = PBXBuildFile; fileRef = 535054182B63A4AA00D7EAF2 /* QueueButton.swift */; };
		5350541B2B63BBC500D7EAF2 /* ConfiguredBackendsListItemView.swift in Sources */ = {isa = PBXBuildFile; fileRef = 5350541A2B63BBC500D7EAF2 /* ConfiguredBackendsListItemView.swift */; };
		5350541D2B63C71400D7EAF2 /* BackendPresentable.swift in Sources */ = {isa = PBXBuildFile; fileRef = 5350541C2B63C71400D7EAF2 /* BackendPresentable.swift */; };
		535054212B64142200D7EAF2 /* DequeModule in Frameworks */ = {isa = PBXBuildFile; productRef = 535054202B64142200D7EAF2 /* DequeModule */; };
		5350542B2B64293600D7EAF2 /* SyncController.swift in Sources */ = {isa = PBXBuildFile; fileRef = 5350535F2B59581600D7EAF2 /* SyncController.swift */; };
		5350542F2B64E48600D7EAF2 /* OrderedCollections in Frameworks */ = {isa = PBXBuildFile; productRef = 5350542E2B64E48600D7EAF2 /* OrderedCollections */; };
		535054322B66248C00D7EAF2 /* ConfiguredBackendsListView.swift in Sources */ = {isa = PBXBuildFile; fileRef = 535054312B66248C00D7EAF2 /* ConfiguredBackendsListView.swift */; };
		5358F2B62BAA01DC00E3C729 /* NextcloudCapabilitiesKit in Frameworks */ = {isa = PBXBuildFile; productRef = 5358F2B52BAA01DC00E3C729 /* NextcloudCapabilitiesKit */; };
		535DAFC72B9F7AC100C94B62 /* Artist.swift in Sources */ = {isa = PBXBuildFile; fileRef = 535DAFC62B9F7AC100C94B62 /* Artist.swift */; };
		535F1BD12B4A8F1400C78D98 /* HarmonyApp.swift in Sources */ = {isa = PBXBuildFile; fileRef = 535F1BD02B4A8F1400C78D98 /* HarmonyApp.swift */; };
		535F1BD32B4A8F1400C78D98 /* ContentView.swift in Sources */ = {isa = PBXBuildFile; fileRef = 535F1BD22B4A8F1400C78D98 /* ContentView.swift */; };
		535F1BD52B4A8F1600C78D98 /* Assets.xcassets in Resources */ = {isa = PBXBuildFile; fileRef = 535F1BD42B4A8F1600C78D98 /* Assets.xcassets */; };
		535F1BD92B4A8F1600C78D98 /* Preview Assets.xcassets in Resources */ = {isa = PBXBuildFile; fileRef = 535F1BD82B4A8F1600C78D98 /* Preview Assets.xcassets */; };
		535F1BED2B4A8F1600C78D98 /* HarmonyUITests.swift in Sources */ = {isa = PBXBuildFile; fileRef = 535F1BEC2B4A8F1600C78D98 /* HarmonyUITests.swift */; };
		535F1BEF2B4A8F1600C78D98 /* HarmonyUITestsLaunchTests.swift in Sources */ = {isa = PBXBuildFile; fileRef = 535F1BEE2B4A8F1600C78D98 /* HarmonyUITestsLaunchTests.swift */; };
		53802A3A2B66AF2B0066208D /* PhonePlayerDrawer.swift in Sources */ = {isa = PBXBuildFile; fileRef = 53802A392B66AF2B0066208D /* PhonePlayerDrawer.swift */; };
		53802A3E2B6790330066208D /* ToolbarVolumeSliderView.swift in Sources */ = {isa = PBXBuildFile; fileRef = 53802A3D2B6790330066208D /* ToolbarVolumeSliderView.swift */; };
		5388E8992BC67F3800557E8A /* FLACMetadataKit in Frameworks */ = {isa = PBXBuildFile; productRef = 5388E8982BC67F3800557E8A /* FLACMetadataKit */; };
		5388E89C2BC93EC800557E8A /* SyncDataActorTests.swift in Sources */ = {isa = PBXBuildFile; fileRef = 5388E89B2BC93EC800557E8A /* SyncDataActorTests.swift */; };
		5388E8A22BCAE9CD00557E8A /* PlayerQueueTests.swift in Sources */ = {isa = PBXBuildFile; fileRef = 5388E8A12BCAE9CD00557E8A /* PlayerQueueTests.swift */; };
		539C54E72BBF0F97005C9F9A /* CurrentSyncDataActor.swift in Sources */ = {isa = PBXBuildFile; fileRef = 539C54E62BBF0F97005C9F9A /* CurrentSyncDataActor.swift */; };
		539C54E92BBF10C8005C9F9A /* SyncBackendButton.swift in Sources */ = {isa = PBXBuildFile; fileRef = 539C54E82BBF10C8005C9F9A /* SyncBackendButton.swift */; };
		53B19BE42B9A0EBA00FE53E4 /* DownloadStateLabelView.swift in Sources */ = {isa = PBXBuildFile; fileRef = 53B19BE32B9A0EBA00FE53E4 /* DownloadStateLabelView.swift */; };
		53B9796C2B7E8159002DA742 /* PlaceholderArtworkView.swift in Sources */ = {isa = PBXBuildFile; fileRef = 53B9796B2B7E8159002DA742 /* PlaceholderArtworkView.swift */; };
		53B9796F2B7F6D55002DA742 /* NextcloudKit in Frameworks */ = {isa = PBXBuildFile; productRef = 53B9796E2B7F6D55002DA742 /* NextcloudKit */; };
		53B979732B80274C002DA742 /* NextcloudAVAssetResourceLoaderDelegate.swift in Sources */ = {isa = PBXBuildFile; fileRef = 53B979722B80274C002DA742 /* NextcloudAVAssetResourceLoaderDelegate.swift */; };
		53B979752B833AA9002DA742 /* LoadingIndicatorOverlayView.swift in Sources */ = {isa = PBXBuildFile; fileRef = 53B979742B833AA9002DA742 /* LoadingIndicatorOverlayView.swift */; };
		53B979772B834EA4002DA742 /* AirPlayButton.swift in Sources */ = {isa = PBXBuildFile; fileRef = 53B979762B834EA4002DA742 /* AirPlayButton.swift */; };
		53D6664D2B6B7E3E0042C03D /* PlayerQueueListItemView.swift in Sources */ = {isa = PBXBuildFile; fileRef = 53D6664C2B6B7E3E0042C03D /* PlayerQueueListItemView.swift */; };
		53D666532B6E50340042C03D /* EnvironmentValues+Extension.swift in Sources */ = {isa = PBXBuildFile; fileRef = 53D666522B6E50340042C03D /* EnvironmentValues+Extension.swift */; };
		53D666562B6E9C300042C03D /* NextcloudBackend.swift in Sources */ = {isa = PBXBuildFile; fileRef = 53D666552B6E9C300042C03D /* NextcloudBackend.swift */; };
		53D666582B6E9DB60042C03D /* NextcloudBackendDescription.swift in Sources */ = {isa = PBXBuildFile; fileRef = 53D666572B6E9DB60042C03D /* NextcloudBackendDescription.swift */; };
		53D6665B2B6E9DCF0042C03D /* FilesBackendDescription.swift in Sources */ = {isa = PBXBuildFile; fileRef = 53D6665A2B6E9DCF0042C03D /* FilesBackendDescription.swift */; };
		53D6665D2B6F34CC0042C03D /* SongContextMenuItems.swift in Sources */ = {isa = PBXBuildFile; fileRef = 53D6665C2B6F34CC0042C03D /* SongContextMenuItems.swift */; };
		53D666632B7285120042C03D /* FloatingCurrentSongView.swift in Sources */ = {isa = PBXBuildFile; fileRef = 53D666622B7285120042C03D /* FloatingCurrentSongView.swift */; };
		53D666672B73EAD40042C03D /* SongListItemView.swift in Sources */ = {isa = PBXBuildFile; fileRef = 53D666662B73EAD40042C03D /* SongListItemView.swift */; };
		53D6666A2B74C53F0042C03D /* UIMeasurements.swift in Sources */ = {isa = PBXBuildFile; fileRef = 53D666692B74C53F0042C03D /* UIMeasurements.swift */; };
		53D6666C2B74D6C80042C03D /* PlayerScrubberView.swift in Sources */ = {isa = PBXBuildFile; fileRef = 53D6666B2B74D6C80042C03D /* PlayerScrubberView.swift */; };
		53EA71282B9DAB38008FEB8A /* SplitContentView.swift in Sources */ = {isa = PBXBuildFile; fileRef = 53EA71272B9DAB38008FEB8A /* SplitContentView.swift */; };
		53EA712A2B9DAF7B008FEB8A /* TabContentView.swift in Sources */ = {isa = PBXBuildFile; fileRef = 53EA71292B9DAF7B008FEB8A /* TabContentView.swift */; };
		53EA712C2B9E1053008FEB8A /* TabBarAccessor.swift in Sources */ = {isa = PBXBuildFile; fileRef = 53EA712B2B9E1053008FEB8A /* TabBarAccessor.swift */; };
		53F4C8AD2B9CDFD80063604E /* SongDownloadStateView.swift in Sources */ = {isa = PBXBuildFile; fileRef = 53F4C8AC2B9CDFD80063604E /* SongDownloadStateView.swift */; };
		53FE14692B8F8DAA006C4193 /* AlbumsGridView.swift in Sources */ = {isa = PBXBuildFile; fileRef = 53FE14682B8F8DAA006C4193 /* AlbumsGridView.swift */; };
		53FE146B2B8F9457006C4193 /* Album.swift in Sources */ = {isa = PBXBuildFile; fileRef = 53FE146A2B8F9457006C4193 /* Album.swift */; };
		53FE146D2B9054A9006C4193 /* AlbumGridItemView.swift in Sources */ = {isa = PBXBuildFile; fileRef = 53FE146C2B9054A9006C4193 /* AlbumGridItemView.swift */; };
		53FE146F2B905D16006C4193 /* ArtworkView.swift in Sources */ = {isa = PBXBuildFile; fileRef = 53FE146E2B905D16006C4193 /* ArtworkView.swift */; };
		53FE14712B906C68006C4193 /* BorderedArtworkView.swift in Sources */ = {isa = PBXBuildFile; fileRef = 53FE14702B906C68006C4193 /* BorderedArtworkView.swift */; };
		53FE14752B90E064006C4193 /* ControlsToolbar.swift in Sources */ = {isa = PBXBuildFile; fileRef = 53FE14742B90E064006C4193 /* ControlsToolbar.swift */; };
		53FE14772B90F030006C4193 /* AlbumDetailView.swift in Sources */ = {isa = PBXBuildFile; fileRef = 53FE14762B90F030006C4193 /* AlbumDetailView.swift */; };
		53FE14792B91F872006C4193 /* UISongUtils.swift in Sources */ = {isa = PBXBuildFile; fileRef = 53FE14782B91F872006C4193 /* UISongUtils.swift */; };
		53FE147B2B923EEB006C4193 /* ColouredShadowArtworkView.swift in Sources */ = {isa = PBXBuildFile; fileRef = 53FE147A2B923EEB006C4193 /* ColouredShadowArtworkView.swift */; };
/* End PBXBuildFile section */

/* Begin PBXContainerItemProxy section */
		535053342B5955C900D7EAF2 /* PBXContainerItemProxy */ = {
			isa = PBXContainerItemProxy;
			containerPortal = 535F1BC52B4A8F1400C78D98 /* Project object */;
			proxyType = 1;
			remoteGlobalIDString = 535053282B5955C800D7EAF2;
			remoteInfo = HarmonyKit;
		};
		5350533C2B5955C900D7EAF2 /* PBXContainerItemProxy */ = {
			isa = PBXContainerItemProxy;
			containerPortal = 535F1BC52B4A8F1400C78D98 /* Project object */;
			proxyType = 1;
			remoteGlobalIDString = 535053282B5955C800D7EAF2;
			remoteInfo = HarmonyKit;
		};
		535F1BDF2B4A8F1600C78D98 /* PBXContainerItemProxy */ = {
			isa = PBXContainerItemProxy;
			containerPortal = 535F1BC52B4A8F1400C78D98 /* Project object */;
			proxyType = 1;
			remoteGlobalIDString = 535F1BCC2B4A8F1400C78D98;
			remoteInfo = Harmony;
		};
		535F1BE92B4A8F1600C78D98 /* PBXContainerItemProxy */ = {
			isa = PBXContainerItemProxy;
			containerPortal = 535F1BC52B4A8F1400C78D98 /* Project object */;
			proxyType = 1;
			remoteGlobalIDString = 535F1BCC2B4A8F1400C78D98;
			remoteInfo = Harmony;
		};
/* End PBXContainerItemProxy section */

/* Begin PBXCopyFilesBuildPhase section */
		535053432B5955C900D7EAF2 /* Embed Frameworks */ = {
			isa = PBXCopyFilesBuildPhase;
			buildActionMask = 2147483647;
			dstPath = "";
			dstSubfolderSpec = 10;
			files = (
				5350533F2B5955C900D7EAF2 /* HarmonyKit.framework in Embed Frameworks */,
			);
			name = "Embed Frameworks";
			runOnlyForDeploymentPostprocessing = 0;
		};
/* End PBXCopyFilesBuildPhase section */

/* Begin PBXFileReference section */
		5315227A2B8BC936002E31BE /* KeychainUtils.swift */ = {isa = PBXFileReference; lastKnownFileType = sourcecode.swift; path = KeychainUtils.swift; sourceTree = "<group>"; };
		5315227C2B8CF235002E31BE /* CurrentlyPlayingSongIndicatorView.swift */ = {isa = PBXFileReference; lastKnownFileType = sourcecode.swift; path = CurrentlyPlayingSongIndicatorView.swift; sourceTree = "<group>"; };
		5335FA0D2BC5B22000AC4596 /* Harmony.xctestplan */ = {isa = PBXFileReference; lastKnownFileType = text; path = Harmony.xctestplan; sourceTree = "<group>"; };
		534F81282BA078A70068D145 /* ArtistsListView.swift */ = {isa = PBXFileReference; lastKnownFileType = sourcecode.swift; path = ArtistsListView.swift; sourceTree = "<group>"; };
		534F812A2BA082D90068D145 /* ArtistsSplitView.swift */ = {isa = PBXFileReference; lastKnownFileType = sourcecode.swift; path = ArtistsSplitView.swift; sourceTree = "<group>"; };
		534F812C2BA08B330068D145 /* AlbumsView.swift */ = {isa = PBXFileReference; lastKnownFileType = sourcecode.swift; path = AlbumsView.swift; sourceTree = "<group>"; };
		534F81302BA20FE20068D145 /* AlbumsListView.swift */ = {isa = PBXFileReference; lastKnownFileType = sourcecode.swift; path = AlbumsListView.swift; sourceTree = "<group>"; };
		534F81342BA2AAD60068D145 /* AlbumHeaderView.swift */ = {isa = PBXFileReference; lastKnownFileType = sourcecode.swift; path = AlbumHeaderView.swift; sourceTree = "<group>"; };
		534F81362BA2EC1A0068D145 /* AlbumContextMenuItems.swift */ = {isa = PBXFileReference; lastKnownFileType = sourcecode.swift; path = AlbumContextMenuItems.swift; sourceTree = "<group>"; };
		534F81382BA2EF0E0068D145 /* UIAlbumUtils.swift */ = {isa = PBXFileReference; lastKnownFileType = sourcecode.swift; path = UIAlbumUtils.swift; sourceTree = "<group>"; };
		534F813C2BA311E00068D145 /* Container.swift */ = {isa = PBXFileReference; lastKnownFileType = sourcecode.swift; path = Container.swift; sourceTree = "<group>"; };
		534F813E2BA47F990068D145 /* SyncDataActor.swift */ = {isa = PBXFileReference; lastKnownFileType = sourcecode.swift; path = SyncDataActor.swift; sourceTree = "<group>"; };
		534F81402BA7082F0068D145 /* PlayerQueueItem.swift */ = {isa = PBXFileReference; lastKnownFileType = sourcecode.swift; path = PlayerQueueItem.swift; sourceTree = "<group>"; };
		534F81422BA824920068D145 /* KeepOfflineButton.swift */ = {isa = PBXFileReference; lastKnownFileType = sourcecode.swift; path = KeepOfflineButton.swift; sourceTree = "<group>"; };
		535053292B5955C800D7EAF2 /* HarmonyKit.framework */ = {isa = PBXFileReference; explicitFileType = wrapper.framework; includeInIndex = 0; path = HarmonyKit.framework; sourceTree = BUILT_PRODUCTS_DIR; };
		535053322B5955C800D7EAF2 /* HarmonyKitTests.xctest */ = {isa = PBXFileReference; explicitFileType = wrapper.cfbundle; includeInIndex = 0; path = HarmonyKitTests.xctest; sourceTree = BUILT_PRODUCTS_DIR; };
		535053472B5955F900D7EAF2 /* HarmonyKit.docc */ = {isa = PBXFileReference; lastKnownFileType = folder.documentationcatalog; path = HarmonyKit.docc; sourceTree = "<group>"; };
		535053492B5955F900D7EAF2 /* Song.swift */ = {isa = PBXFileReference; fileEncoding = 4; lastKnownFileType = sourcecode.swift; path = Song.swift; sourceTree = "<group>"; };
		5350534A2B5955F900D7EAF2 /* LocalFileUtils.swift */ = {isa = PBXFileReference; fileEncoding = 4; lastKnownFileType = sourcecode.swift; path = LocalFileUtils.swift; sourceTree = "<group>"; };
		5350534B2B5955F900D7EAF2 /* HarmonyKit.h */ = {isa = PBXFileReference; fileEncoding = 4; lastKnownFileType = sourcecode.c.h; path = HarmonyKit.h; sourceTree = "<group>"; };
		5350534D2B5955F900D7EAF2 /* Backend.swift */ = {isa = PBXFileReference; fileEncoding = 4; lastKnownFileType = sourcecode.swift; path = Backend.swift; sourceTree = "<group>"; };
		5350534F2B5955F900D7EAF2 /* FilesBackend.swift */ = {isa = PBXFileReference; fileEncoding = 4; lastKnownFileType = sourcecode.swift; path = FilesBackend.swift; sourceTree = "<group>"; };
		535053582B59565400D7EAF2 /* FilesBackendTests.swift */ = {isa = PBXFileReference; fileEncoding = 4; lastKnownFileType = sourcecode.swift; path = FilesBackendTests.swift; sourceTree = "<group>"; };
		5350535A2B59565400D7EAF2 /* FilePlayabilityTests.swift */ = {isa = PBXFileReference; fileEncoding = 4; lastKnownFileType = sourcecode.swift; path = FilePlayabilityTests.swift; sourceTree = "<group>"; };
		5350535F2B59581600D7EAF2 /* SyncController.swift */ = {isa = PBXFileReference; lastKnownFileType = sourcecode.swift; path = SyncController.swift; sourceTree = "<group>"; };
		535053612B5975A100D7EAF2 /* Logger+Extension.swift */ = {isa = PBXFileReference; lastKnownFileType = sourcecode.swift; path = "Logger+Extension.swift"; sourceTree = "<group>"; };
		535053702B5A9A7500D7EAF2 /* Free_Test_Data_1MB_MP3.mp3 */ = {isa = PBXFileReference; lastKnownFileType = audio.mp3; path = Free_Test_Data_1MB_MP3.mp3; sourceTree = "<group>"; };
		535053722B5AA61A00D7EAF2 /* SongsTable.swift */ = {isa = PBXFileReference; lastKnownFileType = sourcecode.swift; path = SongsTable.swift; sourceTree = "<group>"; };
		535053772B5AB24500D7EAF2 /* AVAsset+Extension.swift */ = {isa = PBXFileReference; lastKnownFileType = sourcecode.swift; path = "AVAsset+Extension.swift"; sourceTree = "<group>"; };
		535053792B5BA65F00D7EAF2 /* Info.plist */ = {isa = PBXFileReference; lastKnownFileType = text.plist; path = Info.plist; sourceTree = "<group>"; };
		5350537B2B5BB1FE00D7EAF2 /* Sidebar.swift */ = {isa = PBXFileReference; lastKnownFileType = sourcecode.swift; path = Sidebar.swift; sourceTree = "<group>"; };
		5350537D2B5BB39000D7EAF2 /* DetailColumn.swift */ = {isa = PBXFileReference; lastKnownFileType = sourcecode.swift; path = DetailColumn.swift; sourceTree = "<group>"; };
		535053802B5BBDC000D7EAF2 /* SettingsView.swift */ = {isa = PBXFileReference; lastKnownFileType = sourcecode.swift; path = SettingsView.swift; sourceTree = "<group>"; };
		535053852B5BC98B00D7EAF2 /* BackendChoiceView.swift */ = {isa = PBXFileReference; lastKnownFileType = sourcecode.swift; path = BackendChoiceView.swift; sourceTree = "<group>"; };
		535053872B5BCD0200D7EAF2 /* BackendDescription.swift */ = {isa = PBXFileReference; lastKnownFileType = sourcecode.swift; path = BackendDescription.swift; sourceTree = "<group>"; };
		5350538C2B5BD1A700D7EAF2 /* FilePlayability.swift */ = {isa = PBXFileReference; lastKnownFileType = sourcecode.swift; path = FilePlayability.swift; sourceTree = "<group>"; };
		535053912B5BD41200D7EAF2 /* AvailableBackends.swift */ = {isa = PBXFileReference; lastKnownFileType = sourcecode.swift; path = AvailableBackends.swift; sourceTree = "<group>"; };
		535053932B5BDA7500D7EAF2 /* BackendChoiceListItemView.swift */ = {isa = PBXFileReference; lastKnownFileType = sourcecode.swift; path = BackendChoiceListItemView.swift; sourceTree = "<group>"; };
		535053952B5BE96800D7EAF2 /* BackendConfigurationView.swift */ = {isa = PBXFileReference; lastKnownFileType = sourcecode.swift; path = BackendConfigurationView.swift; sourceTree = "<group>"; };
		535053972B5CF4C900D7EAF2 /* BackendConfigurationFieldView.swift */ = {isa = PBXFileReference; lastKnownFileType = sourcecode.swift; path = BackendConfigurationFieldView.swift; sourceTree = "<group>"; };
		5350539A2B5D026F00D7EAF2 /* BackendConfigurationUtils.swift */ = {isa = PBXFileReference; lastKnownFileType = sourcecode.swift; path = BackendConfigurationUtils.swift; sourceTree = "<group>"; };
		5350539F2B5D1CC700D7EAF2 /* BackendsModel.swift */ = {isa = PBXFileReference; lastKnownFileType = sourcecode.swift; path = BackendsModel.swift; sourceTree = "<group>"; };
		535053EF2B62186F00D7EAF2 /* SettingsSheet.swift */ = {isa = PBXFileReference; lastKnownFileType = sourcecode.swift; path = SettingsSheet.swift; sourceTree = "<group>"; };
		535053F32B6239AC00D7EAF2 /* FilePickerRepresentable.swift */ = {isa = PBXFileReference; lastKnownFileType = sourcecode.swift; path = FilePickerRepresentable.swift; sourceTree = "<group>"; };
		535053F62B625AB100D7EAF2 /* PlayerController.swift */ = {isa = PBXFileReference; lastKnownFileType = sourcecode.swift; path = PlayerController.swift; sourceTree = "<group>"; };
		535053FE2B62892500D7EAF2 /* AVPlayer+Extension.swift */ = {isa = PBXFileReference; lastKnownFileType = sourcecode.swift; path = "AVPlayer+Extension.swift"; sourceTree = "<group>"; };
		535054002B62D98200D7EAF2 /* PlayerQueue.swift */ = {isa = PBXFileReference; lastKnownFileType = sourcecode.swift; path = PlayerQueue.swift; sourceTree = "<group>"; };
		535054032B6356EF00D7EAF2 /* Logger+Extension.swift */ = {isa = PBXFileReference; lastKnownFileType = sourcecode.swift; path = "Logger+Extension.swift"; sourceTree = "<group>"; };
		535054072B635A0B00D7EAF2 /* ToolbarCurrentSongView.swift */ = {isa = PBXFileReference; lastKnownFileType = sourcecode.swift; path = ToolbarCurrentSongView.swift; sourceTree = "<group>"; };
		535054092B63939C00D7EAF2 /* PlayerQueueView.swift */ = {isa = PBXFileReference; lastKnownFileType = sourcecode.swift; path = PlayerQueueView.swift; sourceTree = "<group>"; };
		5350540E2B63A12800D7EAF2 /* PlayButton.swift */ = {isa = PBXFileReference; lastKnownFileType = sourcecode.swift; path = PlayButton.swift; sourceTree = "<group>"; };
		535054102B63A1EB00D7EAF2 /* ChangeSongButton.swift */ = {isa = PBXFileReference; lastKnownFileType = sourcecode.swift; path = ChangeSongButton.swift; sourceTree = "<group>"; };
		535054142B63A3AD00D7EAF2 /* ShuffleButton.swift */ = {isa = PBXFileReference; lastKnownFileType = sourcecode.swift; path = ShuffleButton.swift; sourceTree = "<group>"; };
		535054162B63A3F500D7EAF2 /* RepeatButton.swift */ = {isa = PBXFileReference; lastKnownFileType = sourcecode.swift; path = RepeatButton.swift; sourceTree = "<group>"; };
		535054182B63A4AA00D7EAF2 /* QueueButton.swift */ = {isa = PBXFileReference; lastKnownFileType = sourcecode.swift; path = QueueButton.swift; sourceTree = "<group>"; };
		5350541A2B63BBC500D7EAF2 /* ConfiguredBackendsListItemView.swift */ = {isa = PBXFileReference; lastKnownFileType = sourcecode.swift; path = ConfiguredBackendsListItemView.swift; sourceTree = "<group>"; };
		5350541C2B63C71400D7EAF2 /* BackendPresentable.swift */ = {isa = PBXFileReference; lastKnownFileType = sourcecode.swift; path = BackendPresentable.swift; sourceTree = "<group>"; };
		535054312B66248C00D7EAF2 /* ConfiguredBackendsListView.swift */ = {isa = PBXFileReference; lastKnownFileType = sourcecode.swift; path = ConfiguredBackendsListView.swift; sourceTree = "<group>"; };
		5358F2BA2BAADAB700E3C729 /* README.md */ = {isa = PBXFileReference; lastKnownFileType = net.daringfireball.markdown; path = README.md; sourceTree = "<group>"; };
		5358F2BC2BAADBE700E3C729 /* desktop-albums.png */ = {isa = PBXFileReference; lastKnownFileType = image.png; path = "desktop-albums.png"; sourceTree = "<group>"; };
		5358F2BD2BAADBE700E3C729 /* desktop-album-detail.png */ = {isa = PBXFileReference; lastKnownFileType = image.png; path = "desktop-album-detail.png"; sourceTree = "<group>"; };
		5358F2BE2BAADBE700E3C729 /* desktop-artists.png */ = {isa = PBXFileReference; lastKnownFileType = image.png; path = "desktop-artists.png"; sourceTree = "<group>"; };
		5358F2BF2BAADBE700E3C729 /* phone-album-detail.png */ = {isa = PBXFileReference; lastKnownFileType = image.png; path = "phone-album-detail.png"; sourceTree = "<group>"; };
		5358F2C02BAADBE700E3C729 /* phone-albums.png */ = {isa = PBXFileReference; lastKnownFileType = image.png; path = "phone-albums.png"; sourceTree = "<group>"; };
		5358F2C12BAADBE700E3C729 /* phone-songs.png */ = {isa = PBXFileReference; lastKnownFileType = image.png; path = "phone-songs.png"; sourceTree = "<group>"; };
		5358F2C22BAADBE700E3C729 /* desktop-songs.png */ = {isa = PBXFileReference; lastKnownFileType = image.png; path = "desktop-songs.png"; sourceTree = "<group>"; };
		5358F2C32BAAE38900E3C729 /* phone-song-drawer.png */ = {isa = PBXFileReference; lastKnownFileType = image.png; path = "phone-song-drawer.png"; sourceTree = "<group>"; };
		5358F2C42BAAE39900E3C729 /* phone-queue-drawer.png */ = {isa = PBXFileReference; lastKnownFileType = image.png; path = "phone-queue-drawer.png"; sourceTree = "<group>"; };
		535DAFC62B9F7AC100C94B62 /* Artist.swift */ = {isa = PBXFileReference; lastKnownFileType = sourcecode.swift; path = Artist.swift; sourceTree = "<group>"; };
		535F1BCD2B4A8F1400C78D98 /* Harmony.app */ = {isa = PBXFileReference; explicitFileType = wrapper.application; includeInIndex = 0; path = Harmony.app; sourceTree = BUILT_PRODUCTS_DIR; };
		535F1BD02B4A8F1400C78D98 /* HarmonyApp.swift */ = {isa = PBXFileReference; lastKnownFileType = sourcecode.swift; path = HarmonyApp.swift; sourceTree = "<group>"; };
		535F1BD22B4A8F1400C78D98 /* ContentView.swift */ = {isa = PBXFileReference; lastKnownFileType = sourcecode.swift; path = ContentView.swift; sourceTree = "<group>"; };
		535F1BD42B4A8F1600C78D98 /* Assets.xcassets */ = {isa = PBXFileReference; lastKnownFileType = folder.assetcatalog; path = Assets.xcassets; sourceTree = "<group>"; };
		535F1BD62B4A8F1600C78D98 /* Harmony.entitlements */ = {isa = PBXFileReference; lastKnownFileType = text.plist.entitlements; path = Harmony.entitlements; sourceTree = "<group>"; };
		535F1BD82B4A8F1600C78D98 /* Preview Assets.xcassets */ = {isa = PBXFileReference; lastKnownFileType = folder.assetcatalog; path = "Preview Assets.xcassets"; sourceTree = "<group>"; };
		535F1BDE2B4A8F1600C78D98 /* HarmonyTests.xctest */ = {isa = PBXFileReference; explicitFileType = wrapper.cfbundle; includeInIndex = 0; path = HarmonyTests.xctest; sourceTree = BUILT_PRODUCTS_DIR; };
		535F1BE82B4A8F1600C78D98 /* HarmonyUITests.xctest */ = {isa = PBXFileReference; explicitFileType = wrapper.cfbundle; includeInIndex = 0; path = HarmonyUITests.xctest; sourceTree = BUILT_PRODUCTS_DIR; };
		535F1BEC2B4A8F1600C78D98 /* HarmonyUITests.swift */ = {isa = PBXFileReference; lastKnownFileType = sourcecode.swift; path = HarmonyUITests.swift; sourceTree = "<group>"; };
		535F1BEE2B4A8F1600C78D98 /* HarmonyUITestsLaunchTests.swift */ = {isa = PBXFileReference; lastKnownFileType = sourcecode.swift; path = HarmonyUITestsLaunchTests.swift; sourceTree = "<group>"; };
		53802A392B66AF2B0066208D /* PhonePlayerDrawer.swift */ = {isa = PBXFileReference; lastKnownFileType = sourcecode.swift; path = PhonePlayerDrawer.swift; sourceTree = "<group>"; };
		53802A3D2B6790330066208D /* ToolbarVolumeSliderView.swift */ = {isa = PBXFileReference; lastKnownFileType = sourcecode.swift; path = ToolbarVolumeSliderView.swift; sourceTree = "<group>"; };
		5388E89A2BC9357B00557E8A /* HarmonyKit.xctestplan */ = {isa = PBXFileReference; lastKnownFileType = text; path = HarmonyKit.xctestplan; sourceTree = "<group>"; };
		5388E89B2BC93EC800557E8A /* SyncDataActorTests.swift */ = {isa = PBXFileReference; lastKnownFileType = sourcecode.swift; path = SyncDataActorTests.swift; sourceTree = "<group>"; };
		5388E8A12BCAE9CD00557E8A /* PlayerQueueTests.swift */ = {isa = PBXFileReference; lastKnownFileType = sourcecode.swift; path = PlayerQueueTests.swift; sourceTree = "<group>"; };
		539C54E62BBF0F97005C9F9A /* CurrentSyncDataActor.swift */ = {isa = PBXFileReference; lastKnownFileType = sourcecode.swift; path = CurrentSyncDataActor.swift; sourceTree = "<group>"; };
		539C54E82BBF10C8005C9F9A /* SyncBackendButton.swift */ = {isa = PBXFileReference; lastKnownFileType = sourcecode.swift; path = SyncBackendButton.swift; sourceTree = "<group>"; };
		53B19BE32B9A0EBA00FE53E4 /* DownloadStateLabelView.swift */ = {isa = PBXFileReference; lastKnownFileType = sourcecode.swift; path = DownloadStateLabelView.swift; sourceTree = "<group>"; };
		53B9796B2B7E8159002DA742 /* PlaceholderArtworkView.swift */ = {isa = PBXFileReference; lastKnownFileType = sourcecode.swift; path = PlaceholderArtworkView.swift; sourceTree = "<group>"; };
		53B979722B80274C002DA742 /* NextcloudAVAssetResourceLoaderDelegate.swift */ = {isa = PBXFileReference; lastKnownFileType = sourcecode.swift; path = NextcloudAVAssetResourceLoaderDelegate.swift; sourceTree = "<group>"; };
		53B979742B833AA9002DA742 /* LoadingIndicatorOverlayView.swift */ = {isa = PBXFileReference; lastKnownFileType = sourcecode.swift; path = LoadingIndicatorOverlayView.swift; sourceTree = "<group>"; };
		53B979762B834EA4002DA742 /* AirPlayButton.swift */ = {isa = PBXFileReference; lastKnownFileType = sourcecode.swift; path = AirPlayButton.swift; sourceTree = "<group>"; };
		53D6664C2B6B7E3E0042C03D /* PlayerQueueListItemView.swift */ = {isa = PBXFileReference; lastKnownFileType = sourcecode.swift; path = PlayerQueueListItemView.swift; sourceTree = "<group>"; };
		53D666522B6E50340042C03D /* EnvironmentValues+Extension.swift */ = {isa = PBXFileReference; lastKnownFileType = sourcecode.swift; path = "EnvironmentValues+Extension.swift"; sourceTree = "<group>"; };
		53D666552B6E9C300042C03D /* NextcloudBackend.swift */ = {isa = PBXFileReference; lastKnownFileType = sourcecode.swift; path = NextcloudBackend.swift; sourceTree = "<group>"; };
		53D666572B6E9DB60042C03D /* NextcloudBackendDescription.swift */ = {isa = PBXFileReference; lastKnownFileType = sourcecode.swift; path = NextcloudBackendDescription.swift; sourceTree = "<group>"; };
		53D6665A2B6E9DCF0042C03D /* FilesBackendDescription.swift */ = {isa = PBXFileReference; lastKnownFileType = sourcecode.swift; path = FilesBackendDescription.swift; sourceTree = "<group>"; };
		53D6665C2B6F34CC0042C03D /* SongContextMenuItems.swift */ = {isa = PBXFileReference; lastKnownFileType = sourcecode.swift; path = SongContextMenuItems.swift; sourceTree = "<group>"; };
		53D666622B7285120042C03D /* FloatingCurrentSongView.swift */ = {isa = PBXFileReference; lastKnownFileType = sourcecode.swift; path = FloatingCurrentSongView.swift; sourceTree = "<group>"; };
		53D666662B73EAD40042C03D /* SongListItemView.swift */ = {isa = PBXFileReference; lastKnownFileType = sourcecode.swift; path = SongListItemView.swift; sourceTree = "<group>"; };
		53D666692B74C53F0042C03D /* UIMeasurements.swift */ = {isa = PBXFileReference; lastKnownFileType = sourcecode.swift; path = UIMeasurements.swift; sourceTree = "<group>"; };
		53D6666B2B74D6C80042C03D /* PlayerScrubberView.swift */ = {isa = PBXFileReference; lastKnownFileType = sourcecode.swift; path = PlayerScrubberView.swift; sourceTree = "<group>"; };
		53EA71272B9DAB38008FEB8A /* SplitContentView.swift */ = {isa = PBXFileReference; lastKnownFileType = sourcecode.swift; path = SplitContentView.swift; sourceTree = "<group>"; };
		53EA71292B9DAF7B008FEB8A /* TabContentView.swift */ = {isa = PBXFileReference; lastKnownFileType = sourcecode.swift; path = TabContentView.swift; sourceTree = "<group>"; };
		53EA712B2B9E1053008FEB8A /* TabBarAccessor.swift */ = {isa = PBXFileReference; lastKnownFileType = sourcecode.swift; path = TabBarAccessor.swift; sourceTree = "<group>"; };
		53F4C8AC2B9CDFD80063604E /* SongDownloadStateView.swift */ = {isa = PBXFileReference; lastKnownFileType = sourcecode.swift; path = SongDownloadStateView.swift; sourceTree = "<group>"; };
		53FE14682B8F8DAA006C4193 /* AlbumsGridView.swift */ = {isa = PBXFileReference; lastKnownFileType = sourcecode.swift; path = AlbumsGridView.swift; sourceTree = "<group>"; };
		53FE146A2B8F9457006C4193 /* Album.swift */ = {isa = PBXFileReference; lastKnownFileType = sourcecode.swift; path = Album.swift; sourceTree = "<group>"; };
		53FE146C2B9054A9006C4193 /* AlbumGridItemView.swift */ = {isa = PBXFileReference; lastKnownFileType = sourcecode.swift; path = AlbumGridItemView.swift; sourceTree = "<group>"; };
		53FE146E2B905D16006C4193 /* ArtworkView.swift */ = {isa = PBXFileReference; lastKnownFileType = sourcecode.swift; path = ArtworkView.swift; sourceTree = "<group>"; };
		53FE14702B906C68006C4193 /* BorderedArtworkView.swift */ = {isa = PBXFileReference; lastKnownFileType = sourcecode.swift; path = BorderedArtworkView.swift; sourceTree = "<group>"; };
		53FE14742B90E064006C4193 /* ControlsToolbar.swift */ = {isa = PBXFileReference; lastKnownFileType = sourcecode.swift; path = ControlsToolbar.swift; sourceTree = "<group>"; };
		53FE14762B90F030006C4193 /* AlbumDetailView.swift */ = {isa = PBXFileReference; lastKnownFileType = sourcecode.swift; path = AlbumDetailView.swift; sourceTree = "<group>"; };
		53FE14782B91F872006C4193 /* UISongUtils.swift */ = {isa = PBXFileReference; lastKnownFileType = sourcecode.swift; path = UISongUtils.swift; sourceTree = "<group>"; };
		53FE147A2B923EEB006C4193 /* ColouredShadowArtworkView.swift */ = {isa = PBXFileReference; lastKnownFileType = sourcecode.swift; path = ColouredShadowArtworkView.swift; sourceTree = "<group>"; };
/* End PBXFileReference section */

/* Begin PBXFrameworksBuildPhase section */
		535053262B5955C800D7EAF2 /* Frameworks */ = {
			isa = PBXFrameworksBuildPhase;
			buildActionMask = 2147483647;
			files = (
				5358F2B62BAA01DC00E3C729 /* NextcloudCapabilitiesKit in Frameworks */,
				53B9796F2B7F6D55002DA742 /* NextcloudKit in Frameworks */,
				5388E8992BC67F3800557E8A /* FLACMetadataKit in Frameworks */,
			);
			runOnlyForDeploymentPostprocessing = 0;
		};
		5350532F2B5955C800D7EAF2 /* Frameworks */ = {
			isa = PBXFrameworksBuildPhase;
			buildActionMask = 2147483647;
			files = (
				535053332B5955C900D7EAF2 /* HarmonyKit.framework in Frameworks */,
			);
			runOnlyForDeploymentPostprocessing = 0;
		};
		535F1BCA2B4A8F1400C78D98 /* Frameworks */ = {
			isa = PBXFrameworksBuildPhase;
			buildActionMask = 2147483647;
			files = (
				5350542F2B64E48600D7EAF2 /* OrderedCollections in Frameworks */,
				5350533E2B5955C900D7EAF2 /* HarmonyKit.framework in Frameworks */,
				535054212B64142200D7EAF2 /* DequeModule in Frameworks */,
			);
			runOnlyForDeploymentPostprocessing = 0;
		};
		535F1BDB2B4A8F1600C78D98 /* Frameworks */ = {
			isa = PBXFrameworksBuildPhase;
			buildActionMask = 2147483647;
			files = (
			);
			runOnlyForDeploymentPostprocessing = 0;
		};
		535F1BE52B4A8F1600C78D98 /* Frameworks */ = {
			isa = PBXFrameworksBuildPhase;
			buildActionMask = 2147483647;
			files = (
			);
			runOnlyForDeploymentPostprocessing = 0;
		};
/* End PBXFrameworksBuildPhase section */

/* Begin PBXGroup section */
		5350532A2B5955C800D7EAF2 /* HarmonyKit */ = {
			isa = PBXGroup;
			children = (
				5350534C2B5955F900D7EAF2 /* Backend */,
				535053482B5955F900D7EAF2 /* Common */,
				5350538B2B5BD18B00D7EAF2 /* Files */,
				535053762B5AB22F00D7EAF2 /* Extensions */,
				535053472B5955F900D7EAF2 /* HarmonyKit.docc */,
				5350534B2B5955F900D7EAF2 /* HarmonyKit.h */,
				5388E89A2BC9357B00557E8A /* HarmonyKit.xctestplan */,
			);
			path = HarmonyKit;
			sourceTree = "<group>";
		};
		535053382B5955C900D7EAF2 /* HarmonyKitTests */ = {
			isa = PBXGroup;
			children = (
				535053562B59565400D7EAF2 /* Backend */,
				535053592B59565400D7EAF2 /* Common */,
				5350538E2B5BD28E00D7EAF2 /* Files */,
				5350536A2B5A930A00D7EAF2 /* Test Data */,
			);
			path = HarmonyKitTests;
			sourceTree = "<group>";
		};
		535053482B5955F900D7EAF2 /* Common */ = {
			isa = PBXGroup;
			children = (
				53FE146A2B8F9457006C4193 /* Album.swift */,
				535DAFC62B9F7AC100C94B62 /* Artist.swift */,
				534F813C2BA311E00068D145 /* Container.swift */,
				535053492B5955F900D7EAF2 /* Song.swift */,
			);
			path = Common;
			sourceTree = "<group>";
		};
		5350534C2B5955F900D7EAF2 /* Backend */ = {
			isa = PBXGroup;
			children = (
				535053912B5BD41200D7EAF2 /* AvailableBackends.swift */,
				5350534D2B5955F900D7EAF2 /* Backend.swift */,
				535053872B5BCD0200D7EAF2 /* BackendDescription.swift */,
				5350541C2B63C71400D7EAF2 /* BackendPresentable.swift */,
				5350534E2B5955F900D7EAF2 /* Files */,
				53D666542B6E9C1D0042C03D /* Nextcloud */,
			);
			path = Backend;
			sourceTree = "<group>";
		};
		5350534E2B5955F900D7EAF2 /* Files */ = {
			isa = PBXGroup;
			children = (
				5350534F2B5955F900D7EAF2 /* FilesBackend.swift */,
				53D6665A2B6E9DCF0042C03D /* FilesBackendDescription.swift */,
			);
			path = Files;
			sourceTree = "<group>";
		};
		535053562B59565400D7EAF2 /* Backend */ = {
			isa = PBXGroup;
			children = (
				535053572B59565400D7EAF2 /* Files */,
			);
			path = Backend;
			sourceTree = "<group>";
		};
		535053572B59565400D7EAF2 /* Files */ = {
			isa = PBXGroup;
			children = (
				535053582B59565400D7EAF2 /* FilesBackendTests.swift */,
			);
			path = Files;
			sourceTree = "<group>";
		};
		535053592B59565400D7EAF2 /* Common */ = {
			isa = PBXGroup;
			children = (
			);
			path = Common;
			sourceTree = "<group>";
		};
		5350536A2B5A930A00D7EAF2 /* Test Data */ = {
			isa = PBXGroup;
			children = (
				535053702B5A9A7500D7EAF2 /* Free_Test_Data_1MB_MP3.mp3 */,
			);
			path = "Test Data";
			sourceTree = "<group>";
		};
		535053742B5AA63500D7EAF2 /* Library */ = {
			isa = PBXGroup;
			children = (
				534F81362BA2EC1A0068D145 /* AlbumContextMenuItems.swift */,
				53FE14762B90F030006C4193 /* AlbumDetailView.swift */,
				53FE146C2B9054A9006C4193 /* AlbumGridItemView.swift */,
				53FE14682B8F8DAA006C4193 /* AlbumsGridView.swift */,
				534F81342BA2AAD60068D145 /* AlbumHeaderView.swift */,
				534F81302BA20FE20068D145 /* AlbumsListView.swift */,
				534F812C2BA08B330068D145 /* AlbumsView.swift */,
				534F81282BA078A70068D145 /* ArtistsListView.swift */,
				534F812A2BA082D90068D145 /* ArtistsSplitView.swift */,
				53FE14742B90E064006C4193 /* ControlsToolbar.swift */,
				53D6665C2B6F34CC0042C03D /* SongContextMenuItems.swift */,
				53D666662B73EAD40042C03D /* SongListItemView.swift */,
				535053722B5AA61A00D7EAF2 /* SongsTable.swift */,
				534F81382BA2EF0E0068D145 /* UIAlbumUtils.swift */,
				53FE14782B91F872006C4193 /* UISongUtils.swift */,
			);
			path = Library;
			sourceTree = "<group>";
		};
		535053762B5AB22F00D7EAF2 /* Extensions */ = {
			isa = PBXGroup;
			children = (
				535053772B5AB24500D7EAF2 /* AVAsset+Extension.swift */,
				535053FE2B62892500D7EAF2 /* AVPlayer+Extension.swift */,
				535053612B5975A100D7EAF2 /* Logger+Extension.swift */,
			);
			path = Extensions;
			sourceTree = "<group>";
		};
		5350537A2B5BB1E200D7EAF2 /* Navigation */ = {
			isa = PBXGroup;
			children = (
				5350537D2B5BB39000D7EAF2 /* DetailColumn.swift */,
				5350537B2B5BB1FE00D7EAF2 /* Sidebar.swift */,
			);
			path = Navigation;
			sourceTree = "<group>";
		};
		5350537F2B5BBB5F00D7EAF2 /* Settings */ = {
			isa = PBXGroup;
			children = (
				535053932B5BDA7500D7EAF2 /* BackendChoiceListItemView.swift */,
				535053852B5BC98B00D7EAF2 /* BackendChoiceView.swift */,
				535053972B5CF4C900D7EAF2 /* BackendConfigurationFieldView.swift */,
				5350539A2B5D026F00D7EAF2 /* BackendConfigurationUtils.swift */,
				535053952B5BE96800D7EAF2 /* BackendConfigurationView.swift */,
				5350541A2B63BBC500D7EAF2 /* ConfiguredBackendsListItemView.swift */,
				535054312B66248C00D7EAF2 /* ConfiguredBackendsListView.swift */,
				5315227A2B8BC936002E31BE /* KeychainUtils.swift */,
				535053EF2B62186F00D7EAF2 /* SettingsSheet.swift */,
				535053802B5BBDC000D7EAF2 /* SettingsView.swift */,
			);
			path = Settings;
			sourceTree = "<group>";
		};
		5350538B2B5BD18B00D7EAF2 /* Files */ = {
			isa = PBXGroup;
			children = (
				535053F32B6239AC00D7EAF2 /* FilePickerRepresentable.swift */,
				5350538C2B5BD1A700D7EAF2 /* FilePlayability.swift */,
				5350534A2B5955F900D7EAF2 /* LocalFileUtils.swift */,
			);
			path = Files;
			sourceTree = "<group>";
		};
		5350538E2B5BD28E00D7EAF2 /* Files */ = {
			isa = PBXGroup;
			children = (
				5350535A2B59565400D7EAF2 /* FilePlayabilityTests.swift */,
			);
			path = Files;
			sourceTree = "<group>";
		};
		5350539E2B5D1CB700D7EAF2 /* Models */ = {
			isa = PBXGroup;
			children = (
				5350539F2B5D1CC700D7EAF2 /* BackendsModel.swift */,
			);
			path = Models;
			sourceTree = "<group>";
		};
		535053F52B625A9D00D7EAF2 /* Player */ = {
			isa = PBXGroup;
			children = (
				53D666622B7285120042C03D /* FloatingCurrentSongView.swift */,
				53802A392B66AF2B0066208D /* PhonePlayerDrawer.swift */,
				535053F62B625AB100D7EAF2 /* PlayerController.swift */,
				535054002B62D98200D7EAF2 /* PlayerQueue.swift */,
				534F81402BA7082F0068D145 /* PlayerQueueItem.swift */,
				53D6664C2B6B7E3E0042C03D /* PlayerQueueListItemView.swift */,
				535054092B63939C00D7EAF2 /* PlayerQueueView.swift */,
				53D6666B2B74D6C80042C03D /* PlayerScrubberView.swift */,
				535054072B635A0B00D7EAF2 /* ToolbarCurrentSongView.swift */,
				53802A3D2B6790330066208D /* ToolbarVolumeSliderView.swift */,
			);
			path = Player;
			sourceTree = "<group>";
		};
		535054022B6356E400D7EAF2 /* Extensions */ = {
			isa = PBXGroup;
			children = (
				53D666522B6E50340042C03D /* EnvironmentValues+Extension.swift */,
				535054032B6356EF00D7EAF2 /* Logger+Extension.swift */,
			);
			path = Extensions;
			sourceTree = "<group>";
		};
		5350540D2B63A10B00D7EAF2 /* Buttons */ = {
			isa = PBXGroup;
			children = (
				53B979762B834EA4002DA742 /* AirPlayButton.swift */,
				535054102B63A1EB00D7EAF2 /* ChangeSongButton.swift */,
				534F81422BA824920068D145 /* KeepOfflineButton.swift */,
				5350540E2B63A12800D7EAF2 /* PlayButton.swift */,
				535054182B63A4AA00D7EAF2 /* QueueButton.swift */,
				535054162B63A3F500D7EAF2 /* RepeatButton.swift */,
				535054142B63A3AD00D7EAF2 /* ShuffleButton.swift */,
				539C54E82BBF10C8005C9F9A /* SyncBackendButton.swift */,
			);
			path = Buttons;
			sourceTree = "<group>";
		};
		535054302B64EF5300D7EAF2 /* Sync */ = {
			isa = PBXGroup;
			children = (
				539C54E62BBF0F97005C9F9A /* CurrentSyncDataActor.swift */,
				5350535F2B59581600D7EAF2 /* SyncController.swift */,
				534F813E2BA47F990068D145 /* SyncDataActor.swift */,
			);
			path = Sync;
			sourceTree = "<group>";
		};
		5358F2BB2BAADBE700E3C729 /* Screenshots */ = {
			isa = PBXGroup;
			children = (
				5358F2BC2BAADBE700E3C729 /* desktop-albums.png */,
				5358F2BD2BAADBE700E3C729 /* desktop-album-detail.png */,
				5358F2BE2BAADBE700E3C729 /* desktop-artists.png */,
				5358F2BF2BAADBE700E3C729 /* phone-album-detail.png */,
				5358F2C02BAADBE700E3C729 /* phone-albums.png */,
				5358F2C12BAADBE700E3C729 /* phone-songs.png */,
				5358F2C32BAAE38900E3C729 /* phone-song-drawer.png */,
				5358F2C42BAAE39900E3C729 /* phone-queue-drawer.png */,
				5358F2C22BAADBE700E3C729 /* desktop-songs.png */,
			);
			path = Screenshots;
			sourceTree = "<group>";
		};
		535F1BC42B4A8F1400C78D98 = {
			isa = PBXGroup;
			children = (
				5358F2BA2BAADAB700E3C729 /* README.md */,
				535F1BCF2B4A8F1400C78D98 /* Harmony */,
				535F1BE12B4A8F1600C78D98 /* HarmonyTests */,
				535F1BEB2B4A8F1600C78D98 /* HarmonyUITests */,
				5350532A2B5955C800D7EAF2 /* HarmonyKit */,
				535053382B5955C900D7EAF2 /* HarmonyKitTests */,
				535F1BCE2B4A8F1400C78D98 /* Products */,
				5358F2BB2BAADBE700E3C729 /* Screenshots */,
			);
			sourceTree = "<group>";
		};
		535F1BCE2B4A8F1400C78D98 /* Products */ = {
			isa = PBXGroup;
			children = (
				535F1BCD2B4A8F1400C78D98 /* Harmony.app */,
				535F1BDE2B4A8F1600C78D98 /* HarmonyTests.xctest */,
				535F1BE82B4A8F1600C78D98 /* HarmonyUITests.xctest */,
				535053292B5955C800D7EAF2 /* HarmonyKit.framework */,
				535053322B5955C800D7EAF2 /* HarmonyKitTests.xctest */,
			);
			name = Products;
			sourceTree = "<group>";
		};
		535F1BCF2B4A8F1400C78D98 /* Harmony */ = {
			isa = PBXGroup;
			children = (
				5350540D2B63A10B00D7EAF2 /* Buttons */,
				53D666682B74C51B0042C03D /* Common */,
				535054022B6356E400D7EAF2 /* Extensions */,
				535053742B5AA63500D7EAF2 /* Library */,
				5350537A2B5BB1E200D7EAF2 /* Navigation */,
				5350539E2B5D1CB700D7EAF2 /* Models */,
				535053F52B625A9D00D7EAF2 /* Player */,
				5350537F2B5BBB5F00D7EAF2 /* Settings */,
				535054302B64EF5300D7EAF2 /* Sync */,
				535F1BD22B4A8F1400C78D98 /* ContentView.swift */,
				535F1BD02B4A8F1400C78D98 /* HarmonyApp.swift */,
				53EA71272B9DAB38008FEB8A /* SplitContentView.swift */,
				53EA71292B9DAF7B008FEB8A /* TabContentView.swift */,
				535F1BD42B4A8F1600C78D98 /* Assets.xcassets */,
				535F1BD62B4A8F1600C78D98 /* Harmony.entitlements */,
				5335FA0D2BC5B22000AC4596 /* Harmony.xctestplan */,
				535053792B5BA65F00D7EAF2 /* Info.plist */,
				535F1BD72B4A8F1600C78D98 /* Preview Content */,
			);
			path = Harmony;
			sourceTree = "<group>";
		};
		535F1BD72B4A8F1600C78D98 /* Preview Content */ = {
			isa = PBXGroup;
			children = (
				535F1BD82B4A8F1600C78D98 /* Preview Assets.xcassets */,
			);
			path = "Preview Content";
			sourceTree = "<group>";
		};
		535F1BE12B4A8F1600C78D98 /* HarmonyTests */ = {
			isa = PBXGroup;
			children = (
				5388E8A12BCAE9CD00557E8A /* PlayerQueueTests.swift */,
				5388E89B2BC93EC800557E8A /* SyncDataActorTests.swift */,
			);
			path = HarmonyTests;
			sourceTree = "<group>";
		};
		535F1BEB2B4A8F1600C78D98 /* HarmonyUITests */ = {
			isa = PBXGroup;
			children = (
				535F1BEC2B4A8F1600C78D98 /* HarmonyUITests.swift */,
				535F1BEE2B4A8F1600C78D98 /* HarmonyUITestsLaunchTests.swift */,
			);
			path = HarmonyUITests;
			sourceTree = "<group>";
		};
		53D666542B6E9C1D0042C03D /* Nextcloud */ = {
			isa = PBXGroup;
			children = (
				53B979722B80274C002DA742 /* NextcloudAVAssetResourceLoaderDelegate.swift */,
				53D666552B6E9C300042C03D /* NextcloudBackend.swift */,
				53D666572B6E9DB60042C03D /* NextcloudBackendDescription.swift */,
			);
			path = Nextcloud;
			sourceTree = "<group>";
		};
		53D666682B74C51B0042C03D /* Common */ = {
			isa = PBXGroup;
			children = (
				53FE146E2B905D16006C4193 /* ArtworkView.swift */,
				53FE14702B906C68006C4193 /* BorderedArtworkView.swift */,
				53FE147A2B923EEB006C4193 /* ColouredShadowArtworkView.swift */,
				5315227C2B8CF235002E31BE /* CurrentlyPlayingSongIndicatorView.swift */,
				53B19BE32B9A0EBA00FE53E4 /* DownloadStateLabelView.swift */,
				53B979742B833AA9002DA742 /* LoadingIndicatorOverlayView.swift */,
				53B9796B2B7E8159002DA742 /* PlaceholderArtworkView.swift */,
				53F4C8AC2B9CDFD80063604E /* SongDownloadStateView.swift */,
				53EA712B2B9E1053008FEB8A /* TabBarAccessor.swift */,
				53D666692B74C53F0042C03D /* UIMeasurements.swift */,
			);
			path = Common;
			sourceTree = "<group>";
		};
/* End PBXGroup section */

/* Begin PBXHeadersBuildPhase section */
		535053242B5955C800D7EAF2 /* Headers */ = {
			isa = PBXHeadersBuildPhase;
			buildActionMask = 2147483647;
			files = (
				535053532B5955F900D7EAF2 /* HarmonyKit.h in Headers */,
			);
			runOnlyForDeploymentPostprocessing = 0;
		};
/* End PBXHeadersBuildPhase section */

/* Begin PBXNativeTarget section */
		535053282B5955C800D7EAF2 /* HarmonyKit */ = {
			isa = PBXNativeTarget;
			buildConfigurationList = 535053402B5955C900D7EAF2 /* Build configuration list for PBXNativeTarget "HarmonyKit" */;
			buildPhases = (
				535053242B5955C800D7EAF2 /* Headers */,
				535053252B5955C800D7EAF2 /* Sources */,
				535053262B5955C800D7EAF2 /* Frameworks */,
				535053272B5955C800D7EAF2 /* Resources */,
			);
			buildRules = (
			);
			dependencies = (
				539C54E52BBEE1F7005C9F9A /* PBXTargetDependency */,
			);
			name = HarmonyKit;
			packageProductDependencies = (
				53B9796E2B7F6D55002DA742 /* NextcloudKit */,
				5358F2B52BAA01DC00E3C729 /* NextcloudCapabilitiesKit */,
				5388E8982BC67F3800557E8A /* FLACMetadataKit */,
			);
			productName = HarmonyKit;
			productReference = 535053292B5955C800D7EAF2 /* HarmonyKit.framework */;
			productType = "com.apple.product-type.framework";
		};
		535053312B5955C800D7EAF2 /* HarmonyKitTests */ = {
			isa = PBXNativeTarget;
			buildConfigurationList = 535053442B5955C900D7EAF2 /* Build configuration list for PBXNativeTarget "HarmonyKitTests" */;
			buildPhases = (
				5350532E2B5955C800D7EAF2 /* Sources */,
				5350532F2B5955C800D7EAF2 /* Frameworks */,
				535053302B5955C800D7EAF2 /* Resources */,
			);
			buildRules = (
			);
			dependencies = (
				535053352B5955C900D7EAF2 /* PBXTargetDependency */,
			);
			name = HarmonyKitTests;
			productName = HarmonyKitTests;
			productReference = 535053322B5955C800D7EAF2 /* HarmonyKitTests.xctest */;
			productType = "com.apple.product-type.bundle.unit-test";
		};
		535F1BCC2B4A8F1400C78D98 /* Harmony */ = {
			isa = PBXNativeTarget;
			buildConfigurationList = 535F1BF22B4A8F1600C78D98 /* Build configuration list for PBXNativeTarget "Harmony" */;
			buildPhases = (
				535F1BC92B4A8F1400C78D98 /* Sources */,
				535F1BCA2B4A8F1400C78D98 /* Frameworks */,
				535F1BCB2B4A8F1400C78D98 /* Resources */,
				535053432B5955C900D7EAF2 /* Embed Frameworks */,
			);
			buildRules = (
			);
			dependencies = (
				5350533D2B5955C900D7EAF2 /* PBXTargetDependency */,
			);
			name = Harmony;
			packageProductDependencies = (
				535054202B64142200D7EAF2 /* DequeModule */,
				5350542E2B64E48600D7EAF2 /* OrderedCollections */,
			);
			productName = Harmony;
			productReference = 535F1BCD2B4A8F1400C78D98 /* Harmony.app */;
			productType = "com.apple.product-type.application";
		};
		535F1BDD2B4A8F1600C78D98 /* HarmonyTests */ = {
			isa = PBXNativeTarget;
			buildConfigurationList = 535F1BF52B4A8F1600C78D98 /* Build configuration list for PBXNativeTarget "HarmonyTests" */;
			buildPhases = (
				535F1BDA2B4A8F1600C78D98 /* Sources */,
				535F1BDB2B4A8F1600C78D98 /* Frameworks */,
				535F1BDC2B4A8F1600C78D98 /* Resources */,
			);
			buildRules = (
			);
			dependencies = (
				535F1BE02B4A8F1600C78D98 /* PBXTargetDependency */,
			);
			name = HarmonyTests;
			productName = HarmonyTests;
			productReference = 535F1BDE2B4A8F1600C78D98 /* HarmonyTests.xctest */;
			productType = "com.apple.product-type.bundle.unit-test";
		};
		535F1BE72B4A8F1600C78D98 /* HarmonyUITests */ = {
			isa = PBXNativeTarget;
			buildConfigurationList = 535F1BF82B4A8F1600C78D98 /* Build configuration list for PBXNativeTarget "HarmonyUITests" */;
			buildPhases = (
				535F1BE42B4A8F1600C78D98 /* Sources */,
				535F1BE52B4A8F1600C78D98 /* Frameworks */,
				535F1BE62B4A8F1600C78D98 /* Resources */,
			);
			buildRules = (
			);
			dependencies = (
				535F1BEA2B4A8F1600C78D98 /* PBXTargetDependency */,
			);
			name = HarmonyUITests;
			productName = HarmonyUITests;
			productReference = 535F1BE82B4A8F1600C78D98 /* HarmonyUITests.xctest */;
			productType = "com.apple.product-type.bundle.ui-testing";
		};
/* End PBXNativeTarget section */

/* Begin PBXProject section */
		535F1BC52B4A8F1400C78D98 /* Project object */ = {
			isa = PBXProject;
			attributes = {
				BuildIndependentTargetsInParallel = NO;
				LastSwiftUpdateCheck = 1520;
				LastUpgradeCheck = 1520;
				TargetAttributes = {
					535053282B5955C800D7EAF2 = {
						CreatedOnToolsVersion = 15.2;
					};
					535053312B5955C800D7EAF2 = {
						CreatedOnToolsVersion = 15.2;
						TestTargetID = 535F1BCC2B4A8F1400C78D98;
					};
					535F1BCC2B4A8F1400C78D98 = {
						CreatedOnToolsVersion = 15.1;
					};
					535F1BDD2B4A8F1600C78D98 = {
						CreatedOnToolsVersion = 15.1;
						TestTargetID = 535F1BCC2B4A8F1400C78D98;
					};
					535F1BE72B4A8F1600C78D98 = {
						CreatedOnToolsVersion = 15.1;
						TestTargetID = 535F1BCC2B4A8F1400C78D98;
					};
				};
			};
			buildConfigurationList = 535F1BC82B4A8F1400C78D98 /* Build configuration list for PBXProject "Harmony" */;
			compatibilityVersion = "Xcode 14.0";
			developmentRegion = en;
			hasScannedForEncodings = 0;
			knownRegions = (
				en,
				Base,
			);
			mainGroup = 535F1BC42B4A8F1400C78D98;
			packageReferences = (
				5350541F2B64142200D7EAF2 /* XCRemoteSwiftPackageReference "swift-collections" */,
				53B9796D2B7F6D55002DA742 /* XCRemoteSwiftPackageReference "NextcloudKit" */,
				5358F2B42BAA01DC00E3C729 /* XCRemoteSwiftPackageReference "NextcloudCapabilitiesKit" */,
				5388E8972BC67F3800557E8A /* XCRemoteSwiftPackageReference "FLACMetadataKit" */,
			);
			productRefGroup = 535F1BCE2B4A8F1400C78D98 /* Products */;
			projectDirPath = "";
			projectRoot = "";
			targets = (
				535F1BCC2B4A8F1400C78D98 /* Harmony */,
				535F1BDD2B4A8F1600C78D98 /* HarmonyTests */,
				535F1BE72B4A8F1600C78D98 /* HarmonyUITests */,
				535053282B5955C800D7EAF2 /* HarmonyKit */,
				535053312B5955C800D7EAF2 /* HarmonyKitTests */,
			);
		};
/* End PBXProject section */

/* Begin PBXResourcesBuildPhase section */
		535053272B5955C800D7EAF2 /* Resources */ = {
			isa = PBXResourcesBuildPhase;
			buildActionMask = 2147483647;
			files = (
			);
			runOnlyForDeploymentPostprocessing = 0;
		};
		535053302B5955C800D7EAF2 /* Resources */ = {
			isa = PBXResourcesBuildPhase;
			buildActionMask = 2147483647;
			files = (
				535053712B5A9A7500D7EAF2 /* Free_Test_Data_1MB_MP3.mp3 in Resources */,
			);
			runOnlyForDeploymentPostprocessing = 0;
		};
		535F1BCB2B4A8F1400C78D98 /* Resources */ = {
			isa = PBXResourcesBuildPhase;
			buildActionMask = 2147483647;
			files = (
				535F1BD92B4A8F1600C78D98 /* Preview Assets.xcassets in Resources */,
				535F1BD52B4A8F1600C78D98 /* Assets.xcassets in Resources */,
			);
			runOnlyForDeploymentPostprocessing = 0;
		};
		535F1BDC2B4A8F1600C78D98 /* Resources */ = {
			isa = PBXResourcesBuildPhase;
			buildActionMask = 2147483647;
			files = (
			);
			runOnlyForDeploymentPostprocessing = 0;
		};
		535F1BE62B4A8F1600C78D98 /* Resources */ = {
			isa = PBXResourcesBuildPhase;
			buildActionMask = 2147483647;
			files = (
			);
			runOnlyForDeploymentPostprocessing = 0;
		};
/* End PBXResourcesBuildPhase section */

/* Begin PBXSourcesBuildPhase section */
		535053252B5955C800D7EAF2 /* Sources */ = {
			isa = PBXSourcesBuildPhase;
			buildActionMask = 2147483647;
			files = (
				5350541D2B63C71400D7EAF2 /* BackendPresentable.swift in Sources */,
				53FE146B2B8F9457006C4193 /* Album.swift in Sources */,
				535053F42B6239AC00D7EAF2 /* FilePickerRepresentable.swift in Sources */,
				535053782B5AB24500D7EAF2 /* AVAsset+Extension.swift in Sources */,
				535053522B5955F900D7EAF2 /* LocalFileUtils.swift in Sources */,
				535053882B5BCD0200D7EAF2 /* BackendDescription.swift in Sources */,
				5350538D2B5BD1A700D7EAF2 /* FilePlayability.swift in Sources */,
				535053512B5955F900D7EAF2 /* Song.swift in Sources */,
				534F813D2BA311E00068D145 /* Container.swift in Sources */,
				535053922B5BD41200D7EAF2 /* AvailableBackends.swift in Sources */,
				535053FF2B62892500D7EAF2 /* AVPlayer+Extension.swift in Sources */,
				53B979732B80274C002DA742 /* NextcloudAVAssetResourceLoaderDelegate.swift in Sources */,
				535053552B5955F900D7EAF2 /* FilesBackend.swift in Sources */,
				535053622B5975A100D7EAF2 /* Logger+Extension.swift in Sources */,
				53D666562B6E9C300042C03D /* NextcloudBackend.swift in Sources */,
				535DAFC72B9F7AC100C94B62 /* Artist.swift in Sources */,
				53D666582B6E9DB60042C03D /* NextcloudBackendDescription.swift in Sources */,
				535053502B5955F900D7EAF2 /* HarmonyKit.docc in Sources */,
				535053542B5955F900D7EAF2 /* Backend.swift in Sources */,
				53D6665B2B6E9DCF0042C03D /* FilesBackendDescription.swift in Sources */,
			);
			runOnlyForDeploymentPostprocessing = 0;
		};
		5350532E2B5955C800D7EAF2 /* Sources */ = {
			isa = PBXSourcesBuildPhase;
			buildActionMask = 2147483647;
			files = (
				5350535B2B59565400D7EAF2 /* FilesBackendTests.swift in Sources */,
				5350535C2B59565400D7EAF2 /* FilePlayabilityTests.swift in Sources */,
			);
			runOnlyForDeploymentPostprocessing = 0;
		};
		535F1BC92B4A8F1400C78D98 /* Sources */ = {
			isa = PBXSourcesBuildPhase;
			buildActionMask = 2147483647;
			files = (
				535053962B5BE96800D7EAF2 /* BackendConfigurationView.swift in Sources */,
				539C54E92BBF10C8005C9F9A /* SyncBackendButton.swift in Sources */,
				5350540F2B63A12800D7EAF2 /* PlayButton.swift in Sources */,
				53FE14692B8F8DAA006C4193 /* AlbumsGridView.swift in Sources */,
				53D666532B6E50340042C03D /* EnvironmentValues+Extension.swift in Sources */,
				5315227B2B8BC936002E31BE /* KeychainUtils.swift in Sources */,
				535F1BD32B4A8F1400C78D98 /* ContentView.swift in Sources */,
				535054152B63A3AD00D7EAF2 /* ShuffleButton.swift in Sources */,
				535054112B63A1EB00D7EAF2 /* ChangeSongButton.swift in Sources */,
				53D6666A2B74C53F0042C03D /* UIMeasurements.swift in Sources */,
				53FE14792B91F872006C4193 /* UISongUtils.swift in Sources */,
				535053942B5BDA7500D7EAF2 /* BackendChoiceListItemView.swift in Sources */,
				535054322B66248C00D7EAF2 /* ConfiguredBackendsListView.swift in Sources */,
				535053732B5AA61A00D7EAF2 /* SongsTable.swift in Sources */,
				53D666672B73EAD40042C03D /* SongListItemView.swift in Sources */,
				5350537C2B5BB1FE00D7EAF2 /* Sidebar.swift in Sources */,
				534F81292BA078A70068D145 /* ArtistsListView.swift in Sources */,
				535054192B63A4AA00D7EAF2 /* QueueButton.swift in Sources */,
				53802A3A2B66AF2B0066208D /* PhonePlayerDrawer.swift in Sources */,
				534F812D2BA08B330068D145 /* AlbumsView.swift in Sources */,
				535053812B5BBDC000D7EAF2 /* SettingsView.swift in Sources */,
				5350539B2B5D026F00D7EAF2 /* BackendConfigurationUtils.swift in Sources */,
				53B9796C2B7E8159002DA742 /* PlaceholderArtworkView.swift in Sources */,
				53EA712A2B9DAF7B008FEB8A /* TabContentView.swift in Sources */,
				534F81372BA2EC1A0068D145 /* AlbumContextMenuItems.swift in Sources */,
				535053862B5BC98B00D7EAF2 /* BackendChoiceView.swift in Sources */,
				53D6666C2B74D6C80042C03D /* PlayerScrubberView.swift in Sources */,
				535053A02B5D1CC700D7EAF2 /* BackendsModel.swift in Sources */,
				535F1BD12B4A8F1400C78D98 /* HarmonyApp.swift in Sources */,
				53FE14772B90F030006C4193 /* AlbumDetailView.swift in Sources */,
				534F812B2BA082D90068D145 /* ArtistsSplitView.swift in Sources */,
				53B979752B833AA9002DA742 /* LoadingIndicatorOverlayView.swift in Sources */,
				535054172B63A3F500D7EAF2 /* RepeatButton.swift in Sources */,
				535053982B5CF4C900D7EAF2 /* BackendConfigurationFieldView.swift in Sources */,
				534F81392BA2EF0E0068D145 /* UIAlbumUtils.swift in Sources */,
				53FE14752B90E064006C4193 /* ControlsToolbar.swift in Sources */,
				53F4C8AD2B9CDFD80063604E /* SongDownloadStateView.swift in Sources */,
				53EA712C2B9E1053008FEB8A /* TabBarAccessor.swift in Sources */,
				534F81312BA20FE20068D145 /* AlbumsListView.swift in Sources */,
				53D6664D2B6B7E3E0042C03D /* PlayerQueueListItemView.swift in Sources */,
				535053F02B62186F00D7EAF2 /* SettingsSheet.swift in Sources */,
				539C54E72BBF0F97005C9F9A /* CurrentSyncDataActor.swift in Sources */,
				53FE14712B906C68006C4193 /* BorderedArtworkView.swift in Sources */,
				534F81412BA7082F0068D145 /* PlayerQueueItem.swift in Sources */,
				5350540A2B63939C00D7EAF2 /* PlayerQueueView.swift in Sources */,
				534F813F2BA47F990068D145 /* SyncDataActor.swift in Sources */,
				5350542B2B64293600D7EAF2 /* SyncController.swift in Sources */,
				534F81352BA2AAD60068D145 /* AlbumHeaderView.swift in Sources */,
				53FE147B2B923EEB006C4193 /* ColouredShadowArtworkView.swift in Sources */,
				53FE146D2B9054A9006C4193 /* AlbumGridItemView.swift in Sources */,
				535054042B6356EF00D7EAF2 /* Logger+Extension.swift in Sources */,
				5315227D2B8CF235002E31BE /* CurrentlyPlayingSongIndicatorView.swift in Sources */,
				535054082B635A0B00D7EAF2 /* ToolbarCurrentSongView.swift in Sources */,
				535054012B62D98200D7EAF2 /* PlayerQueue.swift in Sources */,
				53D6665D2B6F34CC0042C03D /* SongContextMenuItems.swift in Sources */,
				53D666632B7285120042C03D /* FloatingCurrentSongView.swift in Sources */,
				535053F72B625AB100D7EAF2 /* PlayerController.swift in Sources */,
				53B979772B834EA4002DA742 /* AirPlayButton.swift in Sources */,
				53EA71282B9DAB38008FEB8A /* SplitContentView.swift in Sources */,
				534F81432BA824920068D145 /* KeepOfflineButton.swift in Sources */,
				5350537E2B5BB39000D7EAF2 /* DetailColumn.swift in Sources */,
				53FE146F2B905D16006C4193 /* ArtworkView.swift in Sources */,
				5350541B2B63BBC500D7EAF2 /* ConfiguredBackendsListItemView.swift in Sources */,
				53B19BE42B9A0EBA00FE53E4 /* DownloadStateLabelView.swift in Sources */,
				53802A3E2B6790330066208D /* ToolbarVolumeSliderView.swift in Sources */,
			);
			runOnlyForDeploymentPostprocessing = 0;
		};
		535F1BDA2B4A8F1600C78D98 /* Sources */ = {
			isa = PBXSourcesBuildPhase;
			buildActionMask = 2147483647;
			files = (
				5388E8A22BCAE9CD00557E8A /* PlayerQueueTests.swift in Sources */,
				5388E89C2BC93EC800557E8A /* SyncDataActorTests.swift in Sources */,
			);
			runOnlyForDeploymentPostprocessing = 0;
		};
		535F1BE42B4A8F1600C78D98 /* Sources */ = {
			isa = PBXSourcesBuildPhase;
			buildActionMask = 2147483647;
			files = (
				535F1BED2B4A8F1600C78D98 /* HarmonyUITests.swift in Sources */,
				535F1BEF2B4A8F1600C78D98 /* HarmonyUITestsLaunchTests.swift in Sources */,
			);
			runOnlyForDeploymentPostprocessing = 0;
		};
/* End PBXSourcesBuildPhase section */

/* Begin PBXTargetDependency section */
		535053352B5955C900D7EAF2 /* PBXTargetDependency */ = {
			isa = PBXTargetDependency;
			target = 535053282B5955C800D7EAF2 /* HarmonyKit */;
			targetProxy = 535053342B5955C900D7EAF2 /* PBXContainerItemProxy */;
		};
		5350533D2B5955C900D7EAF2 /* PBXTargetDependency */ = {
			isa = PBXTargetDependency;
			target = 535053282B5955C800D7EAF2 /* HarmonyKit */;
			targetProxy = 5350533C2B5955C900D7EAF2 /* PBXContainerItemProxy */;
		};
		535F1BE02B4A8F1600C78D98 /* PBXTargetDependency */ = {
			isa = PBXTargetDependency;
			target = 535F1BCC2B4A8F1400C78D98 /* Harmony */;
			targetProxy = 535F1BDF2B4A8F1600C78D98 /* PBXContainerItemProxy */;
		};
		535F1BEA2B4A8F1600C78D98 /* PBXTargetDependency */ = {
			isa = PBXTargetDependency;
			target = 535F1BCC2B4A8F1400C78D98 /* Harmony */;
			targetProxy = 535F1BE92B4A8F1600C78D98 /* PBXContainerItemProxy */;
		};
		539C54E52BBEE1F7005C9F9A /* PBXTargetDependency */ = {
			isa = PBXTargetDependency;
			productRef = 539C54E42BBEE1F7005C9F9A /* NextcloudKit */;
		};
/* End PBXTargetDependency section */

/* Begin XCBuildConfiguration section */
		535053412B5955C900D7EAF2 /* Debug */ = {
			isa = XCBuildConfiguration;
			buildSettings = {
				CODE_SIGN_STYLE = Automatic;
				CURRENT_PROJECT_VERSION = 1;
				DEFINES_MODULE = YES;
				DEVELOPMENT_TEAM = C4QUVLMPQU;
				DYLIB_COMPATIBILITY_VERSION = 1;
				DYLIB_CURRENT_VERSION = 1;
				DYLIB_INSTALL_NAME_BASE = "@rpath";
				ENABLE_MODULE_VERIFIER = YES;
				ENABLE_TESTING_SEARCH_PATHS = YES;
				GENERATE_INFOPLIST_FILE = YES;
				INFOPLIST_KEY_NSHumanReadableCopyright = "";
				INSTALL_PATH = "$(LOCAL_LIBRARY_DIR)/Frameworks";
				IPHONEOS_DEPLOYMENT_TARGET = 17.2;
				LD_RUNPATH_SEARCH_PATHS = (
					"@executable_path/Frameworks",
					"@loader_path/Frameworks",
				);
				"LD_RUNPATH_SEARCH_PATHS[sdk=macosx*]" = (
					"@executable_path/../Frameworks",
					"@loader_path/Frameworks",
				);
				MACOSX_DEPLOYMENT_TARGET = 14.0;
				MARKETING_VERSION = 1.0;
				MODULE_VERIFIER_SUPPORTED_LANGUAGES = "objective-c objective-c++";
				MODULE_VERIFIER_SUPPORTED_LANGUAGE_STANDARDS = "gnu17 gnu++20";
				PRODUCT_BUNDLE_IDENTIFIER = com.claucambra.HarmonyKit;
				PRODUCT_NAME = "$(TARGET_NAME:c99extidentifier)";
				SDKROOT = auto;
				SKIP_INSTALL = YES;
				SUPPORTED_PLATFORMS = "iphoneos iphonesimulator macosx";
				SWIFT_EMIT_LOC_STRINGS = YES;
				SWIFT_INSTALL_OBJC_HEADER = NO;
				SWIFT_VERSION = 5.0;
				TARGETED_DEVICE_FAMILY = "1,2";
				VERSIONING_SYSTEM = "apple-generic";
				VERSION_INFO_PREFIX = "";
			};
			name = Debug;
		};
		535053422B5955C900D7EAF2 /* Release */ = {
			isa = XCBuildConfiguration;
			buildSettings = {
				CODE_SIGN_STYLE = Automatic;
				CURRENT_PROJECT_VERSION = 1;
				DEFINES_MODULE = YES;
				DEVELOPMENT_TEAM = C4QUVLMPQU;
				DYLIB_COMPATIBILITY_VERSION = 1;
				DYLIB_CURRENT_VERSION = 1;
				DYLIB_INSTALL_NAME_BASE = "@rpath";
				ENABLE_MODULE_VERIFIER = YES;
				ENABLE_TESTING_SEARCH_PATHS = YES;
				GENERATE_INFOPLIST_FILE = YES;
				INFOPLIST_KEY_NSHumanReadableCopyright = "";
				INSTALL_PATH = "$(LOCAL_LIBRARY_DIR)/Frameworks";
				IPHONEOS_DEPLOYMENT_TARGET = 17.2;
				LD_RUNPATH_SEARCH_PATHS = (
					"@executable_path/Frameworks",
					"@loader_path/Frameworks",
				);
				"LD_RUNPATH_SEARCH_PATHS[sdk=macosx*]" = (
					"@executable_path/../Frameworks",
					"@loader_path/Frameworks",
				);
				MACOSX_DEPLOYMENT_TARGET = 14.0;
				MARKETING_VERSION = 1.0;
				MODULE_VERIFIER_SUPPORTED_LANGUAGES = "objective-c objective-c++";
				MODULE_VERIFIER_SUPPORTED_LANGUAGE_STANDARDS = "gnu17 gnu++20";
				PRODUCT_BUNDLE_IDENTIFIER = com.claucambra.HarmonyKit;
				PRODUCT_NAME = "$(TARGET_NAME:c99extidentifier)";
				SDKROOT = auto;
				SKIP_INSTALL = YES;
				SUPPORTED_PLATFORMS = "iphoneos iphonesimulator macosx";
				SWIFT_EMIT_LOC_STRINGS = YES;
				SWIFT_INSTALL_OBJC_HEADER = NO;
				SWIFT_VERSION = 5.0;
				TARGETED_DEVICE_FAMILY = "1,2";
				VERSIONING_SYSTEM = "apple-generic";
				VERSION_INFO_PREFIX = "";
			};
			name = Release;
		};
		535053452B5955C900D7EAF2 /* Debug */ = {
			isa = XCBuildConfiguration;
			buildSettings = {
				ALWAYS_EMBED_SWIFT_STANDARD_LIBRARIES = YES;
				CODE_SIGN_STYLE = Automatic;
				CURRENT_PROJECT_VERSION = 1;
				DEVELOPMENT_TEAM = C4QUVLMPQU;
				GENERATE_INFOPLIST_FILE = YES;
				IPHONEOS_DEPLOYMENT_TARGET = 17.2;
				MACOSX_DEPLOYMENT_TARGET = 14.2;
				MARKETING_VERSION = 1.0;
				PRODUCT_BUNDLE_IDENTIFIER = com.claucambra.HarmonyKitTests;
				PRODUCT_NAME = "$(TARGET_NAME)";
				SDKROOT = auto;
				SUPPORTED_PLATFORMS = "iphoneos iphonesimulator macosx";
				SWIFT_EMIT_LOC_STRINGS = NO;
				SWIFT_VERSION = 5.0;
				TARGETED_DEVICE_FAMILY = "1,2";
				TEST_HOST = "$(BUILT_PRODUCTS_DIR)/Harmony.app/$(BUNDLE_EXECUTABLE_FOLDER_PATH)/Harmony";
			};
			name = Debug;
		};
		535053462B5955C900D7EAF2 /* Release */ = {
			isa = XCBuildConfiguration;
			buildSettings = {
				ALWAYS_EMBED_SWIFT_STANDARD_LIBRARIES = YES;
				CODE_SIGN_STYLE = Automatic;
				CURRENT_PROJECT_VERSION = 1;
				DEVELOPMENT_TEAM = C4QUVLMPQU;
				GENERATE_INFOPLIST_FILE = YES;
				IPHONEOS_DEPLOYMENT_TARGET = 17.2;
				MACOSX_DEPLOYMENT_TARGET = 14.2;
				MARKETING_VERSION = 1.0;
				PRODUCT_BUNDLE_IDENTIFIER = com.claucambra.HarmonyKitTests;
				PRODUCT_NAME = "$(TARGET_NAME)";
				SDKROOT = auto;
				SUPPORTED_PLATFORMS = "iphoneos iphonesimulator macosx";
				SWIFT_EMIT_LOC_STRINGS = NO;
				SWIFT_VERSION = 5.0;
				TARGETED_DEVICE_FAMILY = "1,2";
				TEST_HOST = "$(BUILT_PRODUCTS_DIR)/Harmony.app/$(BUNDLE_EXECUTABLE_FOLDER_PATH)/Harmony";
			};
			name = Release;
		};
		535F1BF02B4A8F1600C78D98 /* Debug */ = {
			isa = XCBuildConfiguration;
			buildSettings = {
				ALWAYS_SEARCH_USER_PATHS = NO;
				ASSETCATALOG_COMPILER_GENERATE_SWIFT_ASSET_SYMBOL_EXTENSIONS = YES;
				CLANG_ANALYZER_NONNULL = YES;
				CLANG_ANALYZER_NUMBER_OBJECT_CONVERSION = YES_AGGRESSIVE;
				CLANG_CXX_LANGUAGE_STANDARD = "gnu++20";
				CLANG_ENABLE_MODULES = YES;
				CLANG_ENABLE_OBJC_ARC = YES;
				CLANG_ENABLE_OBJC_WEAK = YES;
				CLANG_WARN_BLOCK_CAPTURE_AUTORELEASING = YES;
				CLANG_WARN_BOOL_CONVERSION = YES;
				CLANG_WARN_COMMA = YES;
				CLANG_WARN_CONSTANT_CONVERSION = YES;
				CLANG_WARN_DEPRECATED_OBJC_IMPLEMENTATIONS = YES;
				CLANG_WARN_DIRECT_OBJC_ISA_USAGE = YES_ERROR;
				CLANG_WARN_DOCUMENTATION_COMMENTS = YES;
				CLANG_WARN_EMPTY_BODY = YES;
				CLANG_WARN_ENUM_CONVERSION = YES;
				CLANG_WARN_INFINITE_RECURSION = YES;
				CLANG_WARN_INT_CONVERSION = YES;
				CLANG_WARN_NON_LITERAL_NULL_CONVERSION = YES;
				CLANG_WARN_OBJC_IMPLICIT_RETAIN_SELF = YES;
				CLANG_WARN_OBJC_LITERAL_CONVERSION = YES;
				CLANG_WARN_OBJC_ROOT_CLASS = YES_ERROR;
				CLANG_WARN_QUOTED_INCLUDE_IN_FRAMEWORK_HEADER = YES;
				CLANG_WARN_RANGE_LOOP_ANALYSIS = YES;
				CLANG_WARN_STRICT_PROTOTYPES = YES;
				CLANG_WARN_SUSPICIOUS_MOVE = YES;
				CLANG_WARN_UNGUARDED_AVAILABILITY = YES_AGGRESSIVE;
				CLANG_WARN_UNREACHABLE_CODE = YES;
				CLANG_WARN__DUPLICATE_METHOD_MATCH = YES;
				COPY_PHASE_STRIP = NO;
				DEAD_CODE_STRIPPING = YES;
				DEBUG_INFORMATION_FORMAT = dwarf;
				ENABLE_STRICT_OBJC_MSGSEND = YES;
				ENABLE_TESTABILITY = YES;
				ENABLE_USER_SCRIPT_SANDBOXING = YES;
				GCC_C_LANGUAGE_STANDARD = gnu17;
				GCC_DYNAMIC_NO_PIC = NO;
				GCC_NO_COMMON_BLOCKS = YES;
				GCC_OPTIMIZATION_LEVEL = 0;
				GCC_PREPROCESSOR_DEFINITIONS = (
					"DEBUG=1",
					"$(inherited)",
				);
				GCC_WARN_64_TO_32_BIT_CONVERSION = YES;
				GCC_WARN_ABOUT_RETURN_TYPE = YES_ERROR;
				GCC_WARN_UNDECLARED_SELECTOR = YES;
				GCC_WARN_UNINITIALIZED_AUTOS = YES_AGGRESSIVE;
				GCC_WARN_UNUSED_FUNCTION = YES;
				GCC_WARN_UNUSED_VARIABLE = YES;
				LOCALIZATION_PREFERS_STRING_CATALOGS = YES;
				MTL_ENABLE_DEBUG_INFO = INCLUDE_SOURCE;
				MTL_FAST_MATH = YES;
				ONLY_ACTIVE_ARCH = YES;
				SWIFT_ACTIVE_COMPILATION_CONDITIONS = "DEBUG $(inherited)";
				SWIFT_OPTIMIZATION_LEVEL = "-Onone";
			};
			name = Debug;
		};
		535F1BF12B4A8F1600C78D98 /* Release */ = {
			isa = XCBuildConfiguration;
			buildSettings = {
				ALWAYS_SEARCH_USER_PATHS = NO;
				ASSETCATALOG_COMPILER_GENERATE_SWIFT_ASSET_SYMBOL_EXTENSIONS = YES;
				CLANG_ANALYZER_NONNULL = YES;
				CLANG_ANALYZER_NUMBER_OBJECT_CONVERSION = YES_AGGRESSIVE;
				CLANG_CXX_LANGUAGE_STANDARD = "gnu++20";
				CLANG_ENABLE_MODULES = YES;
				CLANG_ENABLE_OBJC_ARC = YES;
				CLANG_ENABLE_OBJC_WEAK = YES;
				CLANG_WARN_BLOCK_CAPTURE_AUTORELEASING = YES;
				CLANG_WARN_BOOL_CONVERSION = YES;
				CLANG_WARN_COMMA = YES;
				CLANG_WARN_CONSTANT_CONVERSION = YES;
				CLANG_WARN_DEPRECATED_OBJC_IMPLEMENTATIONS = YES;
				CLANG_WARN_DIRECT_OBJC_ISA_USAGE = YES_ERROR;
				CLANG_WARN_DOCUMENTATION_COMMENTS = YES;
				CLANG_WARN_EMPTY_BODY = YES;
				CLANG_WARN_ENUM_CONVERSION = YES;
				CLANG_WARN_INFINITE_RECURSION = YES;
				CLANG_WARN_INT_CONVERSION = YES;
				CLANG_WARN_NON_LITERAL_NULL_CONVERSION = YES;
				CLANG_WARN_OBJC_IMPLICIT_RETAIN_SELF = YES;
				CLANG_WARN_OBJC_LITERAL_CONVERSION = YES;
				CLANG_WARN_OBJC_ROOT_CLASS = YES_ERROR;
				CLANG_WARN_QUOTED_INCLUDE_IN_FRAMEWORK_HEADER = YES;
				CLANG_WARN_RANGE_LOOP_ANALYSIS = YES;
				CLANG_WARN_STRICT_PROTOTYPES = YES;
				CLANG_WARN_SUSPICIOUS_MOVE = YES;
				CLANG_WARN_UNGUARDED_AVAILABILITY = YES_AGGRESSIVE;
				CLANG_WARN_UNREACHABLE_CODE = YES;
				CLANG_WARN__DUPLICATE_METHOD_MATCH = YES;
				COPY_PHASE_STRIP = NO;
				DEAD_CODE_STRIPPING = YES;
				DEBUG_INFORMATION_FORMAT = "dwarf-with-dsym";
				ENABLE_NS_ASSERTIONS = NO;
				ENABLE_STRICT_OBJC_MSGSEND = YES;
				ENABLE_USER_SCRIPT_SANDBOXING = YES;
				GCC_C_LANGUAGE_STANDARD = gnu17;
				GCC_NO_COMMON_BLOCKS = YES;
				GCC_WARN_64_TO_32_BIT_CONVERSION = YES;
				GCC_WARN_ABOUT_RETURN_TYPE = YES_ERROR;
				GCC_WARN_UNDECLARED_SELECTOR = YES;
				GCC_WARN_UNINITIALIZED_AUTOS = YES_AGGRESSIVE;
				GCC_WARN_UNUSED_FUNCTION = YES;
				GCC_WARN_UNUSED_VARIABLE = YES;
				LOCALIZATION_PREFERS_STRING_CATALOGS = YES;
				MTL_ENABLE_DEBUG_INFO = NO;
				MTL_FAST_MATH = YES;
				SWIFT_COMPILATION_MODE = wholemodule;
			};
			name = Release;
		};
		535F1BF32B4A8F1600C78D98 /* Debug */ = {
			isa = XCBuildConfiguration;
			buildSettings = {
				ALWAYS_EMBED_SWIFT_STANDARD_LIBRARIES = YES;
				ASSETCATALOG_COMPILER_APPICON_NAME = TempAppIcon;
				ASSETCATALOG_COMPILER_GLOBAL_ACCENT_COLOR_NAME = AccentColor;
				CODE_SIGN_ENTITLEMENTS = Harmony/Harmony.entitlements;
				CODE_SIGN_STYLE = Automatic;
				CURRENT_PROJECT_VERSION = 1;
				DEAD_CODE_STRIPPING = YES;
				DEVELOPMENT_ASSET_PATHS = "\"Harmony/Preview Content\"";
				DEVELOPMENT_TEAM = C4QUVLMPQU;
				ENABLE_HARDENED_RUNTIME = YES;
				ENABLE_PREVIEWS = YES;
				GENERATE_INFOPLIST_FILE = YES;
				INFOPLIST_FILE = Harmony/Info.plist;
				"INFOPLIST_KEY_UIApplicationSceneManifest_Generation[sdk=iphoneos*]" = YES;
				"INFOPLIST_KEY_UIApplicationSceneManifest_Generation[sdk=iphonesimulator*]" = YES;
				"INFOPLIST_KEY_UIApplicationSupportsIndirectInputEvents[sdk=iphoneos*]" = YES;
				"INFOPLIST_KEY_UIApplicationSupportsIndirectInputEvents[sdk=iphonesimulator*]" = YES;
				"INFOPLIST_KEY_UILaunchScreen_Generation[sdk=iphoneos*]" = YES;
				"INFOPLIST_KEY_UILaunchScreen_Generation[sdk=iphonesimulator*]" = YES;
				INFOPLIST_KEY_UILaunchStoryboardName = I;
				"INFOPLIST_KEY_UIStatusBarStyle[sdk=iphoneos*]" = UIStatusBarStyleDefault;
				"INFOPLIST_KEY_UIStatusBarStyle[sdk=iphonesimulator*]" = UIStatusBarStyleDefault;
				INFOPLIST_KEY_UISupportedInterfaceOrientations_iPad = "UIInterfaceOrientationPortrait UIInterfaceOrientationPortraitUpsideDown UIInterfaceOrientationLandscapeLeft UIInterfaceOrientationLandscapeRight";
				INFOPLIST_KEY_UISupportedInterfaceOrientations_iPhone = UIInterfaceOrientationPortrait;
				IPHONEOS_DEPLOYMENT_TARGET = 17.2;
				LD_RUNPATH_SEARCH_PATHS = "@executable_path/Frameworks";
				"LD_RUNPATH_SEARCH_PATHS[sdk=macosx*]" = "@executable_path/../Frameworks";
				MACOSX_DEPLOYMENT_TARGET = 14.0;
				MARKETING_VERSION = 1.0;
				PRODUCT_BUNDLE_IDENTIFIER = com.claucambra.Harmony;
				PRODUCT_NAME = "$(TARGET_NAME)";
				SDKROOT = auto;
				SUPPORTED_PLATFORMS = "iphoneos iphonesimulator macosx";
				SWIFT_EMIT_LOC_STRINGS = YES;
				SWIFT_VERSION = 5.0;
				TARGETED_DEVICE_FAMILY = "1,2";
			};
			name = Debug;
		};
		535F1BF42B4A8F1600C78D98 /* Release */ = {
			isa = XCBuildConfiguration;
			buildSettings = {
				ALWAYS_EMBED_SWIFT_STANDARD_LIBRARIES = YES;
				ASSETCATALOG_COMPILER_APPICON_NAME = TempAppIcon;
				ASSETCATALOG_COMPILER_GLOBAL_ACCENT_COLOR_NAME = AccentColor;
				CODE_SIGN_ENTITLEMENTS = Harmony/Harmony.entitlements;
				CODE_SIGN_STYLE = Automatic;
				CURRENT_PROJECT_VERSION = 1;
				DEAD_CODE_STRIPPING = YES;
				DEVELOPMENT_ASSET_PATHS = "\"Harmony/Preview Content\"";
				DEVELOPMENT_TEAM = C4QUVLMPQU;
				ENABLE_HARDENED_RUNTIME = YES;
				ENABLE_PREVIEWS = YES;
				GENERATE_INFOPLIST_FILE = YES;
				INFOPLIST_FILE = Harmony/Info.plist;
				"INFOPLIST_KEY_UIApplicationSceneManifest_Generation[sdk=iphoneos*]" = YES;
				"INFOPLIST_KEY_UIApplicationSceneManifest_Generation[sdk=iphonesimulator*]" = YES;
				"INFOPLIST_KEY_UIApplicationSupportsIndirectInputEvents[sdk=iphoneos*]" = YES;
				"INFOPLIST_KEY_UIApplicationSupportsIndirectInputEvents[sdk=iphonesimulator*]" = YES;
				"INFOPLIST_KEY_UILaunchScreen_Generation[sdk=iphoneos*]" = YES;
				"INFOPLIST_KEY_UILaunchScreen_Generation[sdk=iphonesimulator*]" = YES;
				INFOPLIST_KEY_UILaunchStoryboardName = I;
				"INFOPLIST_KEY_UIStatusBarStyle[sdk=iphoneos*]" = UIStatusBarStyleDefault;
				"INFOPLIST_KEY_UIStatusBarStyle[sdk=iphonesimulator*]" = UIStatusBarStyleDefault;
				INFOPLIST_KEY_UISupportedInterfaceOrientations_iPad = "UIInterfaceOrientationPortrait UIInterfaceOrientationPortraitUpsideDown UIInterfaceOrientationLandscapeLeft UIInterfaceOrientationLandscapeRight";
				INFOPLIST_KEY_UISupportedInterfaceOrientations_iPhone = UIInterfaceOrientationPortrait;
				IPHONEOS_DEPLOYMENT_TARGET = 17.2;
				LD_RUNPATH_SEARCH_PATHS = "@executable_path/Frameworks";
				"LD_RUNPATH_SEARCH_PATHS[sdk=macosx*]" = "@executable_path/../Frameworks";
				MACOSX_DEPLOYMENT_TARGET = 14.0;
				MARKETING_VERSION = 1.0;
				PRODUCT_BUNDLE_IDENTIFIER = com.claucambra.Harmony;
				PRODUCT_NAME = "$(TARGET_NAME)";
				SDKROOT = auto;
				SUPPORTED_PLATFORMS = "iphoneos iphonesimulator macosx";
				SWIFT_EMIT_LOC_STRINGS = YES;
				SWIFT_VERSION = 5.0;
				TARGETED_DEVICE_FAMILY = "1,2";
			};
			name = Release;
		};
		535F1BF62B4A8F1600C78D98 /* Debug */ = {
			isa = XCBuildConfiguration;
			buildSettings = {
				ALWAYS_EMBED_SWIFT_STANDARD_LIBRARIES = YES;
				BUNDLE_LOADER = "$(TEST_HOST)";
				CODE_SIGN_STYLE = Automatic;
				CURRENT_PROJECT_VERSION = 1;
				DEAD_CODE_STRIPPING = YES;
				DEVELOPMENT_TEAM = C4QUVLMPQU;
				GENERATE_INFOPLIST_FILE = YES;
				IPHONEOS_DEPLOYMENT_TARGET = 17.2;
				MACOSX_DEPLOYMENT_TARGET = 14.1;
				MARKETING_VERSION = 1.0;
				PRODUCT_BUNDLE_IDENTIFIER = com.claucambra.HarmonyTests;
				PRODUCT_NAME = "$(TARGET_NAME)";
				SDKROOT = auto;
				SUPPORTED_PLATFORMS = "iphoneos iphonesimulator macosx";
				SWIFT_EMIT_LOC_STRINGS = NO;
				SWIFT_VERSION = 5.0;
				TARGETED_DEVICE_FAMILY = "1,2";
				TEST_HOST = "$(BUILT_PRODUCTS_DIR)/Harmony.app/$(BUNDLE_EXECUTABLE_FOLDER_PATH)/Harmony";
			};
			name = Debug;
		};
		535F1BF72B4A8F1600C78D98 /* Release */ = {
			isa = XCBuildConfiguration;
			buildSettings = {
				ALWAYS_EMBED_SWIFT_STANDARD_LIBRARIES = YES;
				BUNDLE_LOADER = "$(TEST_HOST)";
				CODE_SIGN_STYLE = Automatic;
				CURRENT_PROJECT_VERSION = 1;
				DEAD_CODE_STRIPPING = YES;
				DEVELOPMENT_TEAM = C4QUVLMPQU;
				GENERATE_INFOPLIST_FILE = YES;
				IPHONEOS_DEPLOYMENT_TARGET = 17.2;
				MACOSX_DEPLOYMENT_TARGET = 14.1;
				MARKETING_VERSION = 1.0;
				PRODUCT_BUNDLE_IDENTIFIER = com.claucambra.HarmonyTests;
				PRODUCT_NAME = "$(TARGET_NAME)";
				SDKROOT = auto;
				SUPPORTED_PLATFORMS = "iphoneos iphonesimulator macosx";
				SWIFT_EMIT_LOC_STRINGS = NO;
				SWIFT_VERSION = 5.0;
				TARGETED_DEVICE_FAMILY = "1,2";
				TEST_HOST = "$(BUILT_PRODUCTS_DIR)/Harmony.app/$(BUNDLE_EXECUTABLE_FOLDER_PATH)/Harmony";
			};
			name = Release;
		};
		535F1BF92B4A8F1600C78D98 /* Debug */ = {
			isa = XCBuildConfiguration;
			buildSettings = {
				ALWAYS_EMBED_SWIFT_STANDARD_LIBRARIES = YES;
				CODE_SIGN_STYLE = Automatic;
				CURRENT_PROJECT_VERSION = 1;
				DEAD_CODE_STRIPPING = YES;
				DEVELOPMENT_TEAM = C4QUVLMPQU;
				GENERATE_INFOPLIST_FILE = YES;
				IPHONEOS_DEPLOYMENT_TARGET = 17.2;
				MACOSX_DEPLOYMENT_TARGET = 14.1;
				MARKETING_VERSION = 1.0;
				PRODUCT_BUNDLE_IDENTIFIER = com.claucambra.HarmonyUITests;
				PRODUCT_NAME = "$(TARGET_NAME)";
				SDKROOT = auto;
				SUPPORTED_PLATFORMS = "iphoneos iphonesimulator macosx";
				SWIFT_EMIT_LOC_STRINGS = NO;
				SWIFT_VERSION = 5.0;
				TARGETED_DEVICE_FAMILY = "1,2";
				TEST_TARGET_NAME = Harmony;
			};
			name = Debug;
		};
		535F1BFA2B4A8F1600C78D98 /* Release */ = {
			isa = XCBuildConfiguration;
			buildSettings = {
				ALWAYS_EMBED_SWIFT_STANDARD_LIBRARIES = YES;
				CODE_SIGN_STYLE = Automatic;
				CURRENT_PROJECT_VERSION = 1;
				DEAD_CODE_STRIPPING = YES;
				DEVELOPMENT_TEAM = C4QUVLMPQU;
				GENERATE_INFOPLIST_FILE = YES;
				IPHONEOS_DEPLOYMENT_TARGET = 17.2;
				MACOSX_DEPLOYMENT_TARGET = 14.1;
				MARKETING_VERSION = 1.0;
				PRODUCT_BUNDLE_IDENTIFIER = com.claucambra.HarmonyUITests;
				PRODUCT_NAME = "$(TARGET_NAME)";
				SDKROOT = auto;
				SUPPORTED_PLATFORMS = "iphoneos iphonesimulator macosx";
				SWIFT_EMIT_LOC_STRINGS = NO;
				SWIFT_VERSION = 5.0;
				TARGETED_DEVICE_FAMILY = "1,2";
				TEST_TARGET_NAME = Harmony;
			};
			name = Release;
		};
/* End XCBuildConfiguration section */

/* Begin XCConfigurationList section */
		535053402B5955C900D7EAF2 /* Build configuration list for PBXNativeTarget "HarmonyKit" */ = {
			isa = XCConfigurationList;
			buildConfigurations = (
				535053412B5955C900D7EAF2 /* Debug */,
				535053422B5955C900D7EAF2 /* Release */,
			);
			defaultConfigurationIsVisible = 0;
			defaultConfigurationName = Release;
		};
		535053442B5955C900D7EAF2 /* Build configuration list for PBXNativeTarget "HarmonyKitTests" */ = {
			isa = XCConfigurationList;
			buildConfigurations = (
				535053452B5955C900D7EAF2 /* Debug */,
				535053462B5955C900D7EAF2 /* Release */,
			);
			defaultConfigurationIsVisible = 0;
			defaultConfigurationName = Release;
		};
		535F1BC82B4A8F1400C78D98 /* Build configuration list for PBXProject "Harmony" */ = {
			isa = XCConfigurationList;
			buildConfigurations = (
				535F1BF02B4A8F1600C78D98 /* Debug */,
				535F1BF12B4A8F1600C78D98 /* Release */,
			);
			defaultConfigurationIsVisible = 0;
			defaultConfigurationName = Release;
		};
		535F1BF22B4A8F1600C78D98 /* Build configuration list for PBXNativeTarget "Harmony" */ = {
			isa = XCConfigurationList;
			buildConfigurations = (
				535F1BF32B4A8F1600C78D98 /* Debug */,
				535F1BF42B4A8F1600C78D98 /* Release */,
			);
			defaultConfigurationIsVisible = 0;
			defaultConfigurationName = Release;
		};
		535F1BF52B4A8F1600C78D98 /* Build configuration list for PBXNativeTarget "HarmonyTests" */ = {
			isa = XCConfigurationList;
			buildConfigurations = (
				535F1BF62B4A8F1600C78D98 /* Debug */,
				535F1BF72B4A8F1600C78D98 /* Release */,
			);
			defaultConfigurationIsVisible = 0;
			defaultConfigurationName = Release;
		};
		535F1BF82B4A8F1600C78D98 /* Build configuration list for PBXNativeTarget "HarmonyUITests" */ = {
			isa = XCConfigurationList;
			buildConfigurations = (
				535F1BF92B4A8F1600C78D98 /* Debug */,
				535F1BFA2B4A8F1600C78D98 /* Release */,
			);
			defaultConfigurationIsVisible = 0;
			defaultConfigurationName = Release;
		};
/* End XCConfigurationList section */

/* Begin XCRemoteSwiftPackageReference section */
		5350541F2B64142200D7EAF2 /* XCRemoteSwiftPackageReference "swift-collections" */ = {
			isa = XCRemoteSwiftPackageReference;
			repositoryURL = "https://github.com/apple/swift-collections.git";
			requirement = {
				kind = upToNextMajorVersion;
				minimumVersion = 1.0.6;
			};
		};
		5358F2B42BAA01DC00E3C729 /* XCRemoteSwiftPackageReference "NextcloudCapabilitiesKit" */ = {
			isa = XCRemoteSwiftPackageReference;
			repositoryURL = "https://github.com/claucambra/NextcloudCapabilitiesKit.git";
			requirement = {
				branch = main;
				kind = branch;
			};
		};
		5388E8972BC67F3800557E8A /* XCRemoteSwiftPackageReference "FLACMetadataKit" */ = {
			isa = XCRemoteSwiftPackageReference;
			repositoryURL = "https://github.com/claucambra/FLACMetadataKit.git";
			requirement = {
				branch = main;
				kind = branch;
			};
		};
		53B9796D2B7F6D55002DA742 /* XCRemoteSwiftPackageReference "NextcloudKit" */ = {
			isa = XCRemoteSwiftPackageReference;
			repositoryURL = "https://github.com/nextcloud/NextcloudKit.git";
			requirement = {
				kind = exactVersion;
				version = 2.9.5;
			};
		};
/* End XCRemoteSwiftPackageReference section */

/* Begin XCSwiftPackageProductDependency section */
		535054202B64142200D7EAF2 /* DequeModule */ = {
			isa = XCSwiftPackageProductDependency;
			package = 5350541F2B64142200D7EAF2 /* XCRemoteSwiftPackageReference "swift-collections" */;
			productName = DequeModule;
		};
		5350542E2B64E48600D7EAF2 /* OrderedCollections */ = {
			isa = XCSwiftPackageProductDependency;
			package = 5350541F2B64142200D7EAF2 /* XCRemoteSwiftPackageReference "swift-collections" */;
			productName = OrderedCollections;
		};
		5358F2B52BAA01DC00E3C729 /* NextcloudCapabilitiesKit */ = {
			isa = XCSwiftPackageProductDependency;
			package = 5358F2B42BAA01DC00E3C729 /* XCRemoteSwiftPackageReference "NextcloudCapabilitiesKit" */;
			productName = NextcloudCapabilitiesKit;
		};
		5388E8982BC67F3800557E8A /* FLACMetadataKit */ = {
			isa = XCSwiftPackageProductDependency;
			package = 5388E8972BC67F3800557E8A /* XCRemoteSwiftPackageReference "FLACMetadataKit" */;
			productName = FLACMetadataKit;
		};
		539C54E42BBEE1F7005C9F9A /* NextcloudKit */ = {
			isa = XCSwiftPackageProductDependency;
			package = 53B9796D2B7F6D55002DA742 /* XCRemoteSwiftPackageReference "NextcloudKit" */;
			productName = NextcloudKit;
		};
		53B9796E2B7F6D55002DA742 /* NextcloudKit */ = {
			isa = XCSwiftPackageProductDependency;
			package = 53B9796D2B7F6D55002DA742 /* XCRemoteSwiftPackageReference "NextcloudKit" */;
			productName = NextcloudKit;
		};
/* End XCSwiftPackageProductDependency section */
	};
	rootObject = 535F1BC52B4A8F1400C78D98 /* Project object */;
}
