// !$*UTF8*$!
{
	archiveVersion = 1;
	classes = {
	};
	objectVersion = 56;
	objects = {

/* Begin PBXBuildFile section */
		535F1BD12B4A8F1400C78D98 /* HarmonyApp.swift in Sources */ = {isa = PBXBuildFile; fileRef = 535F1BD02B4A8F1400C78D98 /* HarmonyApp.swift */; };
		535F1BD32B4A8F1400C78D98 /* ContentView.swift in Sources */ = {isa = PBXBuildFile; fileRef = 535F1BD22B4A8F1400C78D98 /* ContentView.swift */; };
		535F1BD52B4A8F1600C78D98 /* Assets.xcassets in Resources */ = {isa = PBXBuildFile; fileRef = 535F1BD42B4A8F1600C78D98 /* Assets.xcassets */; };
		535F1BD92B4A8F1600C78D98 /* Preview Assets.xcassets in Resources */ = {isa = PBXBuildFile; fileRef = 535F1BD82B4A8F1600C78D98 /* Preview Assets.xcassets */; };
		535F1BE32B4A8F1600C78D98 /* HarmonyTests.swift in Sources */ = {isa = PBXBuildFile; fileRef = 535F1BE22B4A8F1600C78D98 /* HarmonyTests.swift */; };
		535F1BED2B4A8F1600C78D98 /* HarmonyUITests.swift in Sources */ = {isa = PBXBuildFile; fileRef = 535F1BEC2B4A8F1600C78D98 /* HarmonyUITests.swift */; };
		535F1BEF2B4A8F1600C78D98 /* HarmonyUITestsLaunchTests.swift in Sources */ = {isa = PBXBuildFile; fileRef = 535F1BEE2B4A8F1600C78D98 /* HarmonyUITestsLaunchTests.swift */; };
		53D8ED8B2B559A7A00142EAD /* Song.swift in Sources */ = {isa = PBXBuildFile; fileRef = 53D8ED8A2B559A7A00142EAD /* Song.swift */; };
/* End PBXBuildFile section */

/* Begin PBXContainerItemProxy section */
		535F1BDF2B4A8F1600C78D98 /* PBXContainerItemProxy */ = {
			isa = PBXContainerItemProxy;
			containerPortal = 535F1BC52B4A8F1400C78D98 /* Project object */;
			proxyType = 1;
			remoteGlobalIDString = 535F1BCC2B4A8F1400C78D98;
			remoteInfo = Harmony;
		};
		535F1BE92B4A8F1600C78D98 /* PBXContainerItemProxy */ = {
			isa = PBXContainerItemProxy;
			containerPortal = 535F1BC52B4A8F1400C78D98 /* Project object */;
			proxyType = 1;
			remoteGlobalIDString = 535F1BCC2B4A8F1400C78D98;
			remoteInfo = Harmony;
		};
/* End PBXContainerItemProxy section */

/* Begin PBXFileReference section */
		535F1BCD2B4A8F1400C78D98 /* Harmony.app */ = {isa = PBXFileReference; explicitFileType = wrapper.application; includeInIndex = 0; path = Harmony.app; sourceTree = BUILT_PRODUCTS_DIR; };
		535F1BD02B4A8F1400C78D98 /* HarmonyApp.swift */ = {isa = PBXFileReference; lastKnownFileType = sourcecode.swift; path = HarmonyApp.swift; sourceTree = "<group>"; };
		535F1BD22B4A8F1400C78D98 /* ContentView.swift */ = {isa = PBXFileReference; lastKnownFileType = sourcecode.swift; path = ContentView.swift; sourceTree = "<group>"; };
		535F1BD42B4A8F1600C78D98 /* Assets.xcassets */ = {isa = PBXFileReference; lastKnownFileType = folder.assetcatalog; path = Assets.xcassets; sourceTree = "<group>"; };
		535F1BD62B4A8F1600C78D98 /* Harmony.entitlements */ = {isa = PBXFileReference; lastKnownFileType = text.plist.entitlements; path = Harmony.entitlements; sourceTree = "<group>"; };
		535F1BD82B4A8F1600C78D98 /* Preview Assets.xcassets */ = {isa = PBXFileReference; lastKnownFileType = folder.assetcatalog; path = "Preview Assets.xcassets"; sourceTree = "<group>"; };
		535F1BDE2B4A8F1600C78D98 /* HarmonyTests.xctest */ = {isa = PBXFileReference; explicitFileType = wrapper.cfbundle; includeInIndex = 0; path = HarmonyTests.xctest; sourceTree = BUILT_PRODUCTS_DIR; };
		535F1BE22B4A8F1600C78D98 /* HarmonyTests.swift */ = {isa = PBXFileReference; lastKnownFileType = sourcecode.swift; path = HarmonyTests.swift; sourceTree = "<group>"; };
		535F1BE82B4A8F1600C78D98 /* HarmonyUITests.xctest */ = {isa = PBXFileReference; explicitFileType = wrapper.cfbundle; includeInIndex = 0; path = HarmonyUITests.xctest; sourceTree = BUILT_PRODUCTS_DIR; };
		535F1BEC2B4A8F1600C78D98 /* HarmonyUITests.swift */ = {isa = PBXFileReference; lastKnownFileType = sourcecode.swift; path = HarmonyUITests.swift; sourceTree = "<group>"; };
		535F1BEE2B4A8F1600C78D98 /* HarmonyUITestsLaunchTests.swift */ = {isa = PBXFileReference; lastKnownFileType = sourcecode.swift; path = HarmonyUITestsLaunchTests.swift; sourceTree = "<group>"; };
		53D8ED8A2B559A7A00142EAD /* Song.swift */ = {isa = PBXFileReference; lastKnownFileType = sourcecode.swift; path = Song.swift; sourceTree = "<group>"; };
/* End PBXFileReference section */

/* Begin PBXFrameworksBuildPhase section */
		535F1BCA2B4A8F1400C78D98 /* Frameworks */ = {
			isa = PBXFrameworksBuildPhase;
			buildActionMask = 2147483647;
			files = (
			);
			runOnlyForDeploymentPostprocessing = 0;
		};
		535F1BDB2B4A8F1600C78D98 /* Frameworks */ = {
			isa = PBXFrameworksBuildPhase;
			buildActionMask = 2147483647;
			files = (
			);
			runOnlyForDeploymentPostprocessing = 0;
		};
		535F1BE52B4A8F1600C78D98 /* Frameworks */ = {
			isa = PBXFrameworksBuildPhase;
			buildActionMask = 2147483647;
			files = (
			);
			runOnlyForDeploymentPostprocessing = 0;
		};
/* End PBXFrameworksBuildPhase section */

/* Begin PBXGroup section */
		535F1BC42B4A8F1400C78D98 = {
			isa = PBXGroup;
			children = (
				535F1BCF2B4A8F1400C78D98 /* Harmony */,
				535F1BE12B4A8F1600C78D98 /* HarmonyTests */,
				535F1BEB2B4A8F1600C78D98 /* HarmonyUITests */,
				535F1BCE2B4A8F1400C78D98 /* Products */,
			);
			sourceTree = "<group>";
		};
		535F1BCE2B4A8F1400C78D98 /* Products */ = {
			isa = PBXGroup;
			children = (
				535F1BCD2B4A8F1400C78D98 /* Harmony.app */,
				535F1BDE2B4A8F1600C78D98 /* HarmonyTests.xctest */,
				535F1BE82B4A8F1600C78D98 /* HarmonyUITests.xctest */,
			);
			name = Products;
			sourceTree = "<group>";
		};
		535F1BCF2B4A8F1400C78D98 /* Harmony */ = {
			isa = PBXGroup;
			children = (
				53D8ED892B559A6700142EAD /* Common */,
				535F1BD02B4A8F1400C78D98 /* HarmonyApp.swift */,
				535F1BD22B4A8F1400C78D98 /* ContentView.swift */,
				535F1BD42B4A8F1600C78D98 /* Assets.xcassets */,
				535F1BD62B4A8F1600C78D98 /* Harmony.entitlements */,
				535F1BD72B4A8F1600C78D98 /* Preview Content */,
			);
			path = Harmony;
			sourceTree = "<group>";
		};
		535F1BD72B4A8F1600C78D98 /* Preview Content */ = {
			isa = PBXGroup;
			children = (
				535F1BD82B4A8F1600C78D98 /* Preview Assets.xcassets */,
			);
			path = "Preview Content";
			sourceTree = "<group>";
		};
		535F1BE12B4A8F1600C78D98 /* HarmonyTests */ = {
			isa = PBXGroup;
			children = (
				535F1BE22B4A8F1600C78D98 /* HarmonyTests.swift */,
			);
			path = HarmonyTests;
			sourceTree = "<group>";
		};
		535F1BEB2B4A8F1600C78D98 /* HarmonyUITests */ = {
			isa = PBXGroup;
			children = (
				535F1BEC2B4A8F1600C78D98 /* HarmonyUITests.swift */,
				535F1BEE2B4A8F1600C78D98 /* HarmonyUITestsLaunchTests.swift */,
			);
			path = HarmonyUITests;
			sourceTree = "<group>";
		};
		53D8ED892B559A6700142EAD /* Common */ = {
			isa = PBXGroup;
			children = (
				53D8ED8A2B559A7A00142EAD /* Song.swift */,
			);
			path = Common;
			sourceTree = "<group>";
		};
/* End PBXGroup section */

/* Begin PBXNativeTarget section */
		535F1BCC2B4A8F1400C78D98 /* Harmony */ = {
			isa = PBXNativeTarget;
			buildConfigurationList = 535F1BF22B4A8F1600C78D98 /* Build configuration list for PBXNativeTarget "Harmony" */;
			buildPhases = (
				535F1BC92B4A8F1400C78D98 /* Sources */,
				535F1BCA2B4A8F1400C78D98 /* Frameworks */,
				535F1BCB2B4A8F1400C78D98 /* Resources */,
			);
			buildRules = (
			);
			dependencies = (
			);
			name = Harmony;
			productName = Harmony;
			productReference = 535F1BCD2B4A8F1400C78D98 /* Harmony.app */;
			productType = "com.apple.product-type.application";
		};
		535F1BDD2B4A8F1600C78D98 /* HarmonyTests */ = {
			isa = PBXNativeTarget;
			buildConfigurationList = 535F1BF52B4A8F1600C78D98 /* Build configuration list for PBXNativeTarget "HarmonyTests" */;
			buildPhases = (
				535F1BDA2B4A8F1600C78D98 /* Sources */,
				535F1BDB2B4A8F1600C78D98 /* Frameworks */,
				535F1BDC2B4A8F1600C78D98 /* Resources */,
			);
			buildRules = (
			);
			dependencies = (
				535F1BE02B4A8F1600C78D98 /* PBXTargetDependency */,
			);
			name = HarmonyTests;
			productName = HarmonyTests;
			productReference = 535F1BDE2B4A8F1600C78D98 /* HarmonyTests.xctest */;
			productType = "com.apple.product-type.bundle.unit-test";
		};
		535F1BE72B4A8F1600C78D98 /* HarmonyUITests */ = {
			isa = PBXNativeTarget;
			buildConfigurationList = 535F1BF82B4A8F1600C78D98 /* Build configuration list for PBXNativeTarget "HarmonyUITests" */;
			buildPhases = (
				535F1BE42B4A8F1600C78D98 /* Sources */,
				535F1BE52B4A8F1600C78D98 /* Frameworks */,
				535F1BE62B4A8F1600C78D98 /* Resources */,
			);
			buildRules = (
			);
			dependencies = (
				535F1BEA2B4A8F1600C78D98 /* PBXTargetDependency */,
			);
			name = HarmonyUITests;
			productName = HarmonyUITests;
			productReference = 535F1BE82B4A8F1600C78D98 /* HarmonyUITests.xctest */;
			productType = "com.apple.product-type.bundle.ui-testing";
		};
/* End PBXNativeTarget section */

/* Begin PBXProject section */
		535F1BC52B4A8F1400C78D98 /* Project object */ = {
			isa = PBXProject;
			attributes = {
				BuildIndependentTargetsInParallel = NO;
				LastSwiftUpdateCheck = 1510;
				LastUpgradeCheck = 1520;
				TargetAttributes = {
					535F1BCC2B4A8F1400C78D98 = {
						CreatedOnToolsVersion = 15.1;
					};
					535F1BDD2B4A8F1600C78D98 = {
						CreatedOnToolsVersion = 15.1;
						TestTargetID = 535F1BCC2B4A8F1400C78D98;
					};
					535F1BE72B4A8F1600C78D98 = {
						CreatedOnToolsVersion = 15.1;
						TestTargetID = 535F1BCC2B4A8F1400C78D98;
					};
				};
			};
			buildConfigurationList = 535F1BC82B4A8F1400C78D98 /* Build configuration list for PBXProject "Harmony" */;
			compatibilityVersion = "Xcode 14.0";
			developmentRegion = en;
			hasScannedForEncodings = 0;
			knownRegions = (
				en,
				Base,
			);
			mainGroup = 535F1BC42B4A8F1400C78D98;
			productRefGroup = 535F1BCE2B4A8F1400C78D98 /* Products */;
			projectDirPath = "";
			projectRoot = "";
			targets = (
				535F1BCC2B4A8F1400C78D98 /* Harmony */,
				535F1BDD2B4A8F1600C78D98 /* HarmonyTests */,
				535F1BE72B4A8F1600C78D98 /* HarmonyUITests */,
			);
		};
/* End PBXProject section */

/* Begin PBXResourcesBuildPhase section */
		535F1BCB2B4A8F1400C78D98 /* Resources */ = {
			isa = PBXResourcesBuildPhase;
			buildActionMask = 2147483647;
			files = (
				535F1BD92B4A8F1600C78D98 /* Preview Assets.xcassets in Resources */,
				535F1BD52B4A8F1600C78D98 /* Assets.xcassets in Resources */,
			);
			runOnlyForDeploymentPostprocessing = 0;
		};
		535F1BDC2B4A8F1600C78D98 /* Resources */ = {
			isa = PBXResourcesBuildPhase;
			buildActionMask = 2147483647;
			files = (
			);
			runOnlyForDeploymentPostprocessing = 0;
		};
		535F1BE62B4A8F1600C78D98 /* Resources */ = {
			isa = PBXResourcesBuildPhase;
			buildActionMask = 2147483647;
			files = (
			);
			runOnlyForDeploymentPostprocessing = 0;
		};
/* End PBXResourcesBuildPhase section */

/* Begin PBXSourcesBuildPhase section */
		535F1BC92B4A8F1400C78D98 /* Sources */ = {
			isa = PBXSourcesBuildPhase;
			buildActionMask = 2147483647;
			files = (
				53D8ED8B2B559A7A00142EAD /* Song.swift in Sources */,
				535F1BD32B4A8F1400C78D98 /* ContentView.swift in Sources */,
				535F1BD12B4A8F1400C78D98 /* HarmonyApp.swift in Sources */,
			);
			runOnlyForDeploymentPostprocessing = 0;
		};
		535F1BDA2B4A8F1600C78D98 /* Sources */ = {
			isa = PBXSourcesBuildPhase;
			buildActionMask = 2147483647;
			files = (
				535F1BE32B4A8F1600C78D98 /* HarmonyTests.swift in Sources */,
			);
			runOnlyForDeploymentPostprocessing = 0;
		};
		535F1BE42B4A8F1600C78D98 /* Sources */ = {
			isa = PBXSourcesBuildPhase;
			buildActionMask = 2147483647;
			files = (
				535F1BED2B4A8F1600C78D98 /* HarmonyUITests.swift in Sources */,
				535F1BEF2B4A8F1600C78D98 /* HarmonyUITestsLaunchTests.swift in Sources */,
			);
			runOnlyForDeploymentPostprocessing = 0;
		};
/* End PBXSourcesBuildPhase section */

/* Begin PBXTargetDependency section */
		535F1BE02B4A8F1600C78D98 /* PBXTargetDependency */ = {
			isa = PBXTargetDependency;
			target = 535F1BCC2B4A8F1400C78D98 /* Harmony */;
			targetProxy = 535F1BDF2B4A8F1600C78D98 /* PBXContainerItemProxy */;
		};
		535F1BEA2B4A8F1600C78D98 /* PBXTargetDependency */ = {
			isa = PBXTargetDependency;
			target = 535F1BCC2B4A8F1400C78D98 /* Harmony */;
			targetProxy = 535F1BE92B4A8F1600C78D98 /* PBXContainerItemProxy */;
		};
/* End PBXTargetDependency section */

/* Begin XCBuildConfiguration section */
		535F1BF02B4A8F1600C78D98 /* Debug */ = {
			isa = XCBuildConfiguration;
			buildSettings = {
				ALWAYS_SEARCH_USER_PATHS = NO;
				ASSETCATALOG_COMPILER_GENERATE_SWIFT_ASSET_SYMBOL_EXTENSIONS = YES;
				CLANG_ANALYZER_NONNULL = YES;
				CLANG_ANALYZER_NUMBER_OBJECT_CONVERSION = YES_AGGRESSIVE;
				CLANG_CXX_LANGUAGE_STANDARD = "gnu++20";
				CLANG_ENABLE_MODULES = YES;
				CLANG_ENABLE_OBJC_ARC = YES;
				CLANG_ENABLE_OBJC_WEAK = YES;
				CLANG_WARN_BLOCK_CAPTURE_AUTORELEASING = YES;
				CLANG_WARN_BOOL_CONVERSION = YES;
				CLANG_WARN_COMMA = YES;
				CLANG_WARN_CONSTANT_CONVERSION = YES;
				CLANG_WARN_DEPRECATED_OBJC_IMPLEMENTATIONS = YES;
				CLANG_WARN_DIRECT_OBJC_ISA_USAGE = YES_ERROR;
				CLANG_WARN_DOCUMENTATION_COMMENTS = YES;
				CLANG_WARN_EMPTY_BODY = YES;
				CLANG_WARN_ENUM_CONVERSION = YES;
				CLANG_WARN_INFINITE_RECURSION = YES;
				CLANG_WARN_INT_CONVERSION = YES;
				CLANG_WARN_NON_LITERAL_NULL_CONVERSION = YES;
				CLANG_WARN_OBJC_IMPLICIT_RETAIN_SELF = YES;
				CLANG_WARN_OBJC_LITERAL_CONVERSION = YES;
				CLANG_WARN_OBJC_ROOT_CLASS = YES_ERROR;
				CLANG_WARN_QUOTED_INCLUDE_IN_FRAMEWORK_HEADER = YES;
				CLANG_WARN_RANGE_LOOP_ANALYSIS = YES;
				CLANG_WARN_STRICT_PROTOTYPES = YES;
				CLANG_WARN_SUSPICIOUS_MOVE = YES;
				CLANG_WARN_UNGUARDED_AVAILABILITY = YES_AGGRESSIVE;
				CLANG_WARN_UNREACHABLE_CODE = YES;
				CLANG_WARN__DUPLICATE_METHOD_MATCH = YES;
				COPY_PHASE_STRIP = NO;
				DEAD_CODE_STRIPPING = YES;
				DEBUG_INFORMATION_FORMAT = dwarf;
				ENABLE_STRICT_OBJC_MSGSEND = YES;
				ENABLE_TESTABILITY = YES;
				ENABLE_USER_SCRIPT_SANDBOXING = YES;
				GCC_C_LANGUAGE_STANDARD = gnu17;
				GCC_DYNAMIC_NO_PIC = NO;
				GCC_NO_COMMON_BLOCKS = YES;
				GCC_OPTIMIZATION_LEVEL = 0;
				GCC_PREPROCESSOR_DEFINITIONS = (
					"DEBUG=1",
					"$(inherited)",
				);
				GCC_WARN_64_TO_32_BIT_CONVERSION = YES;
				GCC_WARN_ABOUT_RETURN_TYPE = YES_ERROR;
				GCC_WARN_UNDECLARED_SELECTOR = YES;
				GCC_WARN_UNINITIALIZED_AUTOS = YES_AGGRESSIVE;
				GCC_WARN_UNUSED_FUNCTION = YES;
				GCC_WARN_UNUSED_VARIABLE = YES;
				LOCALIZATION_PREFERS_STRING_CATALOGS = YES;
				MTL_ENABLE_DEBUG_INFO = INCLUDE_SOURCE;
				MTL_FAST_MATH = YES;
				ONLY_ACTIVE_ARCH = YES;
				SWIFT_ACTIVE_COMPILATION_CONDITIONS = "DEBUG $(inherited)";
				SWIFT_OPTIMIZATION_LEVEL = "-Onone";
			};
			name = Debug;
		};
		535F1BF12B4A8F1600C78D98 /* Release */ = {
			isa = XCBuildConfiguration;
			buildSettings = {
				ALWAYS_SEARCH_USER_PATHS = NO;
				ASSETCATALOG_COMPILER_GENERATE_SWIFT_ASSET_SYMBOL_EXTENSIONS = YES;
				CLANG_ANALYZER_NONNULL = YES;
				CLANG_ANALYZER_NUMBER_OBJECT_CONVERSION = YES_AGGRESSIVE;
				CLANG_CXX_LANGUAGE_STANDARD = "gnu++20";
				CLANG_ENABLE_MODULES = YES;
				CLANG_ENABLE_OBJC_ARC = YES;
				CLANG_ENABLE_OBJC_WEAK = YES;
				CLANG_WARN_BLOCK_CAPTURE_AUTORELEASING = YES;
				CLANG_WARN_BOOL_CONVERSION = YES;
				CLANG_WARN_COMMA = YES;
				CLANG_WARN_CONSTANT_CONVERSION = YES;
				CLANG_WARN_DEPRECATED_OBJC_IMPLEMENTATIONS = YES;
				CLANG_WARN_DIRECT_OBJC_ISA_USAGE = YES_ERROR;
				CLANG_WARN_DOCUMENTATION_COMMENTS = YES;
				CLANG_WARN_EMPTY_BODY = YES;
				CLANG_WARN_ENUM_CONVERSION = YES;
				CLANG_WARN_INFINITE_RECURSION = YES;
				CLANG_WARN_INT_CONVERSION = YES;
				CLANG_WARN_NON_LITERAL_NULL_CONVERSION = YES;
				CLANG_WARN_OBJC_IMPLICIT_RETAIN_SELF = YES;
				CLANG_WARN_OBJC_LITERAL_CONVERSION = YES;
				CLANG_WARN_OBJC_ROOT_CLASS = YES_ERROR;
				CLANG_WARN_QUOTED_INCLUDE_IN_FRAMEWORK_HEADER = YES;
				CLANG_WARN_RANGE_LOOP_ANALYSIS = YES;
				CLANG_WARN_STRICT_PROTOTYPES = YES;
				CLANG_WARN_SUSPICIOUS_MOVE = YES;
				CLANG_WARN_UNGUARDED_AVAILABILITY = YES_AGGRESSIVE;
				CLANG_WARN_UNREACHABLE_CODE = YES;
				CLANG_WARN__DUPLICATE_METHOD_MATCH = YES;
				COPY_PHASE_STRIP = NO;
				DEAD_CODE_STRIPPING = YES;
				DEBUG_INFORMATION_FORMAT = "dwarf-with-dsym";
				ENABLE_NS_ASSERTIONS = NO;
				ENABLE_STRICT_OBJC_MSGSEND = YES;
				ENABLE_USER_SCRIPT_SANDBOXING = YES;
				GCC_C_LANGUAGE_STANDARD = gnu17;
				GCC_NO_COMMON_BLOCKS = YES;
				GCC_WARN_64_TO_32_BIT_CONVERSION = YES;
				GCC_WARN_ABOUT_RETURN_TYPE = YES_ERROR;
				GCC_WARN_UNDECLARED_SELECTOR = YES;
				GCC_WARN_UNINITIALIZED_AUTOS = YES_AGGRESSIVE;
				GCC_WARN_UNUSED_FUNCTION = YES;
				GCC_WARN_UNUSED_VARIABLE = YES;
				LOCALIZATION_PREFERS_STRING_CATALOGS = YES;
				MTL_ENABLE_DEBUG_INFO = NO;
				MTL_FAST_MATH = YES;
				SWIFT_COMPILATION_MODE = wholemodule;
			};
			name = Release;
		};
		535F1BF32B4A8F1600C78D98 /* Debug */ = {
			isa = XCBuildConfiguration;
			buildSettings = {
				ASSETCATALOG_COMPILER_APPICON_NAME = AppIcon;
				ASSETCATALOG_COMPILER_GLOBAL_ACCENT_COLOR_NAME = AccentColor;
				CODE_SIGN_ENTITLEMENTS = Harmony/Harmony.entitlements;
				CODE_SIGN_STYLE = Automatic;
				CURRENT_PROJECT_VERSION = 1;
				DEAD_CODE_STRIPPING = YES;
				DEVELOPMENT_ASSET_PATHS = "\"Harmony/Preview Content\"";
				DEVELOPMENT_TEAM = R337PH2DQX;
				ENABLE_HARDENED_RUNTIME = YES;
				ENABLE_PREVIEWS = YES;
				GENERATE_INFOPLIST_FILE = YES;
				"INFOPLIST_KEY_UIApplicationSceneManifest_Generation[sdk=iphoneos*]" = YES;
				"INFOPLIST_KEY_UIApplicationSceneManifest_Generation[sdk=iphonesimulator*]" = YES;
				"INFOPLIST_KEY_UIApplicationSupportsIndirectInputEvents[sdk=iphoneos*]" = YES;
				"INFOPLIST_KEY_UIApplicationSupportsIndirectInputEvents[sdk=iphonesimulator*]" = YES;
				"INFOPLIST_KEY_UILaunchScreen_Generation[sdk=iphoneos*]" = YES;
				"INFOPLIST_KEY_UILaunchScreen_Generation[sdk=iphonesimulator*]" = YES;
				"INFOPLIST_KEY_UIStatusBarStyle[sdk=iphoneos*]" = UIStatusBarStyleDefault;
				"INFOPLIST_KEY_UIStatusBarStyle[sdk=iphonesimulator*]" = UIStatusBarStyleDefault;
				INFOPLIST_KEY_UISupportedInterfaceOrientations_iPad = "UIInterfaceOrientationPortrait UIInterfaceOrientationPortraitUpsideDown UIInterfaceOrientationLandscapeLeft UIInterfaceOrientationLandscapeRight";
				INFOPLIST_KEY_UISupportedInterfaceOrientations_iPhone = "UIInterfaceOrientationPortrait UIInterfaceOrientationLandscapeLeft UIInterfaceOrientationLandscapeRight";
				IPHONEOS_DEPLOYMENT_TARGET = 17.2;
				LD_RUNPATH_SEARCH_PATHS = "@executable_path/Frameworks";
				"LD_RUNPATH_SEARCH_PATHS[sdk=macosx*]" = "@executable_path/../Frameworks";
				MACOSX_DEPLOYMENT_TARGET = 14.1;
				MARKETING_VERSION = 1.0;
				PRODUCT_BUNDLE_IDENTIFIER = com.claucambra.Harmony;
				PRODUCT_NAME = "$(TARGET_NAME)";
				SDKROOT = auto;
				SUPPORTED_PLATFORMS = "iphoneos iphonesimulator macosx";
				SWIFT_EMIT_LOC_STRINGS = YES;
				SWIFT_VERSION = 5.0;
				TARGETED_DEVICE_FAMILY = "1,2";
			};
			name = Debug;
		};
		535F1BF42B4A8F1600C78D98 /* Release */ = {
			isa = XCBuildConfiguration;
			buildSettings = {
				ASSETCATALOG_COMPILER_APPICON_NAME = AppIcon;
				ASSETCATALOG_COMPILER_GLOBAL_ACCENT_COLOR_NAME = AccentColor;
				CODE_SIGN_ENTITLEMENTS = Harmony/Harmony.entitlements;
				CODE_SIGN_STYLE = Automatic;
				CURRENT_PROJECT_VERSION = 1;
				DEAD_CODE_STRIPPING = YES;
				DEVELOPMENT_ASSET_PATHS = "\"Harmony/Preview Content\"";
				DEVELOPMENT_TEAM = R337PH2DQX;
				ENABLE_HARDENED_RUNTIME = YES;
				ENABLE_PREVIEWS = YES;
				GENERATE_INFOPLIST_FILE = YES;
				"INFOPLIST_KEY_UIApplicationSceneManifest_Generation[sdk=iphoneos*]" = YES;
				"INFOPLIST_KEY_UIApplicationSceneManifest_Generation[sdk=iphonesimulator*]" = YES;
				"INFOPLIST_KEY_UIApplicationSupportsIndirectInputEvents[sdk=iphoneos*]" = YES;
				"INFOPLIST_KEY_UIApplicationSupportsIndirectInputEvents[sdk=iphonesimulator*]" = YES;
				"INFOPLIST_KEY_UILaunchScreen_Generation[sdk=iphoneos*]" = YES;
				"INFOPLIST_KEY_UILaunchScreen_Generation[sdk=iphonesimulator*]" = YES;
				"INFOPLIST_KEY_UIStatusBarStyle[sdk=iphoneos*]" = UIStatusBarStyleDefault;
				"INFOPLIST_KEY_UIStatusBarStyle[sdk=iphonesimulator*]" = UIStatusBarStyleDefault;
				INFOPLIST_KEY_UISupportedInterfaceOrientations_iPad = "UIInterfaceOrientationPortrait UIInterfaceOrientationPortraitUpsideDown UIInterfaceOrientationLandscapeLeft UIInterfaceOrientationLandscapeRight";
				INFOPLIST_KEY_UISupportedInterfaceOrientations_iPhone = "UIInterfaceOrientationPortrait UIInterfaceOrientationLandscapeLeft UIInterfaceOrientationLandscapeRight";
				IPHONEOS_DEPLOYMENT_TARGET = 17.2;
				LD_RUNPATH_SEARCH_PATHS = "@executable_path/Frameworks";
				"LD_RUNPATH_SEARCH_PATHS[sdk=macosx*]" = "@executable_path/../Frameworks";
				MACOSX_DEPLOYMENT_TARGET = 14.1;
				MARKETING_VERSION = 1.0;
				PRODUCT_BUNDLE_IDENTIFIER = com.claucambra.Harmony;
				PRODUCT_NAME = "$(TARGET_NAME)";
				SDKROOT = auto;
				SUPPORTED_PLATFORMS = "iphoneos iphonesimulator macosx";
				SWIFT_EMIT_LOC_STRINGS = YES;
				SWIFT_VERSION = 5.0;
				TARGETED_DEVICE_FAMILY = "1,2";
			};
			name = Release;
		};
		535F1BF62B4A8F1600C78D98 /* Debug */ = {
			isa = XCBuildConfiguration;
			buildSettings = {
				ALWAYS_EMBED_SWIFT_STANDARD_LIBRARIES = YES;
				BUNDLE_LOADER = "$(TEST_HOST)";
				CODE_SIGN_STYLE = Automatic;
				CURRENT_PROJECT_VERSION = 1;
				DEAD_CODE_STRIPPING = YES;
				DEVELOPMENT_TEAM = R337PH2DQX;
				GENERATE_INFOPLIST_FILE = YES;
				IPHONEOS_DEPLOYMENT_TARGET = 17.2;
				MACOSX_DEPLOYMENT_TARGET = 14.1;
				MARKETING_VERSION = 1.0;
				PRODUCT_BUNDLE_IDENTIFIER = com.claucambra.HarmonyTests;
				PRODUCT_NAME = "$(TARGET_NAME)";
				SDKROOT = auto;
				SUPPORTED_PLATFORMS = "iphoneos iphonesimulator macosx";
				SWIFT_EMIT_LOC_STRINGS = NO;
				SWIFT_VERSION = 5.0;
				TARGETED_DEVICE_FAMILY = "1,2";
				TEST_HOST = "$(BUILT_PRODUCTS_DIR)/Harmony.app/$(BUNDLE_EXECUTABLE_FOLDER_PATH)/Harmony";
			};
			name = Debug;
		};
		535F1BF72B4A8F1600C78D98 /* Release */ = {
			isa = XCBuildConfiguration;
			buildSettings = {
				ALWAYS_EMBED_SWIFT_STANDARD_LIBRARIES = YES;
				BUNDLE_LOADER = "$(TEST_HOST)";
				CODE_SIGN_STYLE = Automatic;
				CURRENT_PROJECT_VERSION = 1;
				DEAD_CODE_STRIPPING = YES;
				DEVELOPMENT_TEAM = R337PH2DQX;
				GENERATE_INFOPLIST_FILE = YES;
				IPHONEOS_DEPLOYMENT_TARGET = 17.2;
				MACOSX_DEPLOYMENT_TARGET = 14.1;
				MARKETING_VERSION = 1.0;
				PRODUCT_BUNDLE_IDENTIFIER = com.claucambra.HarmonyTests;
				PRODUCT_NAME = "$(TARGET_NAME)";
				SDKROOT = auto;
				SUPPORTED_PLATFORMS = "iphoneos iphonesimulator macosx";
				SWIFT_EMIT_LOC_STRINGS = NO;
				SWIFT_VERSION = 5.0;
				TARGETED_DEVICE_FAMILY = "1,2";
				TEST_HOST = "$(BUILT_PRODUCTS_DIR)/Harmony.app/$(BUNDLE_EXECUTABLE_FOLDER_PATH)/Harmony";
			};
			name = Release;
		};
		535F1BF92B4A8F1600C78D98 /* Debug */ = {
			isa = XCBuildConfiguration;
			buildSettings = {
				ALWAYS_EMBED_SWIFT_STANDARD_LIBRARIES = YES;
				CODE_SIGN_STYLE = Automatic;
				CURRENT_PROJECT_VERSION = 1;
				DEAD_CODE_STRIPPING = YES;
				DEVELOPMENT_TEAM = R337PH2DQX;
				GENERATE_INFOPLIST_FILE = YES;
				IPHONEOS_DEPLOYMENT_TARGET = 17.2;
				MACOSX_DEPLOYMENT_TARGET = 14.1;
				MARKETING_VERSION = 1.0;
				PRODUCT_BUNDLE_IDENTIFIER = com.claucambra.HarmonyUITests;
				PRODUCT_NAME = "$(TARGET_NAME)";
				SDKROOT = auto;
				SUPPORTED_PLATFORMS = "iphoneos iphonesimulator macosx";
				SWIFT_EMIT_LOC_STRINGS = NO;
				SWIFT_VERSION = 5.0;
				TARGETED_DEVICE_FAMILY = "1,2";
				TEST_TARGET_NAME = Harmony;
			};
			name = Debug;
		};
		535F1BFA2B4A8F1600C78D98 /* Release */ = {
			isa = XCBuildConfiguration;
			buildSettings = {
				ALWAYS_EMBED_SWIFT_STANDARD_LIBRARIES = YES;
				CODE_SIGN_STYLE = Automatic;
				CURRENT_PROJECT_VERSION = 1;
				DEAD_CODE_STRIPPING = YES;
				DEVELOPMENT_TEAM = R337PH2DQX;
				GENERATE_INFOPLIST_FILE = YES;
				IPHONEOS_DEPLOYMENT_TARGET = 17.2;
				MACOSX_DEPLOYMENT_TARGET = 14.1;
				MARKETING_VERSION = 1.0;
				PRODUCT_BUNDLE_IDENTIFIER = com.claucambra.HarmonyUITests;
				PRODUCT_NAME = "$(TARGET_NAME)";
				SDKROOT = auto;
				SUPPORTED_PLATFORMS = "iphoneos iphonesimulator macosx";
				SWIFT_EMIT_LOC_STRINGS = NO;
				SWIFT_VERSION = 5.0;
				TARGETED_DEVICE_FAMILY = "1,2";
				TEST_TARGET_NAME = Harmony;
			};
			name = Release;
		};
/* End XCBuildConfiguration section */

/* Begin XCConfigurationList section */
		535F1BC82B4A8F1400C78D98 /* Build configuration list for PBXProject "Harmony" */ = {
			isa = XCConfigurationList;
			buildConfigurations = (
				535F1BF02B4A8F1600C78D98 /* Debug */,
				535F1BF12B4A8F1600C78D98 /* Release */,
			);
			defaultConfigurationIsVisible = 0;
			defaultConfigurationName = Release;
		};
		535F1BF22B4A8F1600C78D98 /* Build configuration list for PBXNativeTarget "Harmony" */ = {
			isa = XCConfigurationList;
			buildConfigurations = (
				535F1BF32B4A8F1600C78D98 /* Debug */,
				535F1BF42B4A8F1600C78D98 /* Release */,
			);
			defaultConfigurationIsVisible = 0;
			defaultConfigurationName = Release;
		};
		535F1BF52B4A8F1600C78D98 /* Build configuration list for PBXNativeTarget "HarmonyTests" */ = {
			isa = XCConfigurationList;
			buildConfigurations = (
				535F1BF62B4A8F1600C78D98 /* Debug */,
				535F1BF72B4A8F1600C78D98 /* Release */,
			);
			defaultConfigurationIsVisible = 0;
			defaultConfigurationName = Release;
		};
		535F1BF82B4A8F1600C78D98 /* Build configuration list for PBXNativeTarget "HarmonyUITests" */ = {
			isa = XCConfigurationList;
			buildConfigurations = (
				535F1BF92B4A8F1600C78D98 /* Debug */,
				535F1BFA2B4A8F1600C78D98 /* Release */,
			);
			defaultConfigurationIsVisible = 0;
			defaultConfigurationName = Release;
		};
/* End XCConfigurationList section */
	};
	rootObject = 535F1BC52B4A8F1400C78D98 /* Project object */;
}
