// !$*UTF8*$!
{
	archiveVersion = 1;
	classes = {
	};
	objectVersion = 56;
	objects = {

/* Begin PBXBuildFile section */
		535053332B5955C900D7EAF2 /* HarmonyKit.framework in Frameworks */ = {isa = PBXBuildFile; fileRef = 535053292B5955C800D7EAF2 /* HarmonyKit.framework */; };
		5350533E2B5955C900D7EAF2 /* HarmonyKit.framework in Frameworks */ = {isa = PBXBuildFile; fileRef = 535053292B5955C800D7EAF2 /* HarmonyKit.framework */; };
		5350533F2B5955C900D7EAF2 /* HarmonyKit.framework in Embed Frameworks */ = {isa = PBXBuildFile; fileRef = 535053292B5955C800D7EAF2 /* HarmonyKit.framework */; settings = {ATTRIBUTES = (CodeSignOnCopy, RemoveHeadersOnCopy, ); }; };
		535053502B5955F900D7EAF2 /* HarmonyKit.docc in Sources */ = {isa = PBXBuildFile; fileRef = 535053472B5955F900D7EAF2 /* HarmonyKit.docc */; };
		535053512B5955F900D7EAF2 /* Song.swift in Sources */ = {isa = PBXBuildFile; fileRef = 535053492B5955F900D7EAF2 /* Song.swift */; };
		535053522B5955F900D7EAF2 /* LocalFileUtils.swift in Sources */ = {isa = PBXBuildFile; fileRef = 5350534A2B5955F900D7EAF2 /* LocalFileUtils.swift */; };
		535053532B5955F900D7EAF2 /* HarmonyKit.h in Headers */ = {isa = PBXBuildFile; fileRef = 5350534B2B5955F900D7EAF2 /* HarmonyKit.h */; };
		535053542B5955F900D7EAF2 /* Backend.swift in Sources */ = {isa = PBXBuildFile; fileRef = 5350534D2B5955F900D7EAF2 /* Backend.swift */; };
		535053552B5955F900D7EAF2 /* LocalBackend.swift in Sources */ = {isa = PBXBuildFile; fileRef = 5350534F2B5955F900D7EAF2 /* LocalBackend.swift */; };
		5350535B2B59565400D7EAF2 /* LocalBackendTests.swift in Sources */ = {isa = PBXBuildFile; fileRef = 535053582B59565400D7EAF2 /* LocalBackendTests.swift */; };
		5350535C2B59565400D7EAF2 /* FilePlayabilityTests.swift in Sources */ = {isa = PBXBuildFile; fileRef = 5350535A2B59565400D7EAF2 /* FilePlayabilityTests.swift */; };
		535053622B5975A100D7EAF2 /* Logger+Extension.swift in Sources */ = {isa = PBXBuildFile; fileRef = 535053612B5975A100D7EAF2 /* Logger+Extension.swift */; };
		535053642B5A416900D7EAF2 /* SongTest.swift in Sources */ = {isa = PBXBuildFile; fileRef = 535053632B5A416900D7EAF2 /* SongTest.swift */; };
		535053712B5A9A7500D7EAF2 /* Free_Test_Data_1MB_MP3.mp3 in Resources */ = {isa = PBXBuildFile; fileRef = 535053702B5A9A7500D7EAF2 /* Free_Test_Data_1MB_MP3.mp3 */; };
		535053732B5AA61A00D7EAF2 /* SongsTable.swift in Sources */ = {isa = PBXBuildFile; fileRef = 535053722B5AA61A00D7EAF2 /* SongsTable.swift */; };
		535053782B5AB24500D7EAF2 /* AVAsset+Extension.swift in Sources */ = {isa = PBXBuildFile; fileRef = 535053772B5AB24500D7EAF2 /* AVAsset+Extension.swift */; };
		5350537C2B5BB1FE00D7EAF2 /* Sidebar.swift in Sources */ = {isa = PBXBuildFile; fileRef = 5350537B2B5BB1FE00D7EAF2 /* Sidebar.swift */; };
		5350537E2B5BB39000D7EAF2 /* DetailColumn.swift in Sources */ = {isa = PBXBuildFile; fileRef = 5350537D2B5BB39000D7EAF2 /* DetailColumn.swift */; };
		535053812B5BBDC000D7EAF2 /* SettingsView.swift in Sources */ = {isa = PBXBuildFile; fileRef = 535053802B5BBDC000D7EAF2 /* SettingsView.swift */; };
		535053832B5BC28E00D7EAF2 /* BackendsSettingsView.swift in Sources */ = {isa = PBXBuildFile; fileRef = 535053822B5BC28E00D7EAF2 /* BackendsSettingsView.swift */; };
		535053862B5BC98B00D7EAF2 /* BackendChoiceView.swift in Sources */ = {isa = PBXBuildFile; fileRef = 535053852B5BC98B00D7EAF2 /* BackendChoiceView.swift */; };
		535053882B5BCD0200D7EAF2 /* BackendDescription.swift in Sources */ = {isa = PBXBuildFile; fileRef = 535053872B5BCD0200D7EAF2 /* BackendDescription.swift */; };
		5350538D2B5BD1A700D7EAF2 /* FilePlayability.swift in Sources */ = {isa = PBXBuildFile; fileRef = 5350538C2B5BD1A700D7EAF2 /* FilePlayability.swift */; };
		535053902B5BD32200D7EAF2 /* LocalFileUtilsTests.swift in Sources */ = {isa = PBXBuildFile; fileRef = 5350538F2B5BD32200D7EAF2 /* LocalFileUtilsTests.swift */; };
		535053922B5BD41200D7EAF2 /* AvailableBackends.swift in Sources */ = {isa = PBXBuildFile; fileRef = 535053912B5BD41200D7EAF2 /* AvailableBackends.swift */; };
		535053942B5BDA7500D7EAF2 /* BackendChoiceListItemView.swift in Sources */ = {isa = PBXBuildFile; fileRef = 535053932B5BDA7500D7EAF2 /* BackendChoiceListItemView.swift */; };
		535053962B5BE96800D7EAF2 /* BackendConfigurationView.swift in Sources */ = {isa = PBXBuildFile; fileRef = 535053952B5BE96800D7EAF2 /* BackendConfigurationView.swift */; };
		535053982B5CF4C900D7EAF2 /* BackendConfigurationFieldView.swift in Sources */ = {isa = PBXBuildFile; fileRef = 535053972B5CF4C900D7EAF2 /* BackendConfigurationFieldView.swift */; };
		5350539B2B5D026F00D7EAF2 /* BackendConfigurationUtils.swift in Sources */ = {isa = PBXBuildFile; fileRef = 5350539A2B5D026F00D7EAF2 /* BackendConfigurationUtils.swift */; };
		535053A02B5D1CC700D7EAF2 /* BackendsModel.swift in Sources */ = {isa = PBXBuildFile; fileRef = 5350539F2B5D1CC700D7EAF2 /* BackendsModel.swift */; };
		535053F02B62186F00D7EAF2 /* SettingsSheet.swift in Sources */ = {isa = PBXBuildFile; fileRef = 535053EF2B62186F00D7EAF2 /* SettingsSheet.swift */; };
		535053F42B6239AC00D7EAF2 /* FilePickerRepresentable.swift in Sources */ = {isa = PBXBuildFile; fileRef = 535053F32B6239AC00D7EAF2 /* FilePickerRepresentable.swift */; };
		535053F72B625AB100D7EAF2 /* PlayerController.swift in Sources */ = {isa = PBXBuildFile; fileRef = 535053F62B625AB100D7EAF2 /* PlayerController.swift */; };
		535053FD2B62822F00D7EAF2 /* PlayerControlsView.swift in Sources */ = {isa = PBXBuildFile; fileRef = 535053FC2B62822F00D7EAF2 /* PlayerControlsView.swift */; };
		535053FF2B62892500D7EAF2 /* AVPlayer+Extension.swift in Sources */ = {isa = PBXBuildFile; fileRef = 535053FE2B62892500D7EAF2 /* AVPlayer+Extension.swift */; };
		535054012B62D98200D7EAF2 /* PlayerQueue.swift in Sources */ = {isa = PBXBuildFile; fileRef = 535054002B62D98200D7EAF2 /* PlayerQueue.swift */; };
		535054042B6356EF00D7EAF2 /* Logger+Extension.swift in Sources */ = {isa = PBXBuildFile; fileRef = 535054032B6356EF00D7EAF2 /* Logger+Extension.swift */; };
		535054062B6357DC00D7EAF2 /* PlayerButtonStackView.swift in Sources */ = {isa = PBXBuildFile; fileRef = 535054052B6357DC00D7EAF2 /* PlayerButtonStackView.swift */; };
		535054082B635A0B00D7EAF2 /* PlayerScrubberView.swift in Sources */ = {isa = PBXBuildFile; fileRef = 535054072B635A0B00D7EAF2 /* PlayerScrubberView.swift */; };
		5350540A2B63939C00D7EAF2 /* PlayerQueueView.swift in Sources */ = {isa = PBXBuildFile; fileRef = 535054092B63939C00D7EAF2 /* PlayerQueueView.swift */; };
		5350540C2B63972C00D7EAF2 /* PlayerCurrentSongView.swift in Sources */ = {isa = PBXBuildFile; fileRef = 5350540B2B63972C00D7EAF2 /* PlayerCurrentSongView.swift */; };
		5350540F2B63A12800D7EAF2 /* PlayButton.swift in Sources */ = {isa = PBXBuildFile; fileRef = 5350540E2B63A12800D7EAF2 /* PlayButton.swift */; };
		535054112B63A1EB00D7EAF2 /* ChangeSongButton.swift in Sources */ = {isa = PBXBuildFile; fileRef = 535054102B63A1EB00D7EAF2 /* ChangeSongButton.swift */; };
		535054152B63A3AD00D7EAF2 /* ShuffleButton.swift in Sources */ = {isa = PBXBuildFile; fileRef = 535054142B63A3AD00D7EAF2 /* ShuffleButton.swift */; };
		535054172B63A3F500D7EAF2 /* RepeatButton.swift in Sources */ = {isa = PBXBuildFile; fileRef = 535054162B63A3F500D7EAF2 /* RepeatButton.swift */; };
		535054192B63A4AA00D7EAF2 /* QueueButton.swift in Sources */ = {isa = PBXBuildFile; fileRef = 535054182B63A4AA00D7EAF2 /* QueueButton.swift */; };
		5350541B2B63BBC500D7EAF2 /* ConfiguredBackendsListItemView.swift in Sources */ = {isa = PBXBuildFile; fileRef = 5350541A2B63BBC500D7EAF2 /* ConfiguredBackendsListItemView.swift */; };
		5350541D2B63C71400D7EAF2 /* BackendPresentable.swift in Sources */ = {isa = PBXBuildFile; fileRef = 5350541C2B63C71400D7EAF2 /* BackendPresentable.swift */; };
		535054212B64142200D7EAF2 /* DequeModule in Frameworks */ = {isa = PBXBuildFile; productRef = 535054202B64142200D7EAF2 /* DequeModule */; };
		535054242B64180C00D7EAF2 /* Realm in Frameworks */ = {isa = PBXBuildFile; productRef = 535054232B64180C00D7EAF2 /* Realm */; };
		535054262B64180C00D7EAF2 /* RealmSwift in Frameworks */ = {isa = PBXBuildFile; productRef = 535054252B64180C00D7EAF2 /* RealmSwift */; };
		535054282B641A8900D7EAF2 /* DatabaseManager.swift in Sources */ = {isa = PBXBuildFile; fileRef = 535054272B641A8900D7EAF2 /* DatabaseManager.swift */; };
		5350542A2B641FAB00D7EAF2 /* DatabaseSong.swift in Sources */ = {isa = PBXBuildFile; fileRef = 535054292B641FAA00D7EAF2 /* DatabaseSong.swift */; };
		5350542B2B64293600D7EAF2 /* SyncController.swift in Sources */ = {isa = PBXBuildFile; fileRef = 5350535F2B59581600D7EAF2 /* SyncController.swift */; };
		5350542F2B64E48600D7EAF2 /* OrderedCollections in Frameworks */ = {isa = PBXBuildFile; productRef = 5350542E2B64E48600D7EAF2 /* OrderedCollections */; };
		535054322B66248C00D7EAF2 /* ConfiguredBackendsListView.swift in Sources */ = {isa = PBXBuildFile; fileRef = 535054312B66248C00D7EAF2 /* ConfiguredBackendsListView.swift */; };
		535F1BD12B4A8F1400C78D98 /* HarmonyApp.swift in Sources */ = {isa = PBXBuildFile; fileRef = 535F1BD02B4A8F1400C78D98 /* HarmonyApp.swift */; };
		535F1BD32B4A8F1400C78D98 /* ContentView.swift in Sources */ = {isa = PBXBuildFile; fileRef = 535F1BD22B4A8F1400C78D98 /* ContentView.swift */; };
		535F1BD52B4A8F1600C78D98 /* Assets.xcassets in Resources */ = {isa = PBXBuildFile; fileRef = 535F1BD42B4A8F1600C78D98 /* Assets.xcassets */; };
		535F1BD92B4A8F1600C78D98 /* Preview Assets.xcassets in Resources */ = {isa = PBXBuildFile; fileRef = 535F1BD82B4A8F1600C78D98 /* Preview Assets.xcassets */; };
		535F1BE32B4A8F1600C78D98 /* HarmonyTests.swift in Sources */ = {isa = PBXBuildFile; fileRef = 535F1BE22B4A8F1600C78D98 /* HarmonyTests.swift */; };
		535F1BED2B4A8F1600C78D98 /* HarmonyUITests.swift in Sources */ = {isa = PBXBuildFile; fileRef = 535F1BEC2B4A8F1600C78D98 /* HarmonyUITests.swift */; };
		535F1BEF2B4A8F1600C78D98 /* HarmonyUITestsLaunchTests.swift in Sources */ = {isa = PBXBuildFile; fileRef = 535F1BEE2B4A8F1600C78D98 /* HarmonyUITestsLaunchTests.swift */; };
/* End PBXBuildFile section */

/* Begin PBXContainerItemProxy section */
		535053342B5955C900D7EAF2 /* PBXContainerItemProxy */ = {
			isa = PBXContainerItemProxy;
			containerPortal = 535F1BC52B4A8F1400C78D98 /* Project object */;
			proxyType = 1;
			remoteGlobalIDString = 535053282B5955C800D7EAF2;
			remoteInfo = HarmonyKit;
		};
		535053362B5955C900D7EAF2 /* PBXContainerItemProxy */ = {
			isa = PBXContainerItemProxy;
			containerPortal = 535F1BC52B4A8F1400C78D98 /* Project object */;
			proxyType = 1;
			remoteGlobalIDString = 535F1BCC2B4A8F1400C78D98;
			remoteInfo = Harmony;
		};
		5350533C2B5955C900D7EAF2 /* PBXContainerItemProxy */ = {
			isa = PBXContainerItemProxy;
			containerPortal = 535F1BC52B4A8F1400C78D98 /* Project object */;
			proxyType = 1;
			remoteGlobalIDString = 535053282B5955C800D7EAF2;
			remoteInfo = HarmonyKit;
		};
		535F1BDF2B4A8F1600C78D98 /* PBXContainerItemProxy */ = {
			isa = PBXContainerItemProxy;
			containerPortal = 535F1BC52B4A8F1400C78D98 /* Project object */;
			proxyType = 1;
			remoteGlobalIDString = 535F1BCC2B4A8F1400C78D98;
			remoteInfo = Harmony;
		};
		535F1BE92B4A8F1600C78D98 /* PBXContainerItemProxy */ = {
			isa = PBXContainerItemProxy;
			containerPortal = 535F1BC52B4A8F1400C78D98 /* Project object */;
			proxyType = 1;
			remoteGlobalIDString = 535F1BCC2B4A8F1400C78D98;
			remoteInfo = Harmony;
		};
/* End PBXContainerItemProxy section */

/* Begin PBXCopyFilesBuildPhase section */
		535053432B5955C900D7EAF2 /* Embed Frameworks */ = {
			isa = PBXCopyFilesBuildPhase;
			buildActionMask = 2147483647;
			dstPath = "";
			dstSubfolderSpec = 10;
			files = (
				5350533F2B5955C900D7EAF2 /* HarmonyKit.framework in Embed Frameworks */,
			);
			name = "Embed Frameworks";
			runOnlyForDeploymentPostprocessing = 0;
		};
/* End PBXCopyFilesBuildPhase section */

/* Begin PBXFileReference section */
		535053292B5955C800D7EAF2 /* HarmonyKit.framework */ = {isa = PBXFileReference; explicitFileType = wrapper.framework; includeInIndex = 0; path = HarmonyKit.framework; sourceTree = BUILT_PRODUCTS_DIR; };
		535053322B5955C800D7EAF2 /* HarmonyKitTests.xctest */ = {isa = PBXFileReference; explicitFileType = wrapper.cfbundle; includeInIndex = 0; path = HarmonyKitTests.xctest; sourceTree = BUILT_PRODUCTS_DIR; };
		535053472B5955F900D7EAF2 /* HarmonyKit.docc */ = {isa = PBXFileReference; lastKnownFileType = folder.documentationcatalog; path = HarmonyKit.docc; sourceTree = "<group>"; };
		535053492B5955F900D7EAF2 /* Song.swift */ = {isa = PBXFileReference; fileEncoding = 4; lastKnownFileType = sourcecode.swift; path = Song.swift; sourceTree = "<group>"; };
		5350534A2B5955F900D7EAF2 /* LocalFileUtils.swift */ = {isa = PBXFileReference; fileEncoding = 4; lastKnownFileType = sourcecode.swift; path = LocalFileUtils.swift; sourceTree = "<group>"; };
		5350534B2B5955F900D7EAF2 /* HarmonyKit.h */ = {isa = PBXFileReference; fileEncoding = 4; lastKnownFileType = sourcecode.c.h; path = HarmonyKit.h; sourceTree = "<group>"; };
		5350534D2B5955F900D7EAF2 /* Backend.swift */ = {isa = PBXFileReference; fileEncoding = 4; lastKnownFileType = sourcecode.swift; path = Backend.swift; sourceTree = "<group>"; };
		5350534F2B5955F900D7EAF2 /* LocalBackend.swift */ = {isa = PBXFileReference; fileEncoding = 4; lastKnownFileType = sourcecode.swift; path = LocalBackend.swift; sourceTree = "<group>"; };
		535053582B59565400D7EAF2 /* LocalBackendTests.swift */ = {isa = PBXFileReference; fileEncoding = 4; lastKnownFileType = sourcecode.swift; path = LocalBackendTests.swift; sourceTree = "<group>"; };
		5350535A2B59565400D7EAF2 /* FilePlayabilityTests.swift */ = {isa = PBXFileReference; fileEncoding = 4; lastKnownFileType = sourcecode.swift; path = FilePlayabilityTests.swift; sourceTree = "<group>"; };
		5350535D2B59573900D7EAF2 /* HarmonyKit.xctestplan */ = {isa = PBXFileReference; lastKnownFileType = text; path = HarmonyKit.xctestplan; sourceTree = "<group>"; };
		5350535F2B59581600D7EAF2 /* SyncController.swift */ = {isa = PBXFileReference; lastKnownFileType = sourcecode.swift; path = SyncController.swift; sourceTree = "<group>"; };
		535053612B5975A100D7EAF2 /* Logger+Extension.swift */ = {isa = PBXFileReference; lastKnownFileType = sourcecode.swift; path = "Logger+Extension.swift"; sourceTree = "<group>"; };
		535053632B5A416900D7EAF2 /* SongTest.swift */ = {isa = PBXFileReference; lastKnownFileType = sourcecode.swift; path = SongTest.swift; sourceTree = "<group>"; };
		535053702B5A9A7500D7EAF2 /* Free_Test_Data_1MB_MP3.mp3 */ = {isa = PBXFileReference; lastKnownFileType = audio.mp3; path = Free_Test_Data_1MB_MP3.mp3; sourceTree = "<group>"; };
		535053722B5AA61A00D7EAF2 /* SongsTable.swift */ = {isa = PBXFileReference; lastKnownFileType = sourcecode.swift; path = SongsTable.swift; sourceTree = "<group>"; };
		535053772B5AB24500D7EAF2 /* AVAsset+Extension.swift */ = {isa = PBXFileReference; lastKnownFileType = sourcecode.swift; path = "AVAsset+Extension.swift"; sourceTree = "<group>"; };
		535053792B5BA65F00D7EAF2 /* Info.plist */ = {isa = PBXFileReference; lastKnownFileType = text.plist; path = Info.plist; sourceTree = "<group>"; };
		5350537B2B5BB1FE00D7EAF2 /* Sidebar.swift */ = {isa = PBXFileReference; lastKnownFileType = sourcecode.swift; path = Sidebar.swift; sourceTree = "<group>"; };
		5350537D2B5BB39000D7EAF2 /* DetailColumn.swift */ = {isa = PBXFileReference; lastKnownFileType = sourcecode.swift; path = DetailColumn.swift; sourceTree = "<group>"; };
		535053802B5BBDC000D7EAF2 /* SettingsView.swift */ = {isa = PBXFileReference; lastKnownFileType = sourcecode.swift; path = SettingsView.swift; sourceTree = "<group>"; };
		535053822B5BC28E00D7EAF2 /* BackendsSettingsView.swift */ = {isa = PBXFileReference; lastKnownFileType = sourcecode.swift; path = BackendsSettingsView.swift; sourceTree = "<group>"; };
		535053852B5BC98B00D7EAF2 /* BackendChoiceView.swift */ = {isa = PBXFileReference; lastKnownFileType = sourcecode.swift; path = BackendChoiceView.swift; sourceTree = "<group>"; };
		535053872B5BCD0200D7EAF2 /* BackendDescription.swift */ = {isa = PBXFileReference; lastKnownFileType = sourcecode.swift; path = BackendDescription.swift; sourceTree = "<group>"; };
		5350538C2B5BD1A700D7EAF2 /* FilePlayability.swift */ = {isa = PBXFileReference; lastKnownFileType = sourcecode.swift; path = FilePlayability.swift; sourceTree = "<group>"; };
		5350538F2B5BD32200D7EAF2 /* LocalFileUtilsTests.swift */ = {isa = PBXFileReference; lastKnownFileType = sourcecode.swift; path = LocalFileUtilsTests.swift; sourceTree = "<group>"; };
		535053912B5BD41200D7EAF2 /* AvailableBackends.swift */ = {isa = PBXFileReference; lastKnownFileType = sourcecode.swift; path = AvailableBackends.swift; sourceTree = "<group>"; };
		535053932B5BDA7500D7EAF2 /* BackendChoiceListItemView.swift */ = {isa = PBXFileReference; lastKnownFileType = sourcecode.swift; path = BackendChoiceListItemView.swift; sourceTree = "<group>"; };
		535053952B5BE96800D7EAF2 /* BackendConfigurationView.swift */ = {isa = PBXFileReference; lastKnownFileType = sourcecode.swift; path = BackendConfigurationView.swift; sourceTree = "<group>"; };
		535053972B5CF4C900D7EAF2 /* BackendConfigurationFieldView.swift */ = {isa = PBXFileReference; lastKnownFileType = sourcecode.swift; path = BackendConfigurationFieldView.swift; sourceTree = "<group>"; };
		5350539A2B5D026F00D7EAF2 /* BackendConfigurationUtils.swift */ = {isa = PBXFileReference; lastKnownFileType = sourcecode.swift; path = BackendConfigurationUtils.swift; sourceTree = "<group>"; };
		5350539F2B5D1CC700D7EAF2 /* BackendsModel.swift */ = {isa = PBXFileReference; lastKnownFileType = sourcecode.swift; path = BackendsModel.swift; sourceTree = "<group>"; };
		535053EF2B62186F00D7EAF2 /* SettingsSheet.swift */ = {isa = PBXFileReference; lastKnownFileType = sourcecode.swift; path = SettingsSheet.swift; sourceTree = "<group>"; };
		535053F32B6239AC00D7EAF2 /* FilePickerRepresentable.swift */ = {isa = PBXFileReference; lastKnownFileType = sourcecode.swift; path = FilePickerRepresentable.swift; sourceTree = "<group>"; };
		535053F62B625AB100D7EAF2 /* PlayerController.swift */ = {isa = PBXFileReference; lastKnownFileType = sourcecode.swift; path = PlayerController.swift; sourceTree = "<group>"; };
		535053FC2B62822F00D7EAF2 /* PlayerControlsView.swift */ = {isa = PBXFileReference; lastKnownFileType = sourcecode.swift; path = PlayerControlsView.swift; sourceTree = "<group>"; };
		535053FE2B62892500D7EAF2 /* AVPlayer+Extension.swift */ = {isa = PBXFileReference; lastKnownFileType = sourcecode.swift; path = "AVPlayer+Extension.swift"; sourceTree = "<group>"; };
		535054002B62D98200D7EAF2 /* PlayerQueue.swift */ = {isa = PBXFileReference; lastKnownFileType = sourcecode.swift; path = PlayerQueue.swift; sourceTree = "<group>"; };
		535054032B6356EF00D7EAF2 /* Logger+Extension.swift */ = {isa = PBXFileReference; lastKnownFileType = sourcecode.swift; path = "Logger+Extension.swift"; sourceTree = "<group>"; };
		535054052B6357DC00D7EAF2 /* PlayerButtonStackView.swift */ = {isa = PBXFileReference; lastKnownFileType = sourcecode.swift; path = PlayerButtonStackView.swift; sourceTree = "<group>"; };
		535054072B635A0B00D7EAF2 /* PlayerScrubberView.swift */ = {isa = PBXFileReference; lastKnownFileType = sourcecode.swift; path = PlayerScrubberView.swift; sourceTree = "<group>"; };
		535054092B63939C00D7EAF2 /* PlayerQueueView.swift */ = {isa = PBXFileReference; lastKnownFileType = sourcecode.swift; path = PlayerQueueView.swift; sourceTree = "<group>"; };
		5350540B2B63972C00D7EAF2 /* PlayerCurrentSongView.swift */ = {isa = PBXFileReference; lastKnownFileType = sourcecode.swift; path = PlayerCurrentSongView.swift; sourceTree = "<group>"; };
		5350540E2B63A12800D7EAF2 /* PlayButton.swift */ = {isa = PBXFileReference; lastKnownFileType = sourcecode.swift; path = PlayButton.swift; sourceTree = "<group>"; };
		535054102B63A1EB00D7EAF2 /* ChangeSongButton.swift */ = {isa = PBXFileReference; lastKnownFileType = sourcecode.swift; path = ChangeSongButton.swift; sourceTree = "<group>"; };
		535054142B63A3AD00D7EAF2 /* ShuffleButton.swift */ = {isa = PBXFileReference; lastKnownFileType = sourcecode.swift; path = ShuffleButton.swift; sourceTree = "<group>"; };
		535054162B63A3F500D7EAF2 /* RepeatButton.swift */ = {isa = PBXFileReference; lastKnownFileType = sourcecode.swift; path = RepeatButton.swift; sourceTree = "<group>"; };
		535054182B63A4AA00D7EAF2 /* QueueButton.swift */ = {isa = PBXFileReference; lastKnownFileType = sourcecode.swift; path = QueueButton.swift; sourceTree = "<group>"; };
		5350541A2B63BBC500D7EAF2 /* ConfiguredBackendsListItemView.swift */ = {isa = PBXFileReference; lastKnownFileType = sourcecode.swift; path = ConfiguredBackendsListItemView.swift; sourceTree = "<group>"; };
		5350541C2B63C71400D7EAF2 /* BackendPresentable.swift */ = {isa = PBXFileReference; lastKnownFileType = sourcecode.swift; path = BackendPresentable.swift; sourceTree = "<group>"; };
		535054272B641A8900D7EAF2 /* DatabaseManager.swift */ = {isa = PBXFileReference; lastKnownFileType = sourcecode.swift; path = DatabaseManager.swift; sourceTree = "<group>"; };
		535054292B641FAA00D7EAF2 /* DatabaseSong.swift */ = {isa = PBXFileReference; lastKnownFileType = sourcecode.swift; path = DatabaseSong.swift; sourceTree = "<group>"; };
		535054312B66248C00D7EAF2 /* ConfiguredBackendsListView.swift */ = {isa = PBXFileReference; lastKnownFileType = sourcecode.swift; path = ConfiguredBackendsListView.swift; sourceTree = "<group>"; };
		535F1BCD2B4A8F1400C78D98 /* Harmony.app */ = {isa = PBXFileReference; explicitFileType = wrapper.application; includeInIndex = 0; path = Harmony.app; sourceTree = BUILT_PRODUCTS_DIR; };
		535F1BD02B4A8F1400C78D98 /* HarmonyApp.swift */ = {isa = PBXFileReference; lastKnownFileType = sourcecode.swift; path = HarmonyApp.swift; sourceTree = "<group>"; };
		535F1BD22B4A8F1400C78D98 /* ContentView.swift */ = {isa = PBXFileReference; lastKnownFileType = sourcecode.swift; path = ContentView.swift; sourceTree = "<group>"; };
		535F1BD42B4A8F1600C78D98 /* Assets.xcassets */ = {isa = PBXFileReference; lastKnownFileType = folder.assetcatalog; path = Assets.xcassets; sourceTree = "<group>"; };
		535F1BD62B4A8F1600C78D98 /* Harmony.entitlements */ = {isa = PBXFileReference; lastKnownFileType = text.plist.entitlements; path = Harmony.entitlements; sourceTree = "<group>"; };
		535F1BD82B4A8F1600C78D98 /* Preview Assets.xcassets */ = {isa = PBXFileReference; lastKnownFileType = folder.assetcatalog; path = "Preview Assets.xcassets"; sourceTree = "<group>"; };
		535F1BDE2B4A8F1600C78D98 /* HarmonyTests.xctest */ = {isa = PBXFileReference; explicitFileType = wrapper.cfbundle; includeInIndex = 0; path = HarmonyTests.xctest; sourceTree = BUILT_PRODUCTS_DIR; };
		535F1BE22B4A8F1600C78D98 /* HarmonyTests.swift */ = {isa = PBXFileReference; lastKnownFileType = sourcecode.swift; path = HarmonyTests.swift; sourceTree = "<group>"; };
		535F1BE82B4A8F1600C78D98 /* HarmonyUITests.xctest */ = {isa = PBXFileReference; explicitFileType = wrapper.cfbundle; includeInIndex = 0; path = HarmonyUITests.xctest; sourceTree = BUILT_PRODUCTS_DIR; };
		535F1BEC2B4A8F1600C78D98 /* HarmonyUITests.swift */ = {isa = PBXFileReference; lastKnownFileType = sourcecode.swift; path = HarmonyUITests.swift; sourceTree = "<group>"; };
		535F1BEE2B4A8F1600C78D98 /* HarmonyUITestsLaunchTests.swift */ = {isa = PBXFileReference; lastKnownFileType = sourcecode.swift; path = HarmonyUITestsLaunchTests.swift; sourceTree = "<group>"; };
/* End PBXFileReference section */

/* Begin PBXFrameworksBuildPhase section */
		535053262B5955C800D7EAF2 /* Frameworks */ = {
			isa = PBXFrameworksBuildPhase;
			buildActionMask = 2147483647;
			files = (
			);
			runOnlyForDeploymentPostprocessing = 0;
		};
		5350532F2B5955C800D7EAF2 /* Frameworks */ = {
			isa = PBXFrameworksBuildPhase;
			buildActionMask = 2147483647;
			files = (
				535053332B5955C900D7EAF2 /* HarmonyKit.framework in Frameworks */,
			);
			runOnlyForDeploymentPostprocessing = 0;
		};
		535F1BCA2B4A8F1400C78D98 /* Frameworks */ = {
			isa = PBXFrameworksBuildPhase;
			buildActionMask = 2147483647;
			files = (
				5350542F2B64E48600D7EAF2 /* OrderedCollections in Frameworks */,
				535054262B64180C00D7EAF2 /* RealmSwift in Frameworks */,
				535054242B64180C00D7EAF2 /* Realm in Frameworks */,
				5350533E2B5955C900D7EAF2 /* HarmonyKit.framework in Frameworks */,
				535054212B64142200D7EAF2 /* DequeModule in Frameworks */,
			);
			runOnlyForDeploymentPostprocessing = 0;
		};
		535F1BDB2B4A8F1600C78D98 /* Frameworks */ = {
			isa = PBXFrameworksBuildPhase;
			buildActionMask = 2147483647;
			files = (
			);
			runOnlyForDeploymentPostprocessing = 0;
		};
		535F1BE52B4A8F1600C78D98 /* Frameworks */ = {
			isa = PBXFrameworksBuildPhase;
			buildActionMask = 2147483647;
			files = (
			);
			runOnlyForDeploymentPostprocessing = 0;
		};
/* End PBXFrameworksBuildPhase section */

/* Begin PBXGroup section */
		5350532A2B5955C800D7EAF2 /* HarmonyKit */ = {
			isa = PBXGroup;
			children = (
				5350534C2B5955F900D7EAF2 /* Backend */,
				535053482B5955F900D7EAF2 /* Common */,
				5350538B2B5BD18B00D7EAF2 /* Files */,
				535053762B5AB22F00D7EAF2 /* Extensions */,
				535053472B5955F900D7EAF2 /* HarmonyKit.docc */,
				5350534B2B5955F900D7EAF2 /* HarmonyKit.h */,
			);
			path = HarmonyKit;
			sourceTree = "<group>";
		};
		535053382B5955C900D7EAF2 /* HarmonyKitTests */ = {
			isa = PBXGroup;
			children = (
				5350535D2B59573900D7EAF2 /* HarmonyKit.xctestplan */,
				535053562B59565400D7EAF2 /* Backend */,
				535053592B59565400D7EAF2 /* Common */,
				5350538E2B5BD28E00D7EAF2 /* Files */,
				5350536A2B5A930A00D7EAF2 /* Test Data */,
			);
			path = HarmonyKitTests;
			sourceTree = "<group>";
		};
		535053482B5955F900D7EAF2 /* Common */ = {
			isa = PBXGroup;
			children = (
				535053492B5955F900D7EAF2 /* Song.swift */,
			);
			path = Common;
			sourceTree = "<group>";
		};
		5350534C2B5955F900D7EAF2 /* Backend */ = {
			isa = PBXGroup;
			children = (
				535053912B5BD41200D7EAF2 /* AvailableBackends.swift */,
				5350534D2B5955F900D7EAF2 /* Backend.swift */,
				535053872B5BCD0200D7EAF2 /* BackendDescription.swift */,
				5350541C2B63C71400D7EAF2 /* BackendPresentable.swift */,
				5350534E2B5955F900D7EAF2 /* Local */,
			);
			path = Backend;
			sourceTree = "<group>";
		};
		5350534E2B5955F900D7EAF2 /* Local */ = {
			isa = PBXGroup;
			children = (
				5350534F2B5955F900D7EAF2 /* LocalBackend.swift */,
			);
			path = Local;
			sourceTree = "<group>";
		};
		535053562B59565400D7EAF2 /* Backend */ = {
			isa = PBXGroup;
			children = (
				535053572B59565400D7EAF2 /* Local */,
			);
			path = Backend;
			sourceTree = "<group>";
		};
		535053572B59565400D7EAF2 /* Local */ = {
			isa = PBXGroup;
			children = (
				535053582B59565400D7EAF2 /* LocalBackendTests.swift */,
			);
			path = Local;
			sourceTree = "<group>";
		};
		535053592B59565400D7EAF2 /* Common */ = {
			isa = PBXGroup;
			children = (
				535053632B5A416900D7EAF2 /* SongTest.swift */,
			);
			path = Common;
			sourceTree = "<group>";
		};
		5350536A2B5A930A00D7EAF2 /* Test Data */ = {
			isa = PBXGroup;
			children = (
				535053702B5A9A7500D7EAF2 /* Free_Test_Data_1MB_MP3.mp3 */,
			);
			path = "Test Data";
			sourceTree = "<group>";
		};
		535053742B5AA63500D7EAF2 /* Library */ = {
			isa = PBXGroup;
			children = (
				535053722B5AA61A00D7EAF2 /* SongsTable.swift */,
			);
			path = Library;
			sourceTree = "<group>";
		};
		535053762B5AB22F00D7EAF2 /* Extensions */ = {
			isa = PBXGroup;
			children = (
				535053772B5AB24500D7EAF2 /* AVAsset+Extension.swift */,
				535053FE2B62892500D7EAF2 /* AVPlayer+Extension.swift */,
				535053612B5975A100D7EAF2 /* Logger+Extension.swift */,
			);
			path = Extensions;
			sourceTree = "<group>";
		};
		5350537A2B5BB1E200D7EAF2 /* Navigation */ = {
			isa = PBXGroup;
			children = (
				5350537D2B5BB39000D7EAF2 /* DetailColumn.swift */,
				5350537B2B5BB1FE00D7EAF2 /* Sidebar.swift */,
			);
			path = Navigation;
			sourceTree = "<group>";
		};
		5350537F2B5BBB5F00D7EAF2 /* Settings */ = {
			isa = PBXGroup;
			children = (
				5350539A2B5D026F00D7EAF2 /* BackendConfigurationUtils.swift */,
				535053932B5BDA7500D7EAF2 /* BackendChoiceListItemView.swift */,
				535053852B5BC98B00D7EAF2 /* BackendChoiceView.swift */,
				535053972B5CF4C900D7EAF2 /* BackendConfigurationFieldView.swift */,
				535053952B5BE96800D7EAF2 /* BackendConfigurationView.swift */,
				535053822B5BC28E00D7EAF2 /* BackendsSettingsView.swift */,
				5350541A2B63BBC500D7EAF2 /* ConfiguredBackendsListItemView.swift */,
				535054312B66248C00D7EAF2 /* ConfiguredBackendsListView.swift */,
				535053EF2B62186F00D7EAF2 /* SettingsSheet.swift */,
				535053802B5BBDC000D7EAF2 /* SettingsView.swift */,
			);
			path = Settings;
			sourceTree = "<group>";
		};
		5350538B2B5BD18B00D7EAF2 /* Files */ = {
			isa = PBXGroup;
			children = (
				535053F32B6239AC00D7EAF2 /* FilePickerRepresentable.swift */,
				5350538C2B5BD1A700D7EAF2 /* FilePlayability.swift */,
				5350534A2B5955F900D7EAF2 /* LocalFileUtils.swift */,
			);
			path = Files;
			sourceTree = "<group>";
		};
		5350538E2B5BD28E00D7EAF2 /* Files */ = {
			isa = PBXGroup;
			children = (
				5350535A2B59565400D7EAF2 /* FilePlayabilityTests.swift */,
				5350538F2B5BD32200D7EAF2 /* LocalFileUtilsTests.swift */,
			);
			path = Files;
			sourceTree = "<group>";
		};
		5350539E2B5D1CB700D7EAF2 /* Models */ = {
			isa = PBXGroup;
			children = (
				5350539F2B5D1CC700D7EAF2 /* BackendsModel.swift */,
			);
			path = Models;
			sourceTree = "<group>";
		};
		535053F52B625A9D00D7EAF2 /* Player */ = {
			isa = PBXGroup;
			children = (
				5350540D2B63A10B00D7EAF2 /* Buttons */,
				535054052B6357DC00D7EAF2 /* PlayerButtonStackView.swift */,
				535053F62B625AB100D7EAF2 /* PlayerController.swift */,
				535053FC2B62822F00D7EAF2 /* PlayerControlsView.swift */,
				5350540B2B63972C00D7EAF2 /* PlayerCurrentSongView.swift */,
				535054002B62D98200D7EAF2 /* PlayerQueue.swift */,
				535054092B63939C00D7EAF2 /* PlayerQueueView.swift */,
				535054072B635A0B00D7EAF2 /* PlayerScrubberView.swift */,
			);
			path = Player;
			sourceTree = "<group>";
		};
		535054022B6356E400D7EAF2 /* Extensions */ = {
			isa = PBXGroup;
			children = (
				535054032B6356EF00D7EAF2 /* Logger+Extension.swift */,
			);
			path = Extensions;
			sourceTree = "<group>";
		};
		5350540D2B63A10B00D7EAF2 /* Buttons */ = {
			isa = PBXGroup;
			children = (
				535054102B63A1EB00D7EAF2 /* ChangeSongButton.swift */,
				5350540E2B63A12800D7EAF2 /* PlayButton.swift */,
				535054182B63A4AA00D7EAF2 /* QueueButton.swift */,
				535054162B63A3F500D7EAF2 /* RepeatButton.swift */,
				535054142B63A3AD00D7EAF2 /* ShuffleButton.swift */,
			);
			path = Buttons;
			sourceTree = "<group>";
		};
		5350541E2B640F0D00D7EAF2 /* Database */ = {
			isa = PBXGroup;
			children = (
				535054272B641A8900D7EAF2 /* DatabaseManager.swift */,
				535054292B641FAA00D7EAF2 /* DatabaseSong.swift */,
			);
			path = Database;
			sourceTree = "<group>";
		};
		5350542D2B64E48600D7EAF2 /* Frameworks */ = {
			isa = PBXGroup;
			children = (
			);
			name = Frameworks;
			sourceTree = "<group>";
		};
		535054302B64EF5300D7EAF2 /* Sync */ = {
			isa = PBXGroup;
			children = (
				5350535F2B59581600D7EAF2 /* SyncController.swift */,
			);
			path = Sync;
			sourceTree = "<group>";
		};
		535F1BC42B4A8F1400C78D98 = {
			isa = PBXGroup;
			children = (
				535F1BCF2B4A8F1400C78D98 /* Harmony */,
				535F1BE12B4A8F1600C78D98 /* HarmonyTests */,
				535F1BEB2B4A8F1600C78D98 /* HarmonyUITests */,
				5350532A2B5955C800D7EAF2 /* HarmonyKit */,
				535053382B5955C900D7EAF2 /* HarmonyKitTests */,
				535F1BCE2B4A8F1400C78D98 /* Products */,
				5350542D2B64E48600D7EAF2 /* Frameworks */,
			);
			sourceTree = "<group>";
		};
		535F1BCE2B4A8F1400C78D98 /* Products */ = {
			isa = PBXGroup;
			children = (
				535F1BCD2B4A8F1400C78D98 /* Harmony.app */,
				535F1BDE2B4A8F1600C78D98 /* HarmonyTests.xctest */,
				535F1BE82B4A8F1600C78D98 /* HarmonyUITests.xctest */,
				535053292B5955C800D7EAF2 /* HarmonyKit.framework */,
				535053322B5955C800D7EAF2 /* HarmonyKitTests.xctest */,
			);
			name = Products;
			sourceTree = "<group>";
		};
		535F1BCF2B4A8F1400C78D98 /* Harmony */ = {
			isa = PBXGroup;
			children = (
				5350541E2B640F0D00D7EAF2 /* Database */,
				535054022B6356E400D7EAF2 /* Extensions */,
				535053742B5AA63500D7EAF2 /* Library */,
				5350537A2B5BB1E200D7EAF2 /* Navigation */,
				5350539E2B5D1CB700D7EAF2 /* Models */,
				535053F52B625A9D00D7EAF2 /* Player */,
				5350537F2B5BBB5F00D7EAF2 /* Settings */,
				535054302B64EF5300D7EAF2 /* Sync */,
				535F1BD02B4A8F1400C78D98 /* HarmonyApp.swift */,
				535F1BD22B4A8F1400C78D98 /* ContentView.swift */,
				535F1BD42B4A8F1600C78D98 /* Assets.xcassets */,
				535F1BD62B4A8F1600C78D98 /* Harmony.entitlements */,
				535053792B5BA65F00D7EAF2 /* Info.plist */,
				535F1BD72B4A8F1600C78D98 /* Preview Content */,
			);
			path = Harmony;
			sourceTree = "<group>";
		};
		535F1BD72B4A8F1600C78D98 /* Preview Content */ = {
			isa = PBXGroup;
			children = (
				535F1BD82B4A8F1600C78D98 /* Preview Assets.xcassets */,
			);
			path = "Preview Content";
			sourceTree = "<group>";
		};
		535F1BE12B4A8F1600C78D98 /* HarmonyTests */ = {
			isa = PBXGroup;
			children = (
				535F1BE22B4A8F1600C78D98 /* HarmonyTests.swift */,
			);
			path = HarmonyTests;
			sourceTree = "<group>";
		};
		535F1BEB2B4A8F1600C78D98 /* HarmonyUITests */ = {
			isa = PBXGroup;
			children = (
				535F1BEC2B4A8F1600C78D98 /* HarmonyUITests.swift */,
				535F1BEE2B4A8F1600C78D98 /* HarmonyUITestsLaunchTests.swift */,
			);
			path = HarmonyUITests;
			sourceTree = "<group>";
		};
/* End PBXGroup section */

/* Begin PBXHeadersBuildPhase section */
		535053242B5955C800D7EAF2 /* Headers */ = {
			isa = PBXHeadersBuildPhase;
			buildActionMask = 2147483647;
			files = (
				535053532B5955F900D7EAF2 /* HarmonyKit.h in Headers */,
			);
			runOnlyForDeploymentPostprocessing = 0;
		};
/* End PBXHeadersBuildPhase section */

/* Begin PBXNativeTarget section */
		535053282B5955C800D7EAF2 /* HarmonyKit */ = {
			isa = PBXNativeTarget;
			buildConfigurationList = 535053402B5955C900D7EAF2 /* Build configuration list for PBXNativeTarget "HarmonyKit" */;
			buildPhases = (
				535053242B5955C800D7EAF2 /* Headers */,
				535053252B5955C800D7EAF2 /* Sources */,
				535053262B5955C800D7EAF2 /* Frameworks */,
				535053272B5955C800D7EAF2 /* Resources */,
			);
			buildRules = (
			);
			dependencies = (
			);
			name = HarmonyKit;
			productName = HarmonyKit;
			productReference = 535053292B5955C800D7EAF2 /* HarmonyKit.framework */;
			productType = "com.apple.product-type.framework";
		};
		535053312B5955C800D7EAF2 /* HarmonyKitTests */ = {
			isa = PBXNativeTarget;
			buildConfigurationList = 535053442B5955C900D7EAF2 /* Build configuration list for PBXNativeTarget "HarmonyKitTests" */;
			buildPhases = (
				5350532E2B5955C800D7EAF2 /* Sources */,
				5350532F2B5955C800D7EAF2 /* Frameworks */,
				535053302B5955C800D7EAF2 /* Resources */,
			);
			buildRules = (
			);
			dependencies = (
				535053352B5955C900D7EAF2 /* PBXTargetDependency */,
				535053372B5955C900D7EAF2 /* PBXTargetDependency */,
			);
			name = HarmonyKitTests;
			productName = HarmonyKitTests;
			productReference = 535053322B5955C800D7EAF2 /* HarmonyKitTests.xctest */;
			productType = "com.apple.product-type.bundle.unit-test";
		};
		535F1BCC2B4A8F1400C78D98 /* Harmony */ = {
			isa = PBXNativeTarget;
			buildConfigurationList = 535F1BF22B4A8F1600C78D98 /* Build configuration list for PBXNativeTarget "Harmony" */;
			buildPhases = (
				535F1BC92B4A8F1400C78D98 /* Sources */,
				535F1BCA2B4A8F1400C78D98 /* Frameworks */,
				535F1BCB2B4A8F1400C78D98 /* Resources */,
				535053432B5955C900D7EAF2 /* Embed Frameworks */,
			);
			buildRules = (
			);
			dependencies = (
				5350533D2B5955C900D7EAF2 /* PBXTargetDependency */,
			);
			name = Harmony;
			packageProductDependencies = (
				535054202B64142200D7EAF2 /* DequeModule */,
				535054232B64180C00D7EAF2 /* Realm */,
				535054252B64180C00D7EAF2 /* RealmSwift */,
				5350542E2B64E48600D7EAF2 /* OrderedCollections */,
			);
			productName = Harmony;
			productReference = 535F1BCD2B4A8F1400C78D98 /* Harmony.app */;
			productType = "com.apple.product-type.application";
		};
		535F1BDD2B4A8F1600C78D98 /* HarmonyTests */ = {
			isa = PBXNativeTarget;
			buildConfigurationList = 535F1BF52B4A8F1600C78D98 /* Build configuration list for PBXNativeTarget "HarmonyTests" */;
			buildPhases = (
				535F1BDA2B4A8F1600C78D98 /* Sources */,
				535F1BDB2B4A8F1600C78D98 /* Frameworks */,
				535F1BDC2B4A8F1600C78D98 /* Resources */,
			);
			buildRules = (
			);
			dependencies = (
				535F1BE02B4A8F1600C78D98 /* PBXTargetDependency */,
			);
			name = HarmonyTests;
			productName = HarmonyTests;
			productReference = 535F1BDE2B4A8F1600C78D98 /* HarmonyTests.xctest */;
			productType = "com.apple.product-type.bundle.unit-test";
		};
		535F1BE72B4A8F1600C78D98 /* HarmonyUITests */ = {
			isa = PBXNativeTarget;
			buildConfigurationList = 535F1BF82B4A8F1600C78D98 /* Build configuration list for PBXNativeTarget "HarmonyUITests" */;
			buildPhases = (
				535F1BE42B4A8F1600C78D98 /* Sources */,
				535F1BE52B4A8F1600C78D98 /* Frameworks */,
				535F1BE62B4A8F1600C78D98 /* Resources */,
			);
			buildRules = (
			);
			dependencies = (
				535F1BEA2B4A8F1600C78D98 /* PBXTargetDependency */,
			);
			name = HarmonyUITests;
			productName = HarmonyUITests;
			productReference = 535F1BE82B4A8F1600C78D98 /* HarmonyUITests.xctest */;
			productType = "com.apple.product-type.bundle.ui-testing";
		};
/* End PBXNativeTarget section */

/* Begin PBXProject section */
		535F1BC52B4A8F1400C78D98 /* Project object */ = {
			isa = PBXProject;
			attributes = {
				BuildIndependentTargetsInParallel = NO;
				LastSwiftUpdateCheck = 1520;
				LastUpgradeCheck = 1520;
				TargetAttributes = {
					535053282B5955C800D7EAF2 = {
						CreatedOnToolsVersion = 15.2;
					};
					535053312B5955C800D7EAF2 = {
						CreatedOnToolsVersion = 15.2;
						TestTargetID = 535F1BCC2B4A8F1400C78D98;
					};
					535F1BCC2B4A8F1400C78D98 = {
						CreatedOnToolsVersion = 15.1;
					};
					535F1BDD2B4A8F1600C78D98 = {
						CreatedOnToolsVersion = 15.1;
						TestTargetID = 535F1BCC2B4A8F1400C78D98;
					};
					535F1BE72B4A8F1600C78D98 = {
						CreatedOnToolsVersion = 15.1;
						TestTargetID = 535F1BCC2B4A8F1400C78D98;
					};
				};
			};
			buildConfigurationList = 535F1BC82B4A8F1400C78D98 /* Build configuration list for PBXProject "Harmony" */;
			compatibilityVersion = "Xcode 14.0";
			developmentRegion = en;
			hasScannedForEncodings = 0;
			knownRegions = (
				en,
				Base,
			);
			mainGroup = 535F1BC42B4A8F1400C78D98;
			packageReferences = (
				5350541F2B64142200D7EAF2 /* XCRemoteSwiftPackageReference "swift-collections" */,
				535054222B64180C00D7EAF2 /* XCRemoteSwiftPackageReference "realm-swift" */,
			);
			productRefGroup = 535F1BCE2B4A8F1400C78D98 /* Products */;
			projectDirPath = "";
			projectRoot = "";
			targets = (
				535F1BCC2B4A8F1400C78D98 /* Harmony */,
				535F1BDD2B4A8F1600C78D98 /* HarmonyTests */,
				535F1BE72B4A8F1600C78D98 /* HarmonyUITests */,
				535053282B5955C800D7EAF2 /* HarmonyKit */,
				535053312B5955C800D7EAF2 /* HarmonyKitTests */,
			);
		};
/* End PBXProject section */

/* Begin PBXResourcesBuildPhase section */
		535053272B5955C800D7EAF2 /* Resources */ = {
			isa = PBXResourcesBuildPhase;
			buildActionMask = 2147483647;
			files = (
			);
			runOnlyForDeploymentPostprocessing = 0;
		};
		535053302B5955C800D7EAF2 /* Resources */ = {
			isa = PBXResourcesBuildPhase;
			buildActionMask = 2147483647;
			files = (
				535053712B5A9A7500D7EAF2 /* Free_Test_Data_1MB_MP3.mp3 in Resources */,
			);
			runOnlyForDeploymentPostprocessing = 0;
		};
		535F1BCB2B4A8F1400C78D98 /* Resources */ = {
			isa = PBXResourcesBuildPhase;
			buildActionMask = 2147483647;
			files = (
				535F1BD92B4A8F1600C78D98 /* Preview Assets.xcassets in Resources */,
				535F1BD52B4A8F1600C78D98 /* Assets.xcassets in Resources */,
			);
			runOnlyForDeploymentPostprocessing = 0;
		};
		535F1BDC2B4A8F1600C78D98 /* Resources */ = {
			isa = PBXResourcesBuildPhase;
			buildActionMask = 2147483647;
			files = (
			);
			runOnlyForDeploymentPostprocessing = 0;
		};
		535F1BE62B4A8F1600C78D98 /* Resources */ = {
			isa = PBXResourcesBuildPhase;
			buildActionMask = 2147483647;
			files = (
			);
			runOnlyForDeploymentPostprocessing = 0;
		};
/* End PBXResourcesBuildPhase section */

/* Begin PBXSourcesBuildPhase section */
		535053252B5955C800D7EAF2 /* Sources */ = {
			isa = PBXSourcesBuildPhase;
			buildActionMask = 2147483647;
			files = (
				5350541D2B63C71400D7EAF2 /* BackendPresentable.swift in Sources */,
				535053F42B6239AC00D7EAF2 /* FilePickerRepresentable.swift in Sources */,
				535053782B5AB24500D7EAF2 /* AVAsset+Extension.swift in Sources */,
				535053522B5955F900D7EAF2 /* LocalFileUtils.swift in Sources */,
				535053882B5BCD0200D7EAF2 /* BackendDescription.swift in Sources */,
				5350538D2B5BD1A700D7EAF2 /* FilePlayability.swift in Sources */,
				535053512B5955F900D7EAF2 /* Song.swift in Sources */,
				535053922B5BD41200D7EAF2 /* AvailableBackends.swift in Sources */,
				535053FF2B62892500D7EAF2 /* AVPlayer+Extension.swift in Sources */,
				535053552B5955F900D7EAF2 /* LocalBackend.swift in Sources */,
				535053622B5975A100D7EAF2 /* Logger+Extension.swift in Sources */,
				535053502B5955F900D7EAF2 /* HarmonyKit.docc in Sources */,
				535053542B5955F900D7EAF2 /* Backend.swift in Sources */,
			);
			runOnlyForDeploymentPostprocessing = 0;
		};
		5350532E2B5955C800D7EAF2 /* Sources */ = {
			isa = PBXSourcesBuildPhase;
			buildActionMask = 2147483647;
			files = (
				535053642B5A416900D7EAF2 /* SongTest.swift in Sources */,
				5350535B2B59565400D7EAF2 /* LocalBackendTests.swift in Sources */,
				5350535C2B59565400D7EAF2 /* FilePlayabilityTests.swift in Sources */,
				535053902B5BD32200D7EAF2 /* LocalFileUtilsTests.swift in Sources */,
			);
			runOnlyForDeploymentPostprocessing = 0;
		};
		535F1BC92B4A8F1400C78D98 /* Sources */ = {
			isa = PBXSourcesBuildPhase;
			buildActionMask = 2147483647;
			files = (
				535053962B5BE96800D7EAF2 /* BackendConfigurationView.swift in Sources */,
				5350540F2B63A12800D7EAF2 /* PlayButton.swift in Sources */,
				535F1BD32B4A8F1400C78D98 /* ContentView.swift in Sources */,
				535054152B63A3AD00D7EAF2 /* ShuffleButton.swift in Sources */,
				535054112B63A1EB00D7EAF2 /* ChangeSongButton.swift in Sources */,
				535053942B5BDA7500D7EAF2 /* BackendChoiceListItemView.swift in Sources */,
				535054322B66248C00D7EAF2 /* ConfiguredBackendsListView.swift in Sources */,
				535053732B5AA61A00D7EAF2 /* SongsTable.swift in Sources */,
				535054062B6357DC00D7EAF2 /* PlayerButtonStackView.swift in Sources */,
				535054282B641A8900D7EAF2 /* DatabaseManager.swift in Sources */,
				5350542A2B641FAB00D7EAF2 /* DatabaseSong.swift in Sources */,
				5350537C2B5BB1FE00D7EAF2 /* Sidebar.swift in Sources */,
				535054192B63A4AA00D7EAF2 /* QueueButton.swift in Sources */,
				535053812B5BBDC000D7EAF2 /* SettingsView.swift in Sources */,
				5350539B2B5D026F00D7EAF2 /* BackendConfigurationUtils.swift in Sources */,
				5350540C2B63972C00D7EAF2 /* PlayerCurrentSongView.swift in Sources */,
				535053862B5BC98B00D7EAF2 /* BackendChoiceView.swift in Sources */,
				535053832B5BC28E00D7EAF2 /* BackendsSettingsView.swift in Sources */,
				535053A02B5D1CC700D7EAF2 /* BackendsModel.swift in Sources */,
				535F1BD12B4A8F1400C78D98 /* HarmonyApp.swift in Sources */,
				535054172B63A3F500D7EAF2 /* RepeatButton.swift in Sources */,
				535053982B5CF4C900D7EAF2 /* BackendConfigurationFieldView.swift in Sources */,
				535053F02B62186F00D7EAF2 /* SettingsSheet.swift in Sources */,
				5350540A2B63939C00D7EAF2 /* PlayerQueueView.swift in Sources */,
				5350542B2B64293600D7EAF2 /* SyncController.swift in Sources */,
				535054042B6356EF00D7EAF2 /* Logger+Extension.swift in Sources */,
				535054082B635A0B00D7EAF2 /* PlayerScrubberView.swift in Sources */,
				535054012B62D98200D7EAF2 /* PlayerQueue.swift in Sources */,
				535053F72B625AB100D7EAF2 /* PlayerController.swift in Sources */,
				5350537E2B5BB39000D7EAF2 /* DetailColumn.swift in Sources */,
				5350541B2B63BBC500D7EAF2 /* ConfiguredBackendsListItemView.swift in Sources */,
				535053FD2B62822F00D7EAF2 /* PlayerControlsView.swift in Sources */,
			);
			runOnlyForDeploymentPostprocessing = 0;
		};
		535F1BDA2B4A8F1600C78D98 /* Sources */ = {
			isa = PBXSourcesBuildPhase;
			buildActionMask = 2147483647;
			files = (
				535F1BE32B4A8F1600C78D98 /* HarmonyTests.swift in Sources */,
			);
			runOnlyForDeploymentPostprocessing = 0;
		};
		535F1BE42B4A8F1600C78D98 /* Sources */ = {
			isa = PBXSourcesBuildPhase;
			buildActionMask = 2147483647;
			files = (
				535F1BED2B4A8F1600C78D98 /* HarmonyUITests.swift in Sources */,
				535F1BEF2B4A8F1600C78D98 /* HarmonyUITestsLaunchTests.swift in Sources */,
			);
			runOnlyForDeploymentPostprocessing = 0;
		};
/* End PBXSourcesBuildPhase section */

/* Begin PBXTargetDependency section */
		535053352B5955C900D7EAF2 /* PBXTargetDependency */ = {
			isa = PBXTargetDependency;
			target = 535053282B5955C800D7EAF2 /* HarmonyKit */;
			targetProxy = 535053342B5955C900D7EAF2 /* PBXContainerItemProxy */;
		};
		535053372B5955C900D7EAF2 /* PBXTargetDependency */ = {
			isa = PBXTargetDependency;
			target = 535F1BCC2B4A8F1400C78D98 /* Harmony */;
			targetProxy = 535053362B5955C900D7EAF2 /* PBXContainerItemProxy */;
		};
		5350533D2B5955C900D7EAF2 /* PBXTargetDependency */ = {
			isa = PBXTargetDependency;
			target = 535053282B5955C800D7EAF2 /* HarmonyKit */;
			targetProxy = 5350533C2B5955C900D7EAF2 /* PBXContainerItemProxy */;
		};
		535F1BE02B4A8F1600C78D98 /* PBXTargetDependency */ = {
			isa = PBXTargetDependency;
			target = 535F1BCC2B4A8F1400C78D98 /* Harmony */;
			targetProxy = 535F1BDF2B4A8F1600C78D98 /* PBXContainerItemProxy */;
		};
		535F1BEA2B4A8F1600C78D98 /* PBXTargetDependency */ = {
			isa = PBXTargetDependency;
			target = 535F1BCC2B4A8F1400C78D98 /* Harmony */;
			targetProxy = 535F1BE92B4A8F1600C78D98 /* PBXContainerItemProxy */;
		};
/* End PBXTargetDependency section */

/* Begin XCBuildConfiguration section */
		535053412B5955C900D7EAF2 /* Debug */ = {
			isa = XCBuildConfiguration;
			buildSettings = {
				CODE_SIGN_STYLE = Automatic;
				CURRENT_PROJECT_VERSION = 1;
				DEFINES_MODULE = YES;
				DEVELOPMENT_TEAM = R337PH2DQX;
				DYLIB_COMPATIBILITY_VERSION = 1;
				DYLIB_CURRENT_VERSION = 1;
				DYLIB_INSTALL_NAME_BASE = "@rpath";
				ENABLE_MODULE_VERIFIER = YES;
				GENERATE_INFOPLIST_FILE = YES;
				INFOPLIST_KEY_NSHumanReadableCopyright = "";
				INSTALL_PATH = "$(LOCAL_LIBRARY_DIR)/Frameworks";
				IPHONEOS_DEPLOYMENT_TARGET = 17.2;
				LD_RUNPATH_SEARCH_PATHS = (
					"@executable_path/Frameworks",
					"@loader_path/Frameworks",
				);
				"LD_RUNPATH_SEARCH_PATHS[sdk=macosx*]" = (
					"@executable_path/../Frameworks",
					"@loader_path/Frameworks",
				);
				MACOSX_DEPLOYMENT_TARGET = 14.0;
				MARKETING_VERSION = 1.0;
				MODULE_VERIFIER_SUPPORTED_LANGUAGES = "objective-c objective-c++";
				MODULE_VERIFIER_SUPPORTED_LANGUAGE_STANDARDS = "gnu17 gnu++20";
				PRODUCT_BUNDLE_IDENTIFIER = com.claucambra.HarmonyKit;
				PRODUCT_NAME = "$(TARGET_NAME:c99extidentifier)";
				SDKROOT = auto;
				SKIP_INSTALL = YES;
				SUPPORTED_PLATFORMS = "iphoneos iphonesimulator macosx";
				SWIFT_EMIT_LOC_STRINGS = YES;
				SWIFT_VERSION = 5.0;
				TARGETED_DEVICE_FAMILY = "1,2";
				VERSIONING_SYSTEM = "apple-generic";
				VERSION_INFO_PREFIX = "";
			};
			name = Debug;
		};
		535053422B5955C900D7EAF2 /* Release */ = {
			isa = XCBuildConfiguration;
			buildSettings = {
				CODE_SIGN_STYLE = Automatic;
				CURRENT_PROJECT_VERSION = 1;
				DEFINES_MODULE = YES;
				DEVELOPMENT_TEAM = R337PH2DQX;
				DYLIB_COMPATIBILITY_VERSION = 1;
				DYLIB_CURRENT_VERSION = 1;
				DYLIB_INSTALL_NAME_BASE = "@rpath";
				ENABLE_MODULE_VERIFIER = YES;
				GENERATE_INFOPLIST_FILE = YES;
				INFOPLIST_KEY_NSHumanReadableCopyright = "";
				INSTALL_PATH = "$(LOCAL_LIBRARY_DIR)/Frameworks";
				IPHONEOS_DEPLOYMENT_TARGET = 17.2;
				LD_RUNPATH_SEARCH_PATHS = (
					"@executable_path/Frameworks",
					"@loader_path/Frameworks",
				);
				"LD_RUNPATH_SEARCH_PATHS[sdk=macosx*]" = (
					"@executable_path/../Frameworks",
					"@loader_path/Frameworks",
				);
				MACOSX_DEPLOYMENT_TARGET = 14.0;
				MARKETING_VERSION = 1.0;
				MODULE_VERIFIER_SUPPORTED_LANGUAGES = "objective-c objective-c++";
				MODULE_VERIFIER_SUPPORTED_LANGUAGE_STANDARDS = "gnu17 gnu++20";
				PRODUCT_BUNDLE_IDENTIFIER = com.claucambra.HarmonyKit;
				PRODUCT_NAME = "$(TARGET_NAME:c99extidentifier)";
				SDKROOT = auto;
				SKIP_INSTALL = YES;
				SUPPORTED_PLATFORMS = "iphoneos iphonesimulator macosx";
				SWIFT_EMIT_LOC_STRINGS = YES;
				SWIFT_VERSION = 5.0;
				TARGETED_DEVICE_FAMILY = "1,2";
				VERSIONING_SYSTEM = "apple-generic";
				VERSION_INFO_PREFIX = "";
			};
			name = Release;
		};
		535053452B5955C900D7EAF2 /* Debug */ = {
			isa = XCBuildConfiguration;
			buildSettings = {
				ALWAYS_EMBED_SWIFT_STANDARD_LIBRARIES = YES;
				CODE_SIGN_STYLE = Automatic;
				CURRENT_PROJECT_VERSION = 1;
				DEVELOPMENT_TEAM = R337PH2DQX;
				GENERATE_INFOPLIST_FILE = YES;
				IPHONEOS_DEPLOYMENT_TARGET = 17.2;
				MACOSX_DEPLOYMENT_TARGET = 14.2;
				MARKETING_VERSION = 1.0;
				PRODUCT_BUNDLE_IDENTIFIER = com.claucambra.HarmonyKitTests;
				PRODUCT_NAME = "$(TARGET_NAME)";
				SDKROOT = auto;
				SUPPORTED_PLATFORMS = "iphoneos iphonesimulator macosx";
				SWIFT_EMIT_LOC_STRINGS = NO;
				SWIFT_VERSION = 5.0;
				TARGETED_DEVICE_FAMILY = "1,2";
				TEST_HOST = "$(BUILT_PRODUCTS_DIR)/Harmony.app/$(BUNDLE_EXECUTABLE_FOLDER_PATH)/Harmony";
			};
			name = Debug;
		};
		535053462B5955C900D7EAF2 /* Release */ = {
			isa = XCBuildConfiguration;
			buildSettings = {
				ALWAYS_EMBED_SWIFT_STANDARD_LIBRARIES = YES;
				CODE_SIGN_STYLE = Automatic;
				CURRENT_PROJECT_VERSION = 1;
				DEVELOPMENT_TEAM = R337PH2DQX;
				GENERATE_INFOPLIST_FILE = YES;
				IPHONEOS_DEPLOYMENT_TARGET = 17.2;
				MACOSX_DEPLOYMENT_TARGET = 14.2;
				MARKETING_VERSION = 1.0;
				PRODUCT_BUNDLE_IDENTIFIER = com.claucambra.HarmonyKitTests;
				PRODUCT_NAME = "$(TARGET_NAME)";
				SDKROOT = auto;
				SUPPORTED_PLATFORMS = "iphoneos iphonesimulator macosx";
				SWIFT_EMIT_LOC_STRINGS = NO;
				SWIFT_VERSION = 5.0;
				TARGETED_DEVICE_FAMILY = "1,2";
				TEST_HOST = "$(BUILT_PRODUCTS_DIR)/Harmony.app/$(BUNDLE_EXECUTABLE_FOLDER_PATH)/Harmony";
			};
			name = Release;
		};
		535F1BF02B4A8F1600C78D98 /* Debug */ = {
			isa = XCBuildConfiguration;
			buildSettings = {
				ALWAYS_SEARCH_USER_PATHS = NO;
				ASSETCATALOG_COMPILER_GENERATE_SWIFT_ASSET_SYMBOL_EXTENSIONS = YES;
				CLANG_ANALYZER_NONNULL = YES;
				CLANG_ANALYZER_NUMBER_OBJECT_CONVERSION = YES_AGGRESSIVE;
				CLANG_CXX_LANGUAGE_STANDARD = "gnu++20";
				CLANG_ENABLE_MODULES = YES;
				CLANG_ENABLE_OBJC_ARC = YES;
				CLANG_ENABLE_OBJC_WEAK = YES;
				CLANG_WARN_BLOCK_CAPTURE_AUTORELEASING = YES;
				CLANG_WARN_BOOL_CONVERSION = YES;
				CLANG_WARN_COMMA = YES;
				CLANG_WARN_CONSTANT_CONVERSION = YES;
				CLANG_WARN_DEPRECATED_OBJC_IMPLEMENTATIONS = YES;
				CLANG_WARN_DIRECT_OBJC_ISA_USAGE = YES_ERROR;
				CLANG_WARN_DOCUMENTATION_COMMENTS = YES;
				CLANG_WARN_EMPTY_BODY = YES;
				CLANG_WARN_ENUM_CONVERSION = YES;
				CLANG_WARN_INFINITE_RECURSION = YES;
				CLANG_WARN_INT_CONVERSION = YES;
				CLANG_WARN_NON_LITERAL_NULL_CONVERSION = YES;
				CLANG_WARN_OBJC_IMPLICIT_RETAIN_SELF = YES;
				CLANG_WARN_OBJC_LITERAL_CONVERSION = YES;
				CLANG_WARN_OBJC_ROOT_CLASS = YES_ERROR;
				CLANG_WARN_QUOTED_INCLUDE_IN_FRAMEWORK_HEADER = YES;
				CLANG_WARN_RANGE_LOOP_ANALYSIS = YES;
				CLANG_WARN_STRICT_PROTOTYPES = YES;
				CLANG_WARN_SUSPICIOUS_MOVE = YES;
				CLANG_WARN_UNGUARDED_AVAILABILITY = YES_AGGRESSIVE;
				CLANG_WARN_UNREACHABLE_CODE = YES;
				CLANG_WARN__DUPLICATE_METHOD_MATCH = YES;
				COPY_PHASE_STRIP = NO;
				DEAD_CODE_STRIPPING = YES;
				DEBUG_INFORMATION_FORMAT = dwarf;
				ENABLE_STRICT_OBJC_MSGSEND = YES;
				ENABLE_TESTABILITY = YES;
				ENABLE_USER_SCRIPT_SANDBOXING = YES;
				GCC_C_LANGUAGE_STANDARD = gnu17;
				GCC_DYNAMIC_NO_PIC = NO;
				GCC_NO_COMMON_BLOCKS = YES;
				GCC_OPTIMIZATION_LEVEL = 0;
				GCC_PREPROCESSOR_DEFINITIONS = (
					"DEBUG=1",
					"$(inherited)",
				);
				GCC_WARN_64_TO_32_BIT_CONVERSION = YES;
				GCC_WARN_ABOUT_RETURN_TYPE = YES_ERROR;
				GCC_WARN_UNDECLARED_SELECTOR = YES;
				GCC_WARN_UNINITIALIZED_AUTOS = YES_AGGRESSIVE;
				GCC_WARN_UNUSED_FUNCTION = YES;
				GCC_WARN_UNUSED_VARIABLE = YES;
				LOCALIZATION_PREFERS_STRING_CATALOGS = YES;
				MTL_ENABLE_DEBUG_INFO = INCLUDE_SOURCE;
				MTL_FAST_MATH = YES;
				ONLY_ACTIVE_ARCH = YES;
				SWIFT_ACTIVE_COMPILATION_CONDITIONS = "DEBUG $(inherited)";
				SWIFT_OPTIMIZATION_LEVEL = "-Onone";
			};
			name = Debug;
		};
		535F1BF12B4A8F1600C78D98 /* Release */ = {
			isa = XCBuildConfiguration;
			buildSettings = {
				ALWAYS_SEARCH_USER_PATHS = NO;
				ASSETCATALOG_COMPILER_GENERATE_SWIFT_ASSET_SYMBOL_EXTENSIONS = YES;
				CLANG_ANALYZER_NONNULL = YES;
				CLANG_ANALYZER_NUMBER_OBJECT_CONVERSION = YES_AGGRESSIVE;
				CLANG_CXX_LANGUAGE_STANDARD = "gnu++20";
				CLANG_ENABLE_MODULES = YES;
				CLANG_ENABLE_OBJC_ARC = YES;
				CLANG_ENABLE_OBJC_WEAK = YES;
				CLANG_WARN_BLOCK_CAPTURE_AUTORELEASING = YES;
				CLANG_WARN_BOOL_CONVERSION = YES;
				CLANG_WARN_COMMA = YES;
				CLANG_WARN_CONSTANT_CONVERSION = YES;
				CLANG_WARN_DEPRECATED_OBJC_IMPLEMENTATIONS = YES;
				CLANG_WARN_DIRECT_OBJC_ISA_USAGE = YES_ERROR;
				CLANG_WARN_DOCUMENTATION_COMMENTS = YES;
				CLANG_WARN_EMPTY_BODY = YES;
				CLANG_WARN_ENUM_CONVERSION = YES;
				CLANG_WARN_INFINITE_RECURSION = YES;
				CLANG_WARN_INT_CONVERSION = YES;
				CLANG_WARN_NON_LITERAL_NULL_CONVERSION = YES;
				CLANG_WARN_OBJC_IMPLICIT_RETAIN_SELF = YES;
				CLANG_WARN_OBJC_LITERAL_CONVERSION = YES;
				CLANG_WARN_OBJC_ROOT_CLASS = YES_ERROR;
				CLANG_WARN_QUOTED_INCLUDE_IN_FRAMEWORK_HEADER = YES;
				CLANG_WARN_RANGE_LOOP_ANALYSIS = YES;
				CLANG_WARN_STRICT_PROTOTYPES = YES;
				CLANG_WARN_SUSPICIOUS_MOVE = YES;
				CLANG_WARN_UNGUARDED_AVAILABILITY = YES_AGGRESSIVE;
				CLANG_WARN_UNREACHABLE_CODE = YES;
				CLANG_WARN__DUPLICATE_METHOD_MATCH = YES;
				COPY_PHASE_STRIP = NO;
				DEAD_CODE_STRIPPING = YES;
				DEBUG_INFORMATION_FORMAT = "dwarf-with-dsym";
				ENABLE_NS_ASSERTIONS = NO;
				ENABLE_STRICT_OBJC_MSGSEND = YES;
				ENABLE_USER_SCRIPT_SANDBOXING = YES;
				GCC_C_LANGUAGE_STANDARD = gnu17;
				GCC_NO_COMMON_BLOCKS = YES;
				GCC_WARN_64_TO_32_BIT_CONVERSION = YES;
				GCC_WARN_ABOUT_RETURN_TYPE = YES_ERROR;
				GCC_WARN_UNDECLARED_SELECTOR = YES;
				GCC_WARN_UNINITIALIZED_AUTOS = YES_AGGRESSIVE;
				GCC_WARN_UNUSED_FUNCTION = YES;
				GCC_WARN_UNUSED_VARIABLE = YES;
				LOCALIZATION_PREFERS_STRING_CATALOGS = YES;
				MTL_ENABLE_DEBUG_INFO = NO;
				MTL_FAST_MATH = YES;
				SWIFT_COMPILATION_MODE = wholemodule;
			};
			name = Release;
		};
		535F1BF32B4A8F1600C78D98 /* Debug */ = {
			isa = XCBuildConfiguration;
			buildSettings = {
				ALWAYS_EMBED_SWIFT_STANDARD_LIBRARIES = YES;
				ASSETCATALOG_COMPILER_APPICON_NAME = AppIcon;
				ASSETCATALOG_COMPILER_GLOBAL_ACCENT_COLOR_NAME = AccentColor;
				CODE_SIGN_ENTITLEMENTS = Harmony/Harmony.entitlements;
				CODE_SIGN_STYLE = Automatic;
				CURRENT_PROJECT_VERSION = 1;
				DEAD_CODE_STRIPPING = YES;
				DEVELOPMENT_ASSET_PATHS = "\"Harmony/Preview Content\"";
				DEVELOPMENT_TEAM = R337PH2DQX;
				ENABLE_HARDENED_RUNTIME = YES;
				ENABLE_PREVIEWS = YES;
				GENERATE_INFOPLIST_FILE = YES;
				INFOPLIST_FILE = Harmony/Info.plist;
				"INFOPLIST_KEY_UIApplicationSceneManifest_Generation[sdk=iphoneos*]" = YES;
				"INFOPLIST_KEY_UIApplicationSceneManifest_Generation[sdk=iphonesimulator*]" = YES;
				"INFOPLIST_KEY_UIApplicationSupportsIndirectInputEvents[sdk=iphoneos*]" = YES;
				"INFOPLIST_KEY_UIApplicationSupportsIndirectInputEvents[sdk=iphonesimulator*]" = YES;
				"INFOPLIST_KEY_UILaunchScreen_Generation[sdk=iphoneos*]" = YES;
				"INFOPLIST_KEY_UILaunchScreen_Generation[sdk=iphonesimulator*]" = YES;
				"INFOPLIST_KEY_UIStatusBarStyle[sdk=iphoneos*]" = UIStatusBarStyleDefault;
				"INFOPLIST_KEY_UIStatusBarStyle[sdk=iphonesimulator*]" = UIStatusBarStyleDefault;
				INFOPLIST_KEY_UISupportedInterfaceOrientations_iPad = "UIInterfaceOrientationPortrait UIInterfaceOrientationPortraitUpsideDown UIInterfaceOrientationLandscapeLeft UIInterfaceOrientationLandscapeRight";
				INFOPLIST_KEY_UISupportedInterfaceOrientations_iPhone = "UIInterfaceOrientationPortrait UIInterfaceOrientationLandscapeLeft UIInterfaceOrientationLandscapeRight";
				IPHONEOS_DEPLOYMENT_TARGET = 17.2;
				LD_RUNPATH_SEARCH_PATHS = "@executable_path/Frameworks";
				"LD_RUNPATH_SEARCH_PATHS[sdk=macosx*]" = "@executable_path/../Frameworks";
				MACOSX_DEPLOYMENT_TARGET = 14.0;
				MARKETING_VERSION = 1.0;
				PRODUCT_BUNDLE_IDENTIFIER = com.claucambra.Harmony;
				PRODUCT_NAME = "$(TARGET_NAME)";
				SDKROOT = auto;
				SUPPORTED_PLATFORMS = "iphoneos iphonesimulator macosx";
				SWIFT_EMIT_LOC_STRINGS = YES;
				SWIFT_VERSION = 5.0;
				TARGETED_DEVICE_FAMILY = "1,2";
			};
			name = Debug;
		};
		535F1BF42B4A8F1600C78D98 /* Release */ = {
			isa = XCBuildConfiguration;
			buildSettings = {
				ALWAYS_EMBED_SWIFT_STANDARD_LIBRARIES = YES;
				ASSETCATALOG_COMPILER_APPICON_NAME = AppIcon;
				ASSETCATALOG_COMPILER_GLOBAL_ACCENT_COLOR_NAME = AccentColor;
				CODE_SIGN_ENTITLEMENTS = Harmony/Harmony.entitlements;
				CODE_SIGN_STYLE = Automatic;
				CURRENT_PROJECT_VERSION = 1;
				DEAD_CODE_STRIPPING = YES;
				DEVELOPMENT_ASSET_PATHS = "\"Harmony/Preview Content\"";
				DEVELOPMENT_TEAM = R337PH2DQX;
				ENABLE_HARDENED_RUNTIME = YES;
				ENABLE_PREVIEWS = YES;
				GENERATE_INFOPLIST_FILE = YES;
				INFOPLIST_FILE = Harmony/Info.plist;
				"INFOPLIST_KEY_UIApplicationSceneManifest_Generation[sdk=iphoneos*]" = YES;
				"INFOPLIST_KEY_UIApplicationSceneManifest_Generation[sdk=iphonesimulator*]" = YES;
				"INFOPLIST_KEY_UIApplicationSupportsIndirectInputEvents[sdk=iphoneos*]" = YES;
				"INFOPLIST_KEY_UIApplicationSupportsIndirectInputEvents[sdk=iphonesimulator*]" = YES;
				"INFOPLIST_KEY_UILaunchScreen_Generation[sdk=iphoneos*]" = YES;
				"INFOPLIST_KEY_UILaunchScreen_Generation[sdk=iphonesimulator*]" = YES;
				"INFOPLIST_KEY_UIStatusBarStyle[sdk=iphoneos*]" = UIStatusBarStyleDefault;
				"INFOPLIST_KEY_UIStatusBarStyle[sdk=iphonesimulator*]" = UIStatusBarStyleDefault;
				INFOPLIST_KEY_UISupportedInterfaceOrientations_iPad = "UIInterfaceOrientationPortrait UIInterfaceOrientationPortraitUpsideDown UIInterfaceOrientationLandscapeLeft UIInterfaceOrientationLandscapeRight";
				INFOPLIST_KEY_UISupportedInterfaceOrientations_iPhone = "UIInterfaceOrientationPortrait UIInterfaceOrientationLandscapeLeft UIInterfaceOrientationLandscapeRight";
				IPHONEOS_DEPLOYMENT_TARGET = 17.2;
				LD_RUNPATH_SEARCH_PATHS = "@executable_path/Frameworks";
				"LD_RUNPATH_SEARCH_PATHS[sdk=macosx*]" = "@executable_path/../Frameworks";
				MACOSX_DEPLOYMENT_TARGET = 14.0;
				MARKETING_VERSION = 1.0;
				PRODUCT_BUNDLE_IDENTIFIER = com.claucambra.Harmony;
				PRODUCT_NAME = "$(TARGET_NAME)";
				SDKROOT = auto;
				SUPPORTED_PLATFORMS = "iphoneos iphonesimulator macosx";
				SWIFT_EMIT_LOC_STRINGS = YES;
				SWIFT_VERSION = 5.0;
				TARGETED_DEVICE_FAMILY = "1,2";
			};
			name = Release;
		};
		535F1BF62B4A8F1600C78D98 /* Debug */ = {
			isa = XCBuildConfiguration;
			buildSettings = {
				ALWAYS_EMBED_SWIFT_STANDARD_LIBRARIES = YES;
				BUNDLE_LOADER = "$(TEST_HOST)";
				CODE_SIGN_STYLE = Automatic;
				CURRENT_PROJECT_VERSION = 1;
				DEAD_CODE_STRIPPING = YES;
				DEVELOPMENT_TEAM = R337PH2DQX;
				GENERATE_INFOPLIST_FILE = YES;
				IPHONEOS_DEPLOYMENT_TARGET = 17.2;
				MACOSX_DEPLOYMENT_TARGET = 14.1;
				MARKETING_VERSION = 1.0;
				PRODUCT_BUNDLE_IDENTIFIER = com.claucambra.HarmonyTests;
				PRODUCT_NAME = "$(TARGET_NAME)";
				SDKROOT = auto;
				SUPPORTED_PLATFORMS = "iphoneos iphonesimulator macosx";
				SWIFT_EMIT_LOC_STRINGS = NO;
				SWIFT_VERSION = 5.0;
				TARGETED_DEVICE_FAMILY = "1,2";
				TEST_HOST = "$(BUILT_PRODUCTS_DIR)/Harmony.app/$(BUNDLE_EXECUTABLE_FOLDER_PATH)/Harmony";
			};
			name = Debug;
		};
		535F1BF72B4A8F1600C78D98 /* Release */ = {
			isa = XCBuildConfiguration;
			buildSettings = {
				ALWAYS_EMBED_SWIFT_STANDARD_LIBRARIES = YES;
				BUNDLE_LOADER = "$(TEST_HOST)";
				CODE_SIGN_STYLE = Automatic;
				CURRENT_PROJECT_VERSION = 1;
				DEAD_CODE_STRIPPING = YES;
				DEVELOPMENT_TEAM = R337PH2DQX;
				GENERATE_INFOPLIST_FILE = YES;
				IPHONEOS_DEPLOYMENT_TARGET = 17.2;
				MACOSX_DEPLOYMENT_TARGET = 14.1;
				MARKETING_VERSION = 1.0;
				PRODUCT_BUNDLE_IDENTIFIER = com.claucambra.HarmonyTests;
				PRODUCT_NAME = "$(TARGET_NAME)";
				SDKROOT = auto;
				SUPPORTED_PLATFORMS = "iphoneos iphonesimulator macosx";
				SWIFT_EMIT_LOC_STRINGS = NO;
				SWIFT_VERSION = 5.0;
				TARGETED_DEVICE_FAMILY = "1,2";
				TEST_HOST = "$(BUILT_PRODUCTS_DIR)/Harmony.app/$(BUNDLE_EXECUTABLE_FOLDER_PATH)/Harmony";
			};
			name = Release;
		};
		535F1BF92B4A8F1600C78D98 /* Debug */ = {
			isa = XCBuildConfiguration;
			buildSettings = {
				ALWAYS_EMBED_SWIFT_STANDARD_LIBRARIES = YES;
				CODE_SIGN_STYLE = Automatic;
				CURRENT_PROJECT_VERSION = 1;
				DEAD_CODE_STRIPPING = YES;
				DEVELOPMENT_TEAM = R337PH2DQX;
				GENERATE_INFOPLIST_FILE = YES;
				IPHONEOS_DEPLOYMENT_TARGET = 17.2;
				MACOSX_DEPLOYMENT_TARGET = 14.1;
				MARKETING_VERSION = 1.0;
				PRODUCT_BUNDLE_IDENTIFIER = com.claucambra.HarmonyUITests;
				PRODUCT_NAME = "$(TARGET_NAME)";
				SDKROOT = auto;
				SUPPORTED_PLATFORMS = "iphoneos iphonesimulator macosx";
				SWIFT_EMIT_LOC_STRINGS = NO;
				SWIFT_VERSION = 5.0;
				TARGETED_DEVICE_FAMILY = "1,2";
				TEST_TARGET_NAME = Harmony;
			};
			name = Debug;
		};
		535F1BFA2B4A8F1600C78D98 /* Release */ = {
			isa = XCBuildConfiguration;
			buildSettings = {
				ALWAYS_EMBED_SWIFT_STANDARD_LIBRARIES = YES;
				CODE_SIGN_STYLE = Automatic;
				CURRENT_PROJECT_VERSION = 1;
				DEAD_CODE_STRIPPING = YES;
				DEVELOPMENT_TEAM = R337PH2DQX;
				GENERATE_INFOPLIST_FILE = YES;
				IPHONEOS_DEPLOYMENT_TARGET = 17.2;
				MACOSX_DEPLOYMENT_TARGET = 14.1;
				MARKETING_VERSION = 1.0;
				PRODUCT_BUNDLE_IDENTIFIER = com.claucambra.HarmonyUITests;
				PRODUCT_NAME = "$(TARGET_NAME)";
				SDKROOT = auto;
				SUPPORTED_PLATFORMS = "iphoneos iphonesimulator macosx";
				SWIFT_EMIT_LOC_STRINGS = NO;
				SWIFT_VERSION = 5.0;
				TARGETED_DEVICE_FAMILY = "1,2";
				TEST_TARGET_NAME = Harmony;
			};
			name = Release;
		};
/* End XCBuildConfiguration section */

/* Begin XCConfigurationList section */
		535053402B5955C900D7EAF2 /* Build configuration list for PBXNativeTarget "HarmonyKit" */ = {
			isa = XCConfigurationList;
			buildConfigurations = (
				535053412B5955C900D7EAF2 /* Debug */,
				535053422B5955C900D7EAF2 /* Release */,
			);
			defaultConfigurationIsVisible = 0;
			defaultConfigurationName = Release;
		};
		535053442B5955C900D7EAF2 /* Build configuration list for PBXNativeTarget "HarmonyKitTests" */ = {
			isa = XCConfigurationList;
			buildConfigurations = (
				535053452B5955C900D7EAF2 /* Debug */,
				535053462B5955C900D7EAF2 /* Release */,
			);
			defaultConfigurationIsVisible = 0;
			defaultConfigurationName = Release;
		};
		535F1BC82B4A8F1400C78D98 /* Build configuration list for PBXProject "Harmony" */ = {
			isa = XCConfigurationList;
			buildConfigurations = (
				535F1BF02B4A8F1600C78D98 /* Debug */,
				535F1BF12B4A8F1600C78D98 /* Release */,
			);
			defaultConfigurationIsVisible = 0;
			defaultConfigurationName = Release;
		};
		535F1BF22B4A8F1600C78D98 /* Build configuration list for PBXNativeTarget "Harmony" */ = {
			isa = XCConfigurationList;
			buildConfigurations = (
				535F1BF32B4A8F1600C78D98 /* Debug */,
				535F1BF42B4A8F1600C78D98 /* Release */,
			);
			defaultConfigurationIsVisible = 0;
			defaultConfigurationName = Release;
		};
		535F1BF52B4A8F1600C78D98 /* Build configuration list for PBXNativeTarget "HarmonyTests" */ = {
			isa = XCConfigurationList;
			buildConfigurations = (
				535F1BF62B4A8F1600C78D98 /* Debug */,
				535F1BF72B4A8F1600C78D98 /* Release */,
			);
			defaultConfigurationIsVisible = 0;
			defaultConfigurationName = Release;
		};
		535F1BF82B4A8F1600C78D98 /* Build configuration list for PBXNativeTarget "HarmonyUITests" */ = {
			isa = XCConfigurationList;
			buildConfigurations = (
				535F1BF92B4A8F1600C78D98 /* Debug */,
				535F1BFA2B4A8F1600C78D98 /* Release */,
			);
			defaultConfigurationIsVisible = 0;
			defaultConfigurationName = Release;
		};
/* End XCConfigurationList section */

/* Begin XCRemoteSwiftPackageReference section */
		5350541F2B64142200D7EAF2 /* XCRemoteSwiftPackageReference "swift-collections" */ = {
			isa = XCRemoteSwiftPackageReference;
			repositoryURL = "https://github.com/apple/swift-collections.git";
			requirement = {
				kind = upToNextMajorVersion;
				minimumVersion = 1.0.6;
			};
		};
		535054222B64180C00D7EAF2 /* XCRemoteSwiftPackageReference "realm-swift" */ = {
			isa = XCRemoteSwiftPackageReference;
			repositoryURL = "https://github.com/realm/realm-swift.git";
			requirement = {
				kind = upToNextMajorVersion;
				minimumVersion = 10.46.0;
			};
		};
/* End XCRemoteSwiftPackageReference section */

/* Begin XCSwiftPackageProductDependency section */
		535054202B64142200D7EAF2 /* DequeModule */ = {
			isa = XCSwiftPackageProductDependency;
			package = 5350541F2B64142200D7EAF2 /* XCRemoteSwiftPackageReference "swift-collections" */;
			productName = DequeModule;
		};
		535054232B64180C00D7EAF2 /* Realm */ = {
			isa = XCSwiftPackageProductDependency;
			package = 535054222B64180C00D7EAF2 /* XCRemoteSwiftPackageReference "realm-swift" */;
			productName = Realm;
		};
		535054252B64180C00D7EAF2 /* RealmSwift */ = {
			isa = XCSwiftPackageProductDependency;
			package = 535054222B64180C00D7EAF2 /* XCRemoteSwiftPackageReference "realm-swift" */;
			productName = RealmSwift;
		};
		5350542E2B64E48600D7EAF2 /* OrderedCollections */ = {
			isa = XCSwiftPackageProductDependency;
			package = 5350541F2B64142200D7EAF2 /* XCRemoteSwiftPackageReference "swift-collections" */;
			productName = OrderedCollections;
		};
/* End XCSwiftPackageProductDependency section */
	};
	rootObject = 535F1BC52B4A8F1400C78D98 /* Project object */;
}
